// !$*UTF8*$!
{
	archiveVersion = 1;
	classes = {
	};
	objectVersion = 46;
	objects = {

/* Begin PBXBuildFile section */
		EF4C31347D944409A29D47BF /* libPods-Plug.a in Frameworks */ = {isa = PBXBuildFile; fileRef = 8C87AD95253F47AAA335DADD /* libPods-Plug.a */; };
		FA0B1CBE1976D1480030C873 /* Nav-Feed-Off.png in Resources */ = {isa = PBXBuildFile; fileRef = FA0B1CBA1976D1480030C873 /* Nav-Feed-Off.png */; };
		FA0B1CBF1976D1480030C873 /* Nav-Feed-Off@2x.png in Resources */ = {isa = PBXBuildFile; fileRef = FA0B1CBB1976D1480030C873 /* Nav-Feed-Off@2x.png */; };
		FA0B1CC01976D1480030C873 /* Nav-Feed-On.png in Resources */ = {isa = PBXBuildFile; fileRef = FA0B1CBC1976D1480030C873 /* Nav-Feed-On.png */; };
		FA0B1CC11976D1480030C873 /* Nav-Feed-On@2x.png in Resources */ = {isa = PBXBuildFile; fileRef = FA0B1CBD1976D1480030C873 /* Nav-Feed-On@2x.png */; };
		FA0B1CC61976D1550030C873 /* Nav-Favorites-Off.png in Resources */ = {isa = PBXBuildFile; fileRef = FA0B1CC21976D1550030C873 /* Nav-Favorites-Off.png */; };
		FA0B1CC71976D1550030C873 /* Nav-Favorites-Off@2x.png in Resources */ = {isa = PBXBuildFile; fileRef = FA0B1CC31976D1550030C873 /* Nav-Favorites-Off@2x.png */; };
		FA0B1CC81976D1550030C873 /* Nav-Favorites-On.png in Resources */ = {isa = PBXBuildFile; fileRef = FA0B1CC41976D1550030C873 /* Nav-Favorites-On.png */; };
		FA0B1CC91976D1550030C873 /* Nav-Favorites-On@2x.png in Resources */ = {isa = PBXBuildFile; fileRef = FA0B1CC51976D1550030C873 /* Nav-Favorites-On@2x.png */; };
		FA0B1CCE1976D1630030C873 /* Nav-Latest-Off.png in Resources */ = {isa = PBXBuildFile; fileRef = FA0B1CCA1976D1630030C873 /* Nav-Latest-Off.png */; };
		FA0B1CCF1976D1630030C873 /* Nav-Latest-Off@2x.png in Resources */ = {isa = PBXBuildFile; fileRef = FA0B1CCB1976D1630030C873 /* Nav-Latest-Off@2x.png */; };
		FA0B1CD01976D1630030C873 /* Nav-Latest-On.png in Resources */ = {isa = PBXBuildFile; fileRef = FA0B1CCC1976D1630030C873 /* Nav-Latest-On.png */; };
		FA0B1CD11976D1630030C873 /* Nav-Latest-On@2x.png in Resources */ = {isa = PBXBuildFile; fileRef = FA0B1CCD1976D1630030C873 /* Nav-Latest-On@2x.png */; };
		FA0B1CD61976D16C0030C873 /* Nav-Search-Off.png in Resources */ = {isa = PBXBuildFile; fileRef = FA0B1CD21976D16C0030C873 /* Nav-Search-Off.png */; };
		FA0B1CD71976D16C0030C873 /* Nav-Search-Off@2x.png in Resources */ = {isa = PBXBuildFile; fileRef = FA0B1CD31976D16C0030C873 /* Nav-Search-Off@2x.png */; };
		FA0B1CD81976D16C0030C873 /* Nav-Search-On.png in Resources */ = {isa = PBXBuildFile; fileRef = FA0B1CD41976D16C0030C873 /* Nav-Search-On.png */; };
		FA0B1CD91976D16C0030C873 /* Nav-Search-On@2x.png in Resources */ = {isa = PBXBuildFile; fileRef = FA0B1CD51976D16C0030C873 /* Nav-Search-On@2x.png */; };
		FA0B1CDE1976D1EF0030C873 /* Nav-Blogs-Off.png in Resources */ = {isa = PBXBuildFile; fileRef = FA0B1CDA1976D1EF0030C873 /* Nav-Blogs-Off.png */; };
		FA0B1CDF1976D1EF0030C873 /* Nav-Blogs-Off@2x.png in Resources */ = {isa = PBXBuildFile; fileRef = FA0B1CDB1976D1EF0030C873 /* Nav-Blogs-Off@2x.png */; };
		FA0B1CE01976D1EF0030C873 /* Nav-Blogs-On.png in Resources */ = {isa = PBXBuildFile; fileRef = FA0B1CDC1976D1EF0030C873 /* Nav-Blogs-On.png */; };
		FA0B1CE11976D1EF0030C873 /* Nav-Blogs-On@2x.png in Resources */ = {isa = PBXBuildFile; fileRef = FA0B1CDD1976D1EF0030C873 /* Nav-Blogs-On@2x.png */; };
		FA0B1CE61976D1FD0030C873 /* Nav-Genres-Off.png in Resources */ = {isa = PBXBuildFile; fileRef = FA0B1CE21976D1FD0030C873 /* Nav-Genres-Off.png */; };
		FA0B1CE71976D1FD0030C873 /* Nav-Genres-Off@2x.png in Resources */ = {isa = PBXBuildFile; fileRef = FA0B1CE31976D1FD0030C873 /* Nav-Genres-Off@2x.png */; };
		FA0B1CE81976D1FD0030C873 /* Nav-Genres-On.png in Resources */ = {isa = PBXBuildFile; fileRef = FA0B1CE41976D1FD0030C873 /* Nav-Genres-On.png */; };
		FA0B1CE91976D1FD0030C873 /* Nav-Genres-On@2x.png in Resources */ = {isa = PBXBuildFile; fileRef = FA0B1CE51976D1FD0030C873 /* Nav-Genres-On@2x.png */; };
		FA0B1CEE1976D20A0030C873 /* Nav-Friends-Off.png in Resources */ = {isa = PBXBuildFile; fileRef = FA0B1CEA1976D20A0030C873 /* Nav-Friends-Off.png */; };
		FA0B1CEF1976D20A0030C873 /* Nav-Friends-Off@2x.png in Resources */ = {isa = PBXBuildFile; fileRef = FA0B1CEB1976D20A0030C873 /* Nav-Friends-Off@2x.png */; };
		FA0B1CF01976D20A0030C873 /* Nav-Friends-On.png in Resources */ = {isa = PBXBuildFile; fileRef = FA0B1CEC1976D20A0030C873 /* Nav-Friends-On.png */; };
		FA0B1CF11976D20A0030C873 /* Nav-Friends-On@2x.png in Resources */ = {isa = PBXBuildFile; fileRef = FA0B1CED1976D20A0030C873 /* Nav-Friends-On@2x.png */; };
		FA0B1CF51976D8A70030C873 /* SidebarViewController.swift in Sources */ = {isa = PBXBuildFile; fileRef = FA0B1CF41976D8A70030C873 /* SidebarViewController.swift */; };
		FA0B1CF81976ECF60030C873 /* MainViewController.swift in Sources */ = {isa = PBXBuildFile; fileRef = FA0B1CF61976ECF60030C873 /* MainViewController.swift */; };
		FA24EDA21974A9A500A781C8 /* main.swift in Sources */ = {isa = PBXBuildFile; fileRef = FA24EDA11974A9A500A781C8 /* main.swift */; };
		FA24EDA61974A9A500A781C8 /* AppDelegate.swift in Sources */ = {isa = PBXBuildFile; fileRef = FA24EDA51974A9A500A781C8 /* AppDelegate.swift */; };
		FA24EDA81974A9A500A781C8 /* Images.xcassets in Resources */ = {isa = PBXBuildFile; fileRef = FA24EDA71974A9A500A781C8 /* Images.xcassets */; };
		FA24EDAB1974A9A500A781C8 /* Main.storyboard in Resources */ = {isa = PBXBuildFile; fileRef = FA24EDA91974A9A500A781C8 /* Main.storyboard */; };
		FA24EDB71974A9A500A781C8 /* PlugTests.swift in Sources */ = {isa = PBXBuildFile; fileRef = FA24EDB61974A9A500A781C8 /* PlugTests.swift */; };
		FA24EDC31974ACAA00A781C8 /* PlaylistViewController.swift in Sources */ = {isa = PBXBuildFile; fileRef = FA24EDC21974ACAA00A781C8 /* PlaylistViewController.swift */; };
		FA51262F197608B1004D0776 /* SolidBackgroundColorView.swift in Sources */ = {isa = PBXBuildFile; fileRef = FA51262E197608B1004D0776 /* SolidBackgroundColorView.swift */; };
		FA51263119760B2B004D0776 /* DraggableVisualEffectsView.swift in Sources */ = {isa = PBXBuildFile; fileRef = FA51263019760B2B004D0776 /* DraggableVisualEffectsView.swift */; };
		FA51263319760C7C004D0776 /* TitleBarView.swift in Sources */ = {isa = PBXBuildFile; fileRef = FA51263219760C7C004D0776 /* TitleBarView.swift */; };
		FA51263619761436004D0776 /* NSColor+256ColorValues.swift in Sources */ = {isa = PBXBuildFile; fileRef = FA51263519761436004D0776 /* NSColor+256ColorValues.swift */; };
		FA51263819762F66004D0776 /* NavigationButton.swift in Sources */ = {isa = PBXBuildFile; fileRef = FA51263719762F66004D0776 /* NavigationButton.swift */; };
		FA51263D197632FE004D0776 /* Nav-Popular-Off.png in Resources */ = {isa = PBXBuildFile; fileRef = FA512639197632FE004D0776 /* Nav-Popular-Off.png */; };
		FA51263E197632FE004D0776 /* Nav-Popular-Off@2x.png in Resources */ = {isa = PBXBuildFile; fileRef = FA51263A197632FE004D0776 /* Nav-Popular-Off@2x.png */; };
		FA51263F197632FE004D0776 /* Nav-Popular-On.png in Resources */ = {isa = PBXBuildFile; fileRef = FA51263B197632FE004D0776 /* Nav-Popular-On.png */; };
		FA512640197632FE004D0776 /* Nav-Popular-On@2x.png in Resources */ = {isa = PBXBuildFile; fileRef = FA51263C197632FE004D0776 /* Nav-Popular-On@2x.png */; };
		FA64C69D19764DAA003933E3 /* TrackBack.swift in Sources */ = {isa = PBXBuildFile; fileRef = FA64C69919764DAA003933E3 /* TrackBack.swift */; };
		FA64C69E19764DAA003933E3 /* Blog.swift in Sources */ = {isa = PBXBuildFile; fileRef = FA64C69A19764DAA003933E3 /* Blog.swift */; };
		FA64C69F19764DAA003933E3 /* Playlist.swift in Sources */ = {isa = PBXBuildFile; fileRef = FA64C69B19764DAA003933E3 /* Playlist.swift */; };
		FA64C6A319764DC9003933E3 /* HypeMachineAPI.swift in Sources */ = {isa = PBXBuildFile; fileRef = FA64C6A219764DC9003933E3 /* HypeMachineAPI.swift */; };
		FA64C6A519764E5F003933E3 /* DictHelper.swift in Sources */ = {isa = PBXBuildFile; fileRef = FA64C6A419764E5F003933E3 /* DictHelper.swift */; };
		FA64C6A719764FE9003933E3 /* Constants.swift in Sources */ = {isa = PBXBuildFile; fileRef = FA64C6A619764FE9003933E3 /* Constants.swift */; };
		FA64C6A919765323003933E3 /* Array+contains.swift in Sources */ = {isa = PBXBuildFile; fileRef = FA64C6A819765323003933E3 /* Array+contains.swift */; };
		FA691BFF197654AF008D5C3E /* Track.swift in Sources */ = {isa = PBXBuildFile; fileRef = FA691BFE197654AF008D5C3E /* Track.swift */; };
		FADC96F21974CA0D009458FA /* PlaylistTableCellView.swift in Sources */ = {isa = PBXBuildFile; fileRef = FADC96F11974CA0D009458FA /* PlaylistTableCellView.swift */; };
		FADC96F41974CCFA009458FA /* MainWindow.swift in Sources */ = {isa = PBXBuildFile; fileRef = FADC96F31974CCFA009458FA /* MainWindow.swift */; };
		FADC96F61974D10C009458FA /* DraggableView.swift in Sources */ = {isa = PBXBuildFile; fileRef = FADC96F51974D10C009458FA /* DraggableView.swift */; };
/* End PBXBuildFile section */

/* Begin PBXContainerItemProxy section */
		FA24EDB11974A9A500A781C8 /* PBXContainerItemProxy */ = {
			isa = PBXContainerItemProxy;
			containerPortal = FA24ED941974A9A500A781C8 /* Project object */;
			proxyType = 1;
			remoteGlobalIDString = FA24ED9B1974A9A500A781C8;
			remoteInfo = Plug;
		};
		FAF5071F1975DDFE0097D392 /* PBXContainerItemProxy */ = {
			isa = PBXContainerItemProxy;
			containerPortal = FA24ED941974A9A500A781C8 /* Project object */;
			proxyType = 1;
			remoteGlobalIDString = FA24ED9B1974A9A500A781C8;
			remoteInfo = Plug;
		};
		FAF507211975DDFE0097D392 /* PBXContainerItemProxy */ = {
			isa = PBXContainerItemProxy;
			containerPortal = FA24ED941974A9A500A781C8 /* Project object */;
			proxyType = 1;
			remoteGlobalIDString = FA24ED9B1974A9A500A781C8;
			remoteInfo = Plug;
		};
/* End PBXContainerItemProxy section */

/* Begin PBXFileReference section */
		24264347031C4B3887850063 /* Pods-Plug.xcconfig */ = {isa = PBXFileReference; includeInIndex = 1; lastKnownFileType = text.xcconfig; name = "Pods-Plug.xcconfig"; path = "Pods/Pods-Plug.xcconfig"; sourceTree = "<group>"; };
		8C87AD95253F47AAA335DADD /* libPods-Plug.a */ = {isa = PBXFileReference; explicitFileType = archive.ar; includeInIndex = 0; path = "libPods-Plug.a"; sourceTree = BUILT_PRODUCTS_DIR; };
		FA0B1CBA1976D1480030C873 /* Nav-Feed-Off.png */ = {isa = PBXFileReference; lastKnownFileType = image.png; path = "Nav-Feed-Off.png"; sourceTree = "<group>"; };
		FA0B1CBB1976D1480030C873 /* Nav-Feed-Off@2x.png */ = {isa = PBXFileReference; lastKnownFileType = image.png; path = "Nav-Feed-Off@2x.png"; sourceTree = "<group>"; };
		FA0B1CBC1976D1480030C873 /* Nav-Feed-On.png */ = {isa = PBXFileReference; lastKnownFileType = image.png; path = "Nav-Feed-On.png"; sourceTree = "<group>"; };
		FA0B1CBD1976D1480030C873 /* Nav-Feed-On@2x.png */ = {isa = PBXFileReference; lastKnownFileType = image.png; path = "Nav-Feed-On@2x.png"; sourceTree = "<group>"; };
		FA0B1CC21976D1550030C873 /* Nav-Favorites-Off.png */ = {isa = PBXFileReference; lastKnownFileType = image.png; path = "Nav-Favorites-Off.png"; sourceTree = "<group>"; };
		FA0B1CC31976D1550030C873 /* Nav-Favorites-Off@2x.png */ = {isa = PBXFileReference; lastKnownFileType = image.png; path = "Nav-Favorites-Off@2x.png"; sourceTree = "<group>"; };
		FA0B1CC41976D1550030C873 /* Nav-Favorites-On.png */ = {isa = PBXFileReference; lastKnownFileType = image.png; path = "Nav-Favorites-On.png"; sourceTree = "<group>"; };
		FA0B1CC51976D1550030C873 /* Nav-Favorites-On@2x.png */ = {isa = PBXFileReference; lastKnownFileType = image.png; path = "Nav-Favorites-On@2x.png"; sourceTree = "<group>"; };
		FA0B1CCA1976D1630030C873 /* Nav-Latest-Off.png */ = {isa = PBXFileReference; lastKnownFileType = image.png; path = "Nav-Latest-Off.png"; sourceTree = "<group>"; };
		FA0B1CCB1976D1630030C873 /* Nav-Latest-Off@2x.png */ = {isa = PBXFileReference; lastKnownFileType = image.png; path = "Nav-Latest-Off@2x.png"; sourceTree = "<group>"; };
		FA0B1CCC1976D1630030C873 /* Nav-Latest-On.png */ = {isa = PBXFileReference; lastKnownFileType = image.png; path = "Nav-Latest-On.png"; sourceTree = "<group>"; };
		FA0B1CCD1976D1630030C873 /* Nav-Latest-On@2x.png */ = {isa = PBXFileReference; lastKnownFileType = image.png; path = "Nav-Latest-On@2x.png"; sourceTree = "<group>"; };
		FA0B1CD21976D16C0030C873 /* Nav-Search-Off.png */ = {isa = PBXFileReference; lastKnownFileType = image.png; path = "Nav-Search-Off.png"; sourceTree = "<group>"; };
		FA0B1CD31976D16C0030C873 /* Nav-Search-Off@2x.png */ = {isa = PBXFileReference; lastKnownFileType = image.png; path = "Nav-Search-Off@2x.png"; sourceTree = "<group>"; };
		FA0B1CD41976D16C0030C873 /* Nav-Search-On.png */ = {isa = PBXFileReference; lastKnownFileType = image.png; path = "Nav-Search-On.png"; sourceTree = "<group>"; };
		FA0B1CD51976D16C0030C873 /* Nav-Search-On@2x.png */ = {isa = PBXFileReference; lastKnownFileType = image.png; path = "Nav-Search-On@2x.png"; sourceTree = "<group>"; };
		FA0B1CDA1976D1EF0030C873 /* Nav-Blogs-Off.png */ = {isa = PBXFileReference; lastKnownFileType = image.png; path = "Nav-Blogs-Off.png"; sourceTree = "<group>"; };
		FA0B1CDB1976D1EF0030C873 /* Nav-Blogs-Off@2x.png */ = {isa = PBXFileReference; lastKnownFileType = image.png; path = "Nav-Blogs-Off@2x.png"; sourceTree = "<group>"; };
		FA0B1CDC1976D1EF0030C873 /* Nav-Blogs-On.png */ = {isa = PBXFileReference; lastKnownFileType = image.png; path = "Nav-Blogs-On.png"; sourceTree = "<group>"; };
		FA0B1CDD1976D1EF0030C873 /* Nav-Blogs-On@2x.png */ = {isa = PBXFileReference; lastKnownFileType = image.png; path = "Nav-Blogs-On@2x.png"; sourceTree = "<group>"; };
		FA0B1CE21976D1FD0030C873 /* Nav-Genres-Off.png */ = {isa = PBXFileReference; lastKnownFileType = image.png; path = "Nav-Genres-Off.png"; sourceTree = "<group>"; };
		FA0B1CE31976D1FD0030C873 /* Nav-Genres-Off@2x.png */ = {isa = PBXFileReference; lastKnownFileType = image.png; path = "Nav-Genres-Off@2x.png"; sourceTree = "<group>"; };
		FA0B1CE41976D1FD0030C873 /* Nav-Genres-On.png */ = {isa = PBXFileReference; lastKnownFileType = image.png; path = "Nav-Genres-On.png"; sourceTree = "<group>"; };
		FA0B1CE51976D1FD0030C873 /* Nav-Genres-On@2x.png */ = {isa = PBXFileReference; lastKnownFileType = image.png; path = "Nav-Genres-On@2x.png"; sourceTree = "<group>"; };
		FA0B1CEA1976D20A0030C873 /* Nav-Friends-Off.png */ = {isa = PBXFileReference; lastKnownFileType = image.png; path = "Nav-Friends-Off.png"; sourceTree = "<group>"; };
		FA0B1CEB1976D20A0030C873 /* Nav-Friends-Off@2x.png */ = {isa = PBXFileReference; lastKnownFileType = image.png; path = "Nav-Friends-Off@2x.png"; sourceTree = "<group>"; };
		FA0B1CEC1976D20A0030C873 /* Nav-Friends-On.png */ = {isa = PBXFileReference; lastKnownFileType = image.png; path = "Nav-Friends-On.png"; sourceTree = "<group>"; };
		FA0B1CED1976D20A0030C873 /* Nav-Friends-On@2x.png */ = {isa = PBXFileReference; lastKnownFileType = image.png; path = "Nav-Friends-On@2x.png"; sourceTree = "<group>"; };
		FA0B1CF41976D8A70030C873 /* SidebarViewController.swift */ = {isa = PBXFileReference; fileEncoding = 4; lastKnownFileType = sourcecode.swift; path = SidebarViewController.swift; sourceTree = "<group>"; };
		FA0B1CF61976ECF60030C873 /* MainViewController.swift */ = {isa = PBXFileReference; fileEncoding = 4; lastKnownFileType = sourcecode.swift; path = MainViewController.swift; sourceTree = "<group>"; };
		FA24ED9C1974A9A500A781C8 /* Plug.app */ = {isa = PBXFileReference; explicitFileType = wrapper.application; includeInIndex = 0; path = Plug.app; sourceTree = BUILT_PRODUCTS_DIR; };
		FA24EDA01974A9A500A781C8 /* Info.plist */ = {isa = PBXFileReference; lastKnownFileType = text.plist.xml; path = Info.plist; sourceTree = "<group>"; };
		FA24EDA11974A9A500A781C8 /* main.swift */ = {isa = PBXFileReference; lastKnownFileType = sourcecode.swift; path = main.swift; sourceTree = "<group>"; };
		FA24EDA51974A9A500A781C8 /* AppDelegate.swift */ = {isa = PBXFileReference; lastKnownFileType = sourcecode.swift; path = AppDelegate.swift; sourceTree = "<group>"; };
		FA24EDA71974A9A500A781C8 /* Images.xcassets */ = {isa = PBXFileReference; lastKnownFileType = folder.assetcatalog; path = Images.xcassets; sourceTree = "<group>"; };
		FA24EDAA1974A9A500A781C8 /* Base */ = {isa = PBXFileReference; lastKnownFileType = file.storyboard; name = Base; path = Base.lproj/Main.storyboard; sourceTree = "<group>"; };
		FA24EDB01974A9A500A781C8 /* PlugTests.xctest */ = {isa = PBXFileReference; explicitFileType = wrapper.cfbundle; includeInIndex = 0; path = PlugTests.xctest; sourceTree = BUILT_PRODUCTS_DIR; };
		FA24EDB51974A9A500A781C8 /* Info.plist */ = {isa = PBXFileReference; lastKnownFileType = text.plist.xml; path = Info.plist; sourceTree = "<group>"; };
		FA24EDB61974A9A500A781C8 /* PlugTests.swift */ = {isa = PBXFileReference; lastKnownFileType = sourcecode.swift; path = PlugTests.swift; sourceTree = "<group>"; };
		FA24EDC21974ACAA00A781C8 /* PlaylistViewController.swift */ = {isa = PBXFileReference; fileEncoding = 4; lastKnownFileType = sourcecode.swift; path = PlaylistViewController.swift; sourceTree = "<group>"; };
		FA51262E197608B1004D0776 /* SolidBackgroundColorView.swift */ = {isa = PBXFileReference; fileEncoding = 4; lastKnownFileType = sourcecode.swift; path = SolidBackgroundColorView.swift; sourceTree = "<group>"; };
		FA51263019760B2B004D0776 /* DraggableVisualEffectsView.swift */ = {isa = PBXFileReference; fileEncoding = 4; lastKnownFileType = sourcecode.swift; path = DraggableVisualEffectsView.swift; sourceTree = "<group>"; };
		FA51263219760C7C004D0776 /* TitleBarView.swift */ = {isa = PBXFileReference; fileEncoding = 4; lastKnownFileType = sourcecode.swift; path = TitleBarView.swift; sourceTree = "<group>"; };
		FA51263519761436004D0776 /* NSColor+256ColorValues.swift */ = {isa = PBXFileReference; fileEncoding = 4; lastKnownFileType = sourcecode.swift; path = "NSColor+256ColorValues.swift"; sourceTree = "<group>"; };
		FA51263719762F66004D0776 /* NavigationButton.swift */ = {isa = PBXFileReference; fileEncoding = 4; lastKnownFileType = sourcecode.swift; path = NavigationButton.swift; sourceTree = "<group>"; };
		FA512639197632FE004D0776 /* Nav-Popular-Off.png */ = {isa = PBXFileReference; lastKnownFileType = image.png; path = "Nav-Popular-Off.png"; sourceTree = "<group>"; };
		FA51263A197632FE004D0776 /* Nav-Popular-Off@2x.png */ = {isa = PBXFileReference; lastKnownFileType = image.png; path = "Nav-Popular-Off@2x.png"; sourceTree = "<group>"; };
		FA51263B197632FE004D0776 /* Nav-Popular-On.png */ = {isa = PBXFileReference; lastKnownFileType = image.png; path = "Nav-Popular-On.png"; sourceTree = "<group>"; };
		FA51263C197632FE004D0776 /* Nav-Popular-On@2x.png */ = {isa = PBXFileReference; lastKnownFileType = image.png; path = "Nav-Popular-On@2x.png"; sourceTree = "<group>"; };
		FA64C69919764DAA003933E3 /* TrackBack.swift */ = {isa = PBXFileReference; fileEncoding = 4; lastKnownFileType = sourcecode.swift; path = TrackBack.swift; sourceTree = "<group>"; };
		FA64C69A19764DAA003933E3 /* Blog.swift */ = {isa = PBXFileReference; fileEncoding = 4; lastKnownFileType = sourcecode.swift; path = Blog.swift; sourceTree = "<group>"; };
		FA64C69B19764DAA003933E3 /* Playlist.swift */ = {isa = PBXFileReference; fileEncoding = 4; lastKnownFileType = sourcecode.swift; path = Playlist.swift; sourceTree = "<group>"; };
		FA64C6A219764DC9003933E3 /* HypeMachineAPI.swift */ = {isa = PBXFileReference; fileEncoding = 4; lastKnownFileType = sourcecode.swift; path = HypeMachineAPI.swift; sourceTree = "<group>"; };
		FA64C6A419764E5F003933E3 /* DictHelper.swift */ = {isa = PBXFileReference; fileEncoding = 4; lastKnownFileType = sourcecode.swift; path = DictHelper.swift; sourceTree = "<group>"; };
		FA64C6A619764FE9003933E3 /* Constants.swift */ = {isa = PBXFileReference; fileEncoding = 4; lastKnownFileType = sourcecode.swift; path = Constants.swift; sourceTree = "<group>"; };
		FA64C6A819765323003933E3 /* Array+contains.swift */ = {isa = PBXFileReference; fileEncoding = 4; lastKnownFileType = sourcecode.swift; path = "Array+contains.swift"; sourceTree = "<group>"; };
		FA691BFE197654AF008D5C3E /* Track.swift */ = {isa = PBXFileReference; fileEncoding = 4; lastKnownFileType = sourcecode.swift; path = Track.swift; sourceTree = "<group>"; };
		FADC96F11974CA0D009458FA /* PlaylistTableCellView.swift */ = {isa = PBXFileReference; fileEncoding = 4; lastKnownFileType = sourcecode.swift; path = PlaylistTableCellView.swift; sourceTree = "<group>"; };
		FADC96F31974CCFA009458FA /* MainWindow.swift */ = {isa = PBXFileReference; fileEncoding = 4; lastKnownFileType = sourcecode.swift; path = MainWindow.swift; sourceTree = "<group>"; };
		FADC96F51974D10C009458FA /* DraggableView.swift */ = {isa = PBXFileReference; fileEncoding = 4; lastKnownFileType = sourcecode.swift; path = DraggableView.swift; sourceTree = "<group>"; };
		FAF507191975DA4B0097D392 /* Plug-Bridging-Header.h */ = {isa = PBXFileReference; lastKnownFileType = sourcecode.c.h; path = "Plug-Bridging-Header.h"; sourceTree = "<group>"; };
/* End PBXFileReference section */

/* Begin PBXFrameworksBuildPhase section */
		FA24ED991974A9A500A781C8 /* Frameworks */ = {
			isa = PBXFrameworksBuildPhase;
			buildActionMask = 2147483647;
			files = (
				EF4C31347D944409A29D47BF /* libPods-Plug.a in Frameworks */,
			);
			runOnlyForDeploymentPostprocessing = 0;
		};
		FA24EDAD1974A9A500A781C8 /* Frameworks */ = {
			isa = PBXFrameworksBuildPhase;
			buildActionMask = 2147483647;
			files = (
			);
			runOnlyForDeploymentPostprocessing = 0;
		};
/* End PBXFrameworksBuildPhase section */

/* Begin PBXGroup section */
		8649AE136FF74B02AB61EE0C /* Frameworks */ = {
			isa = PBXGroup;
			children = (
				8C87AD95253F47AAA335DADD /* libPods-Plug.a */,
			);
			name = Frameworks;
			sourceTree = "<group>";
		};
		FA0B1CF21976D8320030C873 /* Controllers */ = {
			isa = PBXGroup;
			children = (
				FA0B1CF61976ECF60030C873 /* MainViewController.swift */,
				FA24EDC21974ACAA00A781C8 /* PlaylistViewController.swift */,
				FA0B1CF41976D8A70030C873 /* SidebarViewController.swift */,
			);
			name = Controllers;
			sourceTree = "<group>";
		};
		FA0B1CF31976D8420030C873 /* Views */ = {
			isa = PBXGroup;
			children = (
				FADC96F31974CCFA009458FA /* MainWindow.swift */,
				FADC96F11974CA0D009458FA /* PlaylistTableCellView.swift */,
				FA51262E197608B1004D0776 /* SolidBackgroundColorView.swift */,
				FADC96F51974D10C009458FA /* DraggableView.swift */,
				FA51263019760B2B004D0776 /* DraggableVisualEffectsView.swift */,
				FA51263719762F66004D0776 /* NavigationButton.swift */,
				FA51263219760C7C004D0776 /* TitleBarView.swift */,
			);
			name = Views;
			sourceTree = "<group>";
		};
		FA24ED931974A9A500A781C8 = {
			isa = PBXGroup;
			children = (
				FA24ED9E1974A9A500A781C8 /* Plug */,
				FA24EDB31974A9A500A781C8 /* PlugTests */,
				FA24ED9D1974A9A500A781C8 /* Products */,
				24264347031C4B3887850063 /* Pods-Plug.xcconfig */,
				8649AE136FF74B02AB61EE0C /* Frameworks */,
			);
			sourceTree = "<group>";
		};
		FA24ED9D1974A9A500A781C8 /* Products */ = {
			isa = PBXGroup;
			children = (
				FA24ED9C1974A9A500A781C8 /* Plug.app */,
				FA24EDB01974A9A500A781C8 /* PlugTests.xctest */,
			);
			name = Products;
			sourceTree = "<group>";
		};
		FA24ED9E1974A9A500A781C8 /* Plug */ = {
			isa = PBXGroup;
			children = (
				FA24EDA51974A9A500A781C8 /* AppDelegate.swift */,
				FA64C6A619764FE9003933E3 /* Constants.swift */,
				FA64C6A119764DAE003933E3 /* Models */,
				FA0B1CF31976D8420030C873 /* Views */,
				FA0B1CF21976D8320030C873 /* Controllers */,
				FA24EDA91974A9A500A781C8 /* Main.storyboard */,
				FA24EDA71974A9A500A781C8 /* Images.xcassets */,
				FA512641197633F5004D0776 /* Images */,
				FA51263419761424004D0776 /* Extensions */,
				FA24ED9F1974A9A500A781C8 /* Supporting Files */,
				FAF507191975DA4B0097D392 /* Plug-Bridging-Header.h */,
			);
			path = Plug;
			sourceTree = "<group>";
		};
		FA24ED9F1974A9A500A781C8 /* Supporting Files */ = {
			isa = PBXGroup;
			children = (
				FA24EDA01974A9A500A781C8 /* Info.plist */,
				FA24EDA11974A9A500A781C8 /* main.swift */,
			);
			name = "Supporting Files";
			sourceTree = "<group>";
		};
		FA24EDB31974A9A500A781C8 /* PlugTests */ = {
			isa = PBXGroup;
			children = (
				FA24EDB61974A9A500A781C8 /* PlugTests.swift */,
				FA24EDB41974A9A500A781C8 /* Supporting Files */,
			);
			path = PlugTests;
			sourceTree = "<group>";
		};
		FA24EDB41974A9A500A781C8 /* Supporting Files */ = {
			isa = PBXGroup;
			children = (
				FA24EDB51974A9A500A781C8 /* Info.plist */,
			);
			name = "Supporting Files";
			sourceTree = "<group>";
		};
		FA51263419761424004D0776 /* Extensions */ = {
			isa = PBXGroup;
			children = (
				FA51263519761436004D0776 /* NSColor+256ColorValues.swift */,
				FA64C6A819765323003933E3 /* Array+contains.swift */,
			);
			name = Extensions;
			sourceTree = "<group>";
		};
		FA512641197633F5004D0776 /* Images */ = {
			isa = PBXGroup;
			children = (
				FA512639197632FE004D0776 /* Nav-Popular-Off.png */,
				FA51263A197632FE004D0776 /* Nav-Popular-Off@2x.png */,
				FA51263B197632FE004D0776 /* Nav-Popular-On.png */,
				FA51263C197632FE004D0776 /* Nav-Popular-On@2x.png */,
				FA0B1CC21976D1550030C873 /* Nav-Favorites-Off.png */,
				FA0B1CC31976D1550030C873 /* Nav-Favorites-Off@2x.png */,
				FA0B1CC41976D1550030C873 /* Nav-Favorites-On.png */,
				FA0B1CC51976D1550030C873 /* Nav-Favorites-On@2x.png */,
				FA0B1CCA1976D1630030C873 /* Nav-Latest-Off.png */,
				FA0B1CCB1976D1630030C873 /* Nav-Latest-Off@2x.png */,
				FA0B1CCC1976D1630030C873 /* Nav-Latest-On.png */,
				FA0B1CCD1976D1630030C873 /* Nav-Latest-On@2x.png */,
				FA0B1CDA1976D1EF0030C873 /* Nav-Blogs-Off.png */,
				FA0B1CDB1976D1EF0030C873 /* Nav-Blogs-Off@2x.png */,
				FA0B1CDC1976D1EF0030C873 /* Nav-Blogs-On.png */,
				FA0B1CDD1976D1EF0030C873 /* Nav-Blogs-On@2x.png */,
				FA0B1CBA1976D1480030C873 /* Nav-Feed-Off.png */,
				FA0B1CBB1976D1480030C873 /* Nav-Feed-Off@2x.png */,
				FA0B1CBC1976D1480030C873 /* Nav-Feed-On.png */,
				FA0B1CBD1976D1480030C873 /* Nav-Feed-On@2x.png */,
				FA0B1CE21976D1FD0030C873 /* Nav-Genres-Off.png */,
				FA0B1CE31976D1FD0030C873 /* Nav-Genres-Off@2x.png */,
				FA0B1CE41976D1FD0030C873 /* Nav-Genres-On.png */,
				FA0B1CE51976D1FD0030C873 /* Nav-Genres-On@2x.png */,
				FA0B1CEA1976D20A0030C873 /* Nav-Friends-Off.png */,
				FA0B1CEB1976D20A0030C873 /* Nav-Friends-Off@2x.png */,
				FA0B1CEC1976D20A0030C873 /* Nav-Friends-On.png */,
				FA0B1CED1976D20A0030C873 /* Nav-Friends-On@2x.png */,
				FA0B1CD21976D16C0030C873 /* Nav-Search-Off.png */,
				FA0B1CD31976D16C0030C873 /* Nav-Search-Off@2x.png */,
				FA0B1CD41976D16C0030C873 /* Nav-Search-On.png */,
				FA0B1CD51976D16C0030C873 /* Nav-Search-On@2x.png */,
			);
			name = Images;
			sourceTree = "<group>";
		};
		FA64C6A119764DAE003933E3 /* Models */ = {
			isa = PBXGroup;
			children = (
				FA691BFE197654AF008D5C3E /* Track.swift */,
				FA64C69919764DAA003933E3 /* TrackBack.swift */,
				FA64C69A19764DAA003933E3 /* Blog.swift */,
				FA64C69B19764DAA003933E3 /* Playlist.swift */,
				FA64C6A419764E5F003933E3 /* DictHelper.swift */,
				FA64C6A219764DC9003933E3 /* HypeMachineAPI.swift */,
			);
			name = Models;
			sourceTree = "<group>";
		};
/* End PBXGroup section */

/* Begin PBXNativeTarget section */
		FA24ED9B1974A9A500A781C8 /* Plug */ = {
			isa = PBXNativeTarget;
			buildConfigurationList = FA24EDBA1974A9A500A781C8 /* Build configuration list for PBXNativeTarget "Plug" */;
			buildPhases = (
				3AC6D0B4530F4E2C8AEE10CC /* Check Pods Manifest.lock */,
				FA24ED981974A9A500A781C8 /* Sources */,
				FA24ED991974A9A500A781C8 /* Frameworks */,
				FA24ED9A1974A9A500A781C8 /* Resources */,
				DBCD6BFCABB74E4481EA64FA /* Copy Pods Resources */,
			);
			buildRules = (
			);
			dependencies = (
			);
			name = Plug;
			productName = Plug;
			productReference = FA24ED9C1974A9A500A781C8 /* Plug.app */;
			productType = "com.apple.product-type.application";
		};
		FA24EDAF1974A9A500A781C8 /* PlugTests */ = {
			isa = PBXNativeTarget;
			buildConfigurationList = FA24EDBD1974A9A500A781C8 /* Build configuration list for PBXNativeTarget "PlugTests" */;
			buildPhases = (
				FA24EDAC1974A9A500A781C8 /* Sources */,
				FA24EDAD1974A9A500A781C8 /* Frameworks */,
				FA24EDAE1974A9A500A781C8 /* Resources */,
			);
			buildRules = (
			);
			dependencies = (
				FA24EDB21974A9A500A781C8 /* PBXTargetDependency */,
				FAF507201975DDFE0097D392 /* PBXTargetDependency */,
				FAF507221975DDFE0097D392 /* PBXTargetDependency */,
			);
			name = PlugTests;
			productName = PlugTests;
			productReference = FA24EDB01974A9A500A781C8 /* PlugTests.xctest */;
			productType = "com.apple.product-type.bundle.unit-test";
		};
/* End PBXNativeTarget section */

/* Begin PBXProject section */
		FA24ED941974A9A500A781C8 /* Project object */ = {
			isa = PBXProject;
			attributes = {
				LastUpgradeCheck = 0600;
				ORGANIZATIONNAME = Plug;
				TargetAttributes = {
					FA24ED9B1974A9A500A781C8 = {
						CreatedOnToolsVersion = 6.0;
						DevelopmentTeam = XM22JRGFT9;
					};
					FA24EDAF1974A9A500A781C8 = {
						CreatedOnToolsVersion = 6.0;
						TestTargetID = FA24ED9B1974A9A500A781C8;
					};
				};
			};
			buildConfigurationList = FA24ED971974A9A500A781C8 /* Build configuration list for PBXProject "Plug" */;
			compatibilityVersion = "Xcode 3.2";
			developmentRegion = English;
			hasScannedForEncodings = 0;
			knownRegions = (
				en,
				Base,
			);
			mainGroup = FA24ED931974A9A500A781C8;
			productRefGroup = FA24ED9D1974A9A500A781C8 /* Products */;
			projectDirPath = "";
			projectRoot = "";
			targets = (
				FA24ED9B1974A9A500A781C8 /* Plug */,
				FA24EDAF1974A9A500A781C8 /* PlugTests */,
			);
		};
/* End PBXProject section */

/* Begin PBXResourcesBuildPhase section */
		FA24ED9A1974A9A500A781C8 /* Resources */ = {
			isa = PBXResourcesBuildPhase;
			buildActionMask = 2147483647;
			files = (
				FA0B1CD11976D1630030C873 /* Nav-Latest-On@2x.png in Resources */,
				FA0B1CF01976D20A0030C873 /* Nav-Friends-On.png in Resources */,
				FA0B1CDE1976D1EF0030C873 /* Nav-Blogs-Off.png in Resources */,
				FA51263E197632FE004D0776 /* Nav-Popular-Off@2x.png in Resources */,
				FA0B1CE01976D1EF0030C873 /* Nav-Blogs-On.png in Resources */,
				FA0B1CD81976D16C0030C873 /* Nav-Search-On.png in Resources */,
				FA0B1CC81976D1550030C873 /* Nav-Favorites-On.png in Resources */,
				FA51263F197632FE004D0776 /* Nav-Popular-On.png in Resources */,
				FA0B1CE11976D1EF0030C873 /* Nav-Blogs-On@2x.png in Resources */,
				FA0B1CE71976D1FD0030C873 /* Nav-Genres-Off@2x.png in Resources */,
				FA0B1CC01976D1480030C873 /* Nav-Feed-On.png in Resources */,
				FA24EDA81974A9A500A781C8 /* Images.xcassets in Resources */,
				FA51263D197632FE004D0776 /* Nav-Popular-Off.png in Resources */,
				FA0B1CC61976D1550030C873 /* Nav-Favorites-Off.png in Resources */,
				FA0B1CE61976D1FD0030C873 /* Nav-Genres-Off.png in Resources */,
				FA0B1CC71976D1550030C873 /* Nav-Favorites-Off@2x.png in Resources */,
				FA0B1CE81976D1FD0030C873 /* Nav-Genres-On.png in Resources */,
				FA0B1CD61976D16C0030C873 /* Nav-Search-Off.png in Resources */,
				FA0B1CD71976D16C0030C873 /* Nav-Search-Off@2x.png in Resources */,
				FA0B1CBE1976D1480030C873 /* Nav-Feed-Off.png in Resources */,
				FA0B1CD91976D16C0030C873 /* Nav-Search-On@2x.png in Resources */,
				FA0B1CCF1976D1630030C873 /* Nav-Latest-Off@2x.png in Resources */,
				FA24EDAB1974A9A500A781C8 /* Main.storyboard in Resources */,
				FA0B1CBF1976D1480030C873 /* Nav-Feed-Off@2x.png in Resources */,
				FA0B1CDF1976D1EF0030C873 /* Nav-Blogs-Off@2x.png in Resources */,
				FA0B1CEF1976D20A0030C873 /* Nav-Friends-Off@2x.png in Resources */,
				FA0B1CEE1976D20A0030C873 /* Nav-Friends-Off.png in Resources */,
				FA0B1CF11976D20A0030C873 /* Nav-Friends-On@2x.png in Resources */,
				FA0B1CD01976D1630030C873 /* Nav-Latest-On.png in Resources */,
				FA0B1CCE1976D1630030C873 /* Nav-Latest-Off.png in Resources */,
				FA0B1CC91976D1550030C873 /* Nav-Favorites-On@2x.png in Resources */,
				FA0B1CE91976D1FD0030C873 /* Nav-Genres-On@2x.png in Resources */,
				FA512640197632FE004D0776 /* Nav-Popular-On@2x.png in Resources */,
				FA0B1CC11976D1480030C873 /* Nav-Feed-On@2x.png in Resources */,
			);
			runOnlyForDeploymentPostprocessing = 0;
		};
		FA24EDAE1974A9A500A781C8 /* Resources */ = {
			isa = PBXResourcesBuildPhase;
			buildActionMask = 2147483647;
			files = (
			);
			runOnlyForDeploymentPostprocessing = 0;
		};
/* End PBXResourcesBuildPhase section */

/* Begin PBXShellScriptBuildPhase section */
		3AC6D0B4530F4E2C8AEE10CC /* Check Pods Manifest.lock */ = {
			isa = PBXShellScriptBuildPhase;
			buildActionMask = 2147483647;
			files = (
			);
			inputPaths = (
			);
			name = "Check Pods Manifest.lock";
			outputPaths = (
			);
			runOnlyForDeploymentPostprocessing = 0;
			shellPath = /bin/sh;
			shellScript = "diff \"${PODS_ROOT}/../Podfile.lock\" \"${PODS_ROOT}/Manifest.lock\" > /dev/null\nif [[ $? != 0 ]] ; then\n    cat << EOM\nerror: The sandbox is not in sync with the Podfile.lock. Run 'pod install' or update your CocoaPods installation.\nEOM\n    exit 1\nfi\n";
			showEnvVarsInLog = 0;
		};
		DBCD6BFCABB74E4481EA64FA /* Copy Pods Resources */ = {
			isa = PBXShellScriptBuildPhase;
			buildActionMask = 2147483647;
			files = (
			);
			inputPaths = (
			);
			name = "Copy Pods Resources";
			outputPaths = (
			);
			runOnlyForDeploymentPostprocessing = 0;
			shellPath = /bin/sh;
			shellScript = "\"${SRCROOT}/Pods/Pods-Plug-resources.sh\"\n";
			showEnvVarsInLog = 0;
		};
/* End PBXShellScriptBuildPhase section */

/* Begin PBXSourcesBuildPhase section */
		FA24ED981974A9A500A781C8 /* Sources */ = {
			isa = PBXSourcesBuildPhase;
			buildActionMask = 2147483647;
			files = (
				FA0B1CF81976ECF60030C873 /* MainViewController.swift in Sources */,
				FA64C6A519764E5F003933E3 /* DictHelper.swift in Sources */,
				FADC96F61974D10C009458FA /* DraggableView.swift in Sources */,
				FA64C69E19764DAA003933E3 /* Blog.swift in Sources */,
				FA64C6A919765323003933E3 /* Array+contains.swift in Sources */,
				FA24EDA61974A9A500A781C8 /* AppDelegate.swift in Sources */,
				FA64C6A319764DC9003933E3 /* HypeMachineAPI.swift in Sources */,
				FA51263119760B2B004D0776 /* DraggableVisualEffectsView.swift in Sources */,
				FA51263619761436004D0776 /* NSColor+256ColorValues.swift in Sources */,
				FA51263819762F66004D0776 /* NavigationButton.swift in Sources */,
				FA51262F197608B1004D0776 /* SolidBackgroundColorView.swift in Sources */,
				FA691BFF197654AF008D5C3E /* Track.swift in Sources */,
				FA51263319760C7C004D0776 /* TitleBarView.swift in Sources */,
				FA0B1CF51976D8A70030C873 /* SidebarViewController.swift in Sources */,
				FA24EDA21974A9A500A781C8 /* main.swift in Sources */,
				FADC96F41974CCFA009458FA /* MainWindow.swift in Sources */,
				FA64C69D19764DAA003933E3 /* TrackBack.swift in Sources */,
				FA24EDC31974ACAA00A781C8 /* PlaylistViewController.swift in Sources */,
				FADC96F21974CA0D009458FA /* PlaylistTableCellView.swift in Sources */,
				FA64C69F19764DAA003933E3 /* Playlist.swift in Sources */,
				FA64C6A719764FE9003933E3 /* Constants.swift in Sources */,
			);
			runOnlyForDeploymentPostprocessing = 0;
		};
		FA24EDAC1974A9A500A781C8 /* Sources */ = {
			isa = PBXSourcesBuildPhase;
			buildActionMask = 2147483647;
			files = (
				FA24EDB71974A9A500A781C8 /* PlugTests.swift in Sources */,
			);
			runOnlyForDeploymentPostprocessing = 0;
		};
/* End PBXSourcesBuildPhase section */

/* Begin PBXTargetDependency section */
		FA24EDB21974A9A500A781C8 /* PBXTargetDependency */ = {
			isa = PBXTargetDependency;
			target = FA24ED9B1974A9A500A781C8 /* Plug */;
			targetProxy = FA24EDB11974A9A500A781C8 /* PBXContainerItemProxy */;
		};
		FAF507201975DDFE0097D392 /* PBXTargetDependency */ = {
			isa = PBXTargetDependency;
			target = FA24ED9B1974A9A500A781C8 /* Plug */;
			targetProxy = FAF5071F1975DDFE0097D392 /* PBXContainerItemProxy */;
		};
		FAF507221975DDFE0097D392 /* PBXTargetDependency */ = {
			isa = PBXTargetDependency;
			target = FA24ED9B1974A9A500A781C8 /* Plug */;
			targetProxy = FAF507211975DDFE0097D392 /* PBXContainerItemProxy */;
		};
/* End PBXTargetDependency section */

/* Begin PBXVariantGroup section */
		FA24EDA91974A9A500A781C8 /* Main.storyboard */ = {
			isa = PBXVariantGroup;
			children = (
				FA24EDAA1974A9A500A781C8 /* Base */,
			);
			name = Main.storyboard;
			sourceTree = "<group>";
		};
/* End PBXVariantGroup section */

/* Begin XCBuildConfiguration section */
		FA24EDB81974A9A500A781C8 /* Debug */ = {
			isa = XCBuildConfiguration;
			buildSettings = {
				ALWAYS_SEARCH_USER_PATHS = NO;
				CLANG_CXX_LANGUAGE_STANDARD = "gnu++0x";
				CLANG_CXX_LIBRARY = "libc++";
				CLANG_ENABLE_MODULES = YES;
				CLANG_ENABLE_OBJC_ARC = YES;
				CLANG_WARN_BOOL_CONVERSION = YES;
				CLANG_WARN_CONSTANT_CONVERSION = YES;
				CLANG_WARN_DIRECT_OBJC_ISA_USAGE = YES_ERROR;
				CLANG_WARN_EMPTY_BODY = YES;
				CLANG_WARN_ENUM_CONVERSION = YES;
				CLANG_WARN_INT_CONVERSION = YES;
				CLANG_WARN_OBJC_ROOT_CLASS = YES_ERROR;
				CLANG_WARN_UNREACHABLE_CODE = YES;
				CLANG_WARN__DUPLICATE_METHOD_MATCH = YES;
				CODE_SIGN_IDENTITY = "-";
				COPY_PHASE_STRIP = NO;
				ENABLE_STRICT_OBJC_MSGSEND = YES;
				GCC_C_LANGUAGE_STANDARD = gnu99;
				GCC_DYNAMIC_NO_PIC = NO;
				GCC_OPTIMIZATION_LEVEL = 0;
				GCC_PREPROCESSOR_DEFINITIONS = (
					"DEBUG=1",
					"$(inherited)",
				);
				GCC_SYMBOLS_PRIVATE_EXTERN = NO;
				GCC_WARN_64_TO_32_BIT_CONVERSION = YES;
				GCC_WARN_ABOUT_RETURN_TYPE = YES_ERROR;
				GCC_WARN_UNDECLARED_SELECTOR = YES;
				GCC_WARN_UNINITIALIZED_AUTOS = YES_AGGRESSIVE;
				GCC_WARN_UNUSED_FUNCTION = YES;
				GCC_WARN_UNUSED_VARIABLE = YES;
				MACOSX_DEPLOYMENT_TARGET = 10.10;
				MTL_ENABLE_DEBUG_INFO = YES;
				ONLY_ACTIVE_ARCH = YES;
				SDKROOT = macosx;
				SWIFT_OPTIMIZATION_LEVEL = "-Onone";
			};
			name = Debug;
		};
		FA24EDB91974A9A500A781C8 /* Release */ = {
			isa = XCBuildConfiguration;
			buildSettings = {
				ALWAYS_SEARCH_USER_PATHS = NO;
				CLANG_CXX_LANGUAGE_STANDARD = "gnu++0x";
				CLANG_CXX_LIBRARY = "libc++";
				CLANG_ENABLE_MODULES = YES;
				CLANG_ENABLE_OBJC_ARC = YES;
				CLANG_WARN_BOOL_CONVERSION = YES;
				CLANG_WARN_CONSTANT_CONVERSION = YES;
				CLANG_WARN_DIRECT_OBJC_ISA_USAGE = YES_ERROR;
				CLANG_WARN_EMPTY_BODY = YES;
				CLANG_WARN_ENUM_CONVERSION = YES;
				CLANG_WARN_INT_CONVERSION = YES;
				CLANG_WARN_OBJC_ROOT_CLASS = YES_ERROR;
				CLANG_WARN_UNREACHABLE_CODE = YES;
				CLANG_WARN__DUPLICATE_METHOD_MATCH = YES;
				CODE_SIGN_IDENTITY = "-";
				COPY_PHASE_STRIP = YES;
				DEBUG_INFORMATION_FORMAT = "dwarf-with-dsym";
				ENABLE_NS_ASSERTIONS = NO;
				ENABLE_STRICT_OBJC_MSGSEND = YES;
				GCC_C_LANGUAGE_STANDARD = gnu99;
				GCC_WARN_64_TO_32_BIT_CONVERSION = YES;
				GCC_WARN_ABOUT_RETURN_TYPE = YES_ERROR;
				GCC_WARN_UNDECLARED_SELECTOR = YES;
				GCC_WARN_UNINITIALIZED_AUTOS = YES_AGGRESSIVE;
				GCC_WARN_UNUSED_FUNCTION = YES;
				GCC_WARN_UNUSED_VARIABLE = YES;
				MACOSX_DEPLOYMENT_TARGET = 10.10;
				MTL_ENABLE_DEBUG_INFO = NO;
				SDKROOT = macosx;
			};
			name = Release;
		};
		FA24EDBB1974A9A500A781C8 /* Debug */ = {
			isa = XCBuildConfiguration;
			baseConfigurationReference = 24264347031C4B3887850063 /* Pods-Plug.xcconfig */;
			buildSettings = {
				ASSETCATALOG_COMPILER_APPICON_NAME = AppIcon;
				CLANG_ENABLE_MODULES = YES;
				CODE_SIGN_IDENTITY = "Developer ID Application";
				"CODE_SIGN_IDENTITY[sdk=macosx*]" = "Mac Developer";
				COMBINE_HIDPI_IMAGES = YES;
				INFOPLIST_FILE = Plug/Info.plist;
				LD_RUNPATH_SEARCH_PATHS = "$(inherited) @executable_path/../Frameworks";
				PRODUCT_NAME = "$(TARGET_NAME)";
				PROVISIONING_PROFILE = "";
				SWIFT_OBJC_BRIDGING_HEADER = "Plug/Plug-Bridging-Header.h";
				SWIFT_OPTIMIZATION_LEVEL = "-Onone";
			};
			name = Debug;
		};
		FA24EDBC1974A9A500A781C8 /* Release */ = {
			isa = XCBuildConfiguration;
			baseConfigurationReference = 24264347031C4B3887850063 /* Pods-Plug.xcconfig */;
			buildSettings = {
				ASSETCATALOG_COMPILER_APPICON_NAME = AppIcon;
				CLANG_ENABLE_MODULES = YES;
				CODE_SIGN_IDENTITY = "Developer ID Application";
				"CODE_SIGN_IDENTITY[sdk=macosx*]" = "Mac Developer";
				COMBINE_HIDPI_IMAGES = YES;
				INFOPLIST_FILE = Plug/Info.plist;
				LD_RUNPATH_SEARCH_PATHS = "$(inherited) @executable_path/../Frameworks";
				PRODUCT_NAME = "$(TARGET_NAME)";
				PROVISIONING_PROFILE = "";
				SWIFT_OBJC_BRIDGING_HEADER = "Plug/Plug-Bridging-Header.h";
			};
			name = Release;
		};
		FA24EDBE1974A9A500A781C8 /* Debug */ = {
			isa = XCBuildConfiguration;
			buildSettings = {
				BUNDLE_LOADER = "$(BUILT_PRODUCTS_DIR)/Plug.app/Contents/MacOS/Plug";
				COMBINE_HIDPI_IMAGES = YES;
				FRAMEWORK_SEARCH_PATHS = (
					"$(DEVELOPER_FRAMEWORKS_DIR)",
					"$(inherited)",
				);
				GCC_PREPROCESSOR_DEFINITIONS = (
					"DEBUG=1",
					"$(inherited)",
				);
				INFOPLIST_FILE = PlugTests/Info.plist;
				LD_RUNPATH_SEARCH_PATHS = "$(inherited) @executable_path/../Frameworks @loader_path/../Frameworks";
				PRODUCT_NAME = "$(TARGET_NAME)";
				TEST_HOST = "$(BUNDLE_LOADER)";
			};
			name = Debug;
		};
		FA24EDBF1974A9A500A781C8 /* Release */ = {
			isa = XCBuildConfiguration;
			buildSettings = {
				BUNDLE_LOADER = "$(BUILT_PRODUCTS_DIR)/Plug.app/Contents/MacOS/Plug";
				COMBINE_HIDPI_IMAGES = YES;
				FRAMEWORK_SEARCH_PATHS = (
					"$(DEVELOPER_FRAMEWORKS_DIR)",
					"$(inherited)",
				);
				INFOPLIST_FILE = PlugTests/Info.plist;
				LD_RUNPATH_SEARCH_PATHS = "$(inherited) @executable_path/../Frameworks @loader_path/../Frameworks";
				PRODUCT_NAME = "$(TARGET_NAME)";
				TEST_HOST = "$(BUNDLE_LOADER)";
			};
			name = Release;
		};
/* End XCBuildConfiguration section */

/* Begin XCConfigurationList section */
		FA24ED971974A9A500A781C8 /* Build configuration list for PBXProject "Plug" */ = {
			isa = XCConfigurationList;
			buildConfigurations = (
				FA24EDB81974A9A500A781C8 /* Debug */,
				FA24EDB91974A9A500A781C8 /* Release */,
			);
			defaultConfigurationIsVisible = 0;
			defaultConfigurationName = Release;
		};
		FA24EDBA1974A9A500A781C8 /* Build configuration list for PBXNativeTarget "Plug" */ = {
			isa = XCConfigurationList;
			buildConfigurations = (
				FA24EDBB1974A9A500A781C8 /* Debug */,
				FA24EDBC1974A9A500A781C8 /* Release */,
			);
			defaultConfigurationIsVisible = 0;
			defaultConfigurationName = Release;
		};
		FA24EDBD1974A9A500A781C8 /* Build configuration list for PBXNativeTarget "PlugTests" */ = {
			isa = XCConfigurationList;
			buildConfigurations = (
				FA24EDBE1974A9A500A781C8 /* Debug */,
				FA24EDBF1974A9A500A781C8 /* Release */,
			);
			defaultConfigurationIsVisible = 0;
			defaultConfigurationName = Release;
		};
/* End XCConfigurationList section */
	};
	rootObject = FA24ED941974A9A500A781C8 /* Project object */;
}
