// !$*UTF8*$!
{
	archiveVersion = 1;
	classes = {
	};
	objectVersion = 46;
	objects = {

/* Begin PBXBuildFile section */
		EF4C31347D944409A29D47BF /* libPods-Plug.a in Frameworks */ = {isa = PBXBuildFile; fileRef = 8C87AD95253F47AAA335DADD /* libPods-Plug.a */; };
		FA0B1CF51976D8A70030C873 /* SidebarViewController.swift in Sources */ = {isa = PBXBuildFile; fileRef = FA0B1CF41976D8A70030C873 /* SidebarViewController.swift */; };
		FA0B1CF81976ECF60030C873 /* MainViewController.swift in Sources */ = {isa = PBXBuildFile; fileRef = FA0B1CF61976ECF60030C873 /* MainViewController.swift */; };
		FA0B1D2819770AEB0030C873 /* HeatMapView.swift in Sources */ = {isa = PBXBuildFile; fileRef = FA0B1D2719770AEB0030C873 /* HeatMapView.swift */; };
		FA0B1D2E1977109E0030C873 /* Playlist.swift in Sources */ = {isa = PBXBuildFile; fileRef = FA0B1D2D1977109E0030C873 /* Playlist.swift */; };
		FA0B1D30197712920030C873 /* PopularPlaylist.swift in Sources */ = {isa = PBXBuildFile; fileRef = FA0B1D2F197712920030C873 /* PopularPlaylist.swift */; };
		FA0B1D321977187E0030C873 /* LatestPlaylist.swift in Sources */ = {isa = PBXBuildFile; fileRef = FA0B1D311977187E0030C873 /* LatestPlaylist.swift */; };
		FA0B1D34197719230030C873 /* FavoritesPlaylist.swift in Sources */ = {isa = PBXBuildFile; fileRef = FA0B1D33197719230030C873 /* FavoritesPlaylist.swift */; };
		FA0B1D3A197725E90030C873 /* FeedPlaylist.swift in Sources */ = {isa = PBXBuildFile; fileRef = FA0B1D39197725E90030C873 /* FeedPlaylist.swift */; };
		FA0B1D3C1977281A0030C873 /* SearchPlaylist.swift in Sources */ = {isa = PBXBuildFile; fileRef = FA0B1D3B1977281A0030C873 /* SearchPlaylist.swift */; };
		FA0B1D3E1977355B0030C873 /* ColorChangingTextView.swift in Sources */ = {isa = PBXBuildFile; fileRef = FA0B1D3D1977355B0030C873 /* ColorChangingTextView.swift */; };
		FA24EDA21974A9A500A781C8 /* main.swift in Sources */ = {isa = PBXBuildFile; fileRef = FA24EDA11974A9A500A781C8 /* main.swift */; };
		FA24EDA61974A9A500A781C8 /* AppDelegate.swift in Sources */ = {isa = PBXBuildFile; fileRef = FA24EDA51974A9A500A781C8 /* AppDelegate.swift */; };
		FA24EDA81974A9A500A781C8 /* Images.xcassets in Resources */ = {isa = PBXBuildFile; fileRef = FA24EDA71974A9A500A781C8 /* Images.xcassets */; };
		FA24EDAB1974A9A500A781C8 /* Main.storyboard in Resources */ = {isa = PBXBuildFile; fileRef = FA24EDA91974A9A500A781C8 /* Main.storyboard */; };
		FA24EDB71974A9A500A781C8 /* PlugTests.swift in Sources */ = {isa = PBXBuildFile; fileRef = FA24EDB61974A9A500A781C8 /* PlugTests.swift */; };
		FA24EDC31974ACAA00A781C8 /* PlaylistViewController.swift in Sources */ = {isa = PBXBuildFile; fileRef = FA24EDC21974ACAA00A781C8 /* PlaylistViewController.swift */; };
		FA2C85FC1977870E007B1622 /* PlaylistTableRowView.swift in Sources */ = {isa = PBXBuildFile; fileRef = FA2C85FB1977870E007B1622 /* PlaylistTableRowView.swift */; };
		FA2C86011977AF2F007B1622 /* TrackGraph.swift in Sources */ = {isa = PBXBuildFile; fileRef = FA2C86001977AF2F007B1622 /* TrackGraph.swift */; };
		FA330030197CB1EE0063C552 /* TransparentButton.swift in Sources */ = {isa = PBXBuildFile; fileRef = FA33002F197CB1EE0063C552 /* TransparentButton.swift */; };
		FA51262F197608B1004D0776 /* SolidBackgroundColorView.swift in Sources */ = {isa = PBXBuildFile; fileRef = FA51262E197608B1004D0776 /* SolidBackgroundColorView.swift */; };
		FA51263119760B2B004D0776 /* DraggableVisualEffectsView.swift in Sources */ = {isa = PBXBuildFile; fileRef = FA51263019760B2B004D0776 /* DraggableVisualEffectsView.swift */; };
		FA51263319760C7C004D0776 /* TitleBarView.swift in Sources */ = {isa = PBXBuildFile; fileRef = FA51263219760C7C004D0776 /* TitleBarView.swift */; };
		FA51263619761436004D0776 /* NSColor+256ColorValues.swift in Sources */ = {isa = PBXBuildFile; fileRef = FA51263519761436004D0776 /* NSColor+256ColorValues.swift */; };
		FA51263819762F66004D0776 /* NavigationButton.swift in Sources */ = {isa = PBXBuildFile; fileRef = FA51263719762F66004D0776 /* NavigationButton.swift */; };
		FA64C6A319764DC9003933E3 /* HypeMachineAPI.swift in Sources */ = {isa = PBXBuildFile; fileRef = FA64C6A219764DC9003933E3 /* HypeMachineAPI.swift */; };
		FA64C6A719764FE9003933E3 /* Constants.swift in Sources */ = {isa = PBXBuildFile; fileRef = FA64C6A619764FE9003933E3 /* Constants.swift */; };
		FA64C6A919765323003933E3 /* Array+contains.swift in Sources */ = {isa = PBXBuildFile; fileRef = FA64C6A819765323003933E3 /* Array+contains.swift */; };
		FA691BFF197654AF008D5C3E /* Track.swift in Sources */ = {isa = PBXBuildFile; fileRef = FA691BFE197654AF008D5C3E /* Track.swift */; };
		FAA51A4F198023470057EC34 /* AudioPlayer.swift in Sources */ = {isa = PBXBuildFile; fileRef = FAA51A4E198023470057EC34 /* AudioPlayer.swift */; };
		FAA51A53198043EB0057EC34 /* PlaylistTableView.swift in Sources */ = {isa = PBXBuildFile; fileRef = FAA51A52198043EB0057EC34 /* PlaylistTableView.swift */; };
		FAA51A57198060AE0057EC34 /* TitleBarViewController.swift in Sources */ = {isa = PBXBuildFile; fileRef = FAA51A56198060AE0057EC34 /* TitleBarViewController.swift */; };
		FAA51A59198084E50057EC34 /* NavigationSection.swift in Sources */ = {isa = PBXBuildFile; fileRef = FAA51A58198084E50057EC34 /* NavigationSection.swift */; };
		FAD4C212197CA3F2004606B5 /* UserDefaults.plist in Resources */ = {isa = PBXBuildFile; fileRef = FAD4C211197CA3F2004606B5 /* UserDefaults.plist */; };
		FADC96F21974CA0D009458FA /* PlaylistTableCellView.swift in Sources */ = {isa = PBXBuildFile; fileRef = FADC96F11974CA0D009458FA /* PlaylistTableCellView.swift */; };
		FADC96F41974CCFA009458FA /* MainWindow.swift in Sources */ = {isa = PBXBuildFile; fileRef = FADC96F31974CCFA009458FA /* MainWindow.swift */; };
		FADC96F61974D10C009458FA /* DraggableView.swift in Sources */ = {isa = PBXBuildFile; fileRef = FADC96F51974D10C009458FA /* DraggableView.swift */; };
		FAF0371D197B83C800F716CE /* VolumeIconView.swift in Sources */ = {isa = PBXBuildFile; fileRef = FAF0371C197B83C800F716CE /* VolumeIconView.swift */; };
		FAF0372F197B8A3500F716CE /* FooterViewController.swift in Sources */ = {isa = PBXBuildFile; fileRef = FAF0372E197B8A3500F716CE /* FooterViewController.swift */; };
		FAF6F0961979F92900F2102B /* FlatSliderCell.swift in Sources */ = {isa = PBXBuildFile; fileRef = FAF6F0951979F92900F2102B /* FlatSliderCell.swift */; };
		FAF6F098197A05D300F2102B /* HoverToggleButton.swift in Sources */ = {isa = PBXBuildFile; fileRef = FAF6F097197A05D300F2102B /* HoverToggleButton.swift */; };
/* End PBXBuildFile section */

/* Begin PBXContainerItemProxy section */
		FA24EDB11974A9A500A781C8 /* PBXContainerItemProxy */ = {
			isa = PBXContainerItemProxy;
			containerPortal = FA24ED941974A9A500A781C8 /* Project object */;
			proxyType = 1;
			remoteGlobalIDString = FA24ED9B1974A9A500A781C8;
			remoteInfo = Plug;
		};
		FAF5071F1975DDFE0097D392 /* PBXContainerItemProxy */ = {
			isa = PBXContainerItemProxy;
			containerPortal = FA24ED941974A9A500A781C8 /* Project object */;
			proxyType = 1;
			remoteGlobalIDString = FA24ED9B1974A9A500A781C8;
			remoteInfo = Plug;
		};
		FAF507211975DDFE0097D392 /* PBXContainerItemProxy */ = {
			isa = PBXContainerItemProxy;
			containerPortal = FA24ED941974A9A500A781C8 /* Project object */;
			proxyType = 1;
			remoteGlobalIDString = FA24ED9B1974A9A500A781C8;
			remoteInfo = Plug;
		};
/* End PBXContainerItemProxy section */

/* Begin PBXFileReference section */
		24264347031C4B3887850063 /* Pods-Plug.xcconfig */ = {isa = PBXFileReference; includeInIndex = 1; lastKnownFileType = text.xcconfig; name = "Pods-Plug.xcconfig"; path = "Pods/Pods-Plug.xcconfig"; sourceTree = "<group>"; };
		8C87AD95253F47AAA335DADD /* libPods-Plug.a */ = {isa = PBXFileReference; explicitFileType = archive.ar; includeInIndex = 0; path = "libPods-Plug.a"; sourceTree = BUILT_PRODUCTS_DIR; };
		FA0B1CF41976D8A70030C873 /* SidebarViewController.swift */ = {isa = PBXFileReference; fileEncoding = 4; lastKnownFileType = sourcecode.swift; path = SidebarViewController.swift; sourceTree = "<group>"; };
		FA0B1CF61976ECF60030C873 /* MainViewController.swift */ = {isa = PBXFileReference; fileEncoding = 4; lastKnownFileType = sourcecode.swift; path = MainViewController.swift; sourceTree = "<group>"; };
		FA0B1D2719770AEB0030C873 /* HeatMapView.swift */ = {isa = PBXFileReference; fileEncoding = 4; lastKnownFileType = sourcecode.swift; path = HeatMapView.swift; sourceTree = "<group>"; };
		FA0B1D2D1977109E0030C873 /* Playlist.swift */ = {isa = PBXFileReference; fileEncoding = 4; lastKnownFileType = sourcecode.swift; path = Playlist.swift; sourceTree = "<group>"; };
		FA0B1D2F197712920030C873 /* PopularPlaylist.swift */ = {isa = PBXFileReference; fileEncoding = 4; lastKnownFileType = sourcecode.swift; path = PopularPlaylist.swift; sourceTree = "<group>"; };
		FA0B1D311977187E0030C873 /* LatestPlaylist.swift */ = {isa = PBXFileReference; fileEncoding = 4; lastKnownFileType = sourcecode.swift; path = LatestPlaylist.swift; sourceTree = "<group>"; };
		FA0B1D33197719230030C873 /* FavoritesPlaylist.swift */ = {isa = PBXFileReference; fileEncoding = 4; lastKnownFileType = sourcecode.swift; path = FavoritesPlaylist.swift; sourceTree = "<group>"; };
		FA0B1D39197725E90030C873 /* FeedPlaylist.swift */ = {isa = PBXFileReference; fileEncoding = 4; lastKnownFileType = sourcecode.swift; path = FeedPlaylist.swift; sourceTree = "<group>"; };
		FA0B1D3B1977281A0030C873 /* SearchPlaylist.swift */ = {isa = PBXFileReference; fileEncoding = 4; lastKnownFileType = sourcecode.swift; path = SearchPlaylist.swift; sourceTree = "<group>"; };
		FA0B1D3D1977355B0030C873 /* ColorChangingTextView.swift */ = {isa = PBXFileReference; fileEncoding = 4; lastKnownFileType = sourcecode.swift; path = ColorChangingTextView.swift; sourceTree = "<group>"; };
		FA24ED9C1974A9A500A781C8 /* Plug.app */ = {isa = PBXFileReference; explicitFileType = wrapper.application; includeInIndex = 0; path = Plug.app; sourceTree = BUILT_PRODUCTS_DIR; };
		FA24EDA01974A9A500A781C8 /* Info.plist */ = {isa = PBXFileReference; lastKnownFileType = text.plist.xml; path = Info.plist; sourceTree = "<group>"; };
		FA24EDA11974A9A500A781C8 /* main.swift */ = {isa = PBXFileReference; lastKnownFileType = sourcecode.swift; path = main.swift; sourceTree = "<group>"; };
		FA24EDA51974A9A500A781C8 /* AppDelegate.swift */ = {isa = PBXFileReference; lastKnownFileType = sourcecode.swift; path = AppDelegate.swift; sourceTree = "<group>"; };
		FA24EDA71974A9A500A781C8 /* Images.xcassets */ = {isa = PBXFileReference; lastKnownFileType = folder.assetcatalog; path = Images.xcassets; sourceTree = "<group>"; };
		FA24EDAA1974A9A500A781C8 /* Base */ = {isa = PBXFileReference; lastKnownFileType = file.storyboard; name = Base; path = Base.lproj/Main.storyboard; sourceTree = "<group>"; };
		FA24EDB01974A9A500A781C8 /* PlugTests.xctest */ = {isa = PBXFileReference; explicitFileType = wrapper.cfbundle; includeInIndex = 0; path = PlugTests.xctest; sourceTree = BUILT_PRODUCTS_DIR; };
		FA24EDB51974A9A500A781C8 /* Info.plist */ = {isa = PBXFileReference; lastKnownFileType = text.plist.xml; path = Info.plist; sourceTree = "<group>"; };
		FA24EDB61974A9A500A781C8 /* PlugTests.swift */ = {isa = PBXFileReference; lastKnownFileType = sourcecode.swift; path = PlugTests.swift; sourceTree = "<group>"; };
		FA24EDC21974ACAA00A781C8 /* PlaylistViewController.swift */ = {isa = PBXFileReference; fileEncoding = 4; lastKnownFileType = sourcecode.swift; path = PlaylistViewController.swift; sourceTree = "<group>"; };
		FA2C85FB1977870E007B1622 /* PlaylistTableRowView.swift */ = {isa = PBXFileReference; fileEncoding = 4; lastKnownFileType = sourcecode.swift; path = PlaylistTableRowView.swift; sourceTree = "<group>"; };
		FA2C86001977AF2F007B1622 /* TrackGraph.swift */ = {isa = PBXFileReference; fileEncoding = 4; lastKnownFileType = sourcecode.swift; path = TrackGraph.swift; sourceTree = "<group>"; };
		FA33002F197CB1EE0063C552 /* TransparentButton.swift */ = {isa = PBXFileReference; fileEncoding = 4; lastKnownFileType = sourcecode.swift; path = TransparentButton.swift; sourceTree = "<group>"; };
		FA51262E197608B1004D0776 /* SolidBackgroundColorView.swift */ = {isa = PBXFileReference; fileEncoding = 4; lastKnownFileType = sourcecode.swift; path = SolidBackgroundColorView.swift; sourceTree = "<group>"; };
		FA51263019760B2B004D0776 /* DraggableVisualEffectsView.swift */ = {isa = PBXFileReference; fileEncoding = 4; lastKnownFileType = sourcecode.swift; path = DraggableVisualEffectsView.swift; sourceTree = "<group>"; };
		FA51263219760C7C004D0776 /* TitleBarView.swift */ = {isa = PBXFileReference; fileEncoding = 4; lastKnownFileType = sourcecode.swift; path = TitleBarView.swift; sourceTree = "<group>"; };
		FA51263519761436004D0776 /* NSColor+256ColorValues.swift */ = {isa = PBXFileReference; fileEncoding = 4; lastKnownFileType = sourcecode.swift; path = "NSColor+256ColorValues.swift"; sourceTree = "<group>"; };
		FA51263719762F66004D0776 /* NavigationButton.swift */ = {isa = PBXFileReference; fileEncoding = 4; lastKnownFileType = sourcecode.swift; path = NavigationButton.swift; sourceTree = "<group>"; };
		FA64C6A219764DC9003933E3 /* HypeMachineAPI.swift */ = {isa = PBXFileReference; fileEncoding = 4; lastKnownFileType = sourcecode.swift; path = HypeMachineAPI.swift; sourceTree = "<group>"; };
		FA64C6A619764FE9003933E3 /* Constants.swift */ = {isa = PBXFileReference; fileEncoding = 4; lastKnownFileType = sourcecode.swift; path = Constants.swift; sourceTree = "<group>"; };
		FA64C6A819765323003933E3 /* Array+contains.swift */ = {isa = PBXFileReference; fileEncoding = 4; lastKnownFileType = sourcecode.swift; path = "Array+contains.swift"; sourceTree = "<group>"; };
		FA691BFE197654AF008D5C3E /* Track.swift */ = {isa = PBXFileReference; fileEncoding = 4; lastKnownFileType = sourcecode.swift; path = Track.swift; sourceTree = "<group>"; };
		FAA51A4E198023470057EC34 /* AudioPlayer.swift */ = {isa = PBXFileReference; fileEncoding = 4; lastKnownFileType = sourcecode.swift; path = AudioPlayer.swift; sourceTree = "<group>"; };
		FAA51A52198043EB0057EC34 /* PlaylistTableView.swift */ = {isa = PBXFileReference; fileEncoding = 4; lastKnownFileType = sourcecode.swift; path = PlaylistTableView.swift; sourceTree = "<group>"; };
		FAA51A56198060AE0057EC34 /* TitleBarViewController.swift */ = {isa = PBXFileReference; fileEncoding = 4; lastKnownFileType = sourcecode.swift; path = TitleBarViewController.swift; sourceTree = "<group>"; };
		FAA51A58198084E50057EC34 /* NavigationSection.swift */ = {isa = PBXFileReference; fileEncoding = 4; lastKnownFileType = sourcecode.swift; path = NavigationSection.swift; sourceTree = "<group>"; };
		FAD4C211197CA3F2004606B5 /* UserDefaults.plist */ = {isa = PBXFileReference; fileEncoding = 4; lastKnownFileType = text.plist.xml; path = UserDefaults.plist; sourceTree = "<group>"; };
		FADC96F11974CA0D009458FA /* PlaylistTableCellView.swift */ = {isa = PBXFileReference; fileEncoding = 4; lastKnownFileType = sourcecode.swift; path = PlaylistTableCellView.swift; sourceTree = "<group>"; };
		FADC96F31974CCFA009458FA /* MainWindow.swift */ = {isa = PBXFileReference; fileEncoding = 4; lastKnownFileType = sourcecode.swift; path = MainWindow.swift; sourceTree = "<group>"; };
		FADC96F51974D10C009458FA /* DraggableView.swift */ = {isa = PBXFileReference; fileEncoding = 4; lastKnownFileType = sourcecode.swift; path = DraggableView.swift; sourceTree = "<group>"; };
		FAF0371C197B83C800F716CE /* VolumeIconView.swift */ = {isa = PBXFileReference; fileEncoding = 4; lastKnownFileType = sourcecode.swift; path = VolumeIconView.swift; sourceTree = "<group>"; };
		FAF0372E197B8A3500F716CE /* FooterViewController.swift */ = {isa = PBXFileReference; fileEncoding = 4; lastKnownFileType = sourcecode.swift; path = FooterViewController.swift; sourceTree = "<group>"; };
		FAF507191975DA4B0097D392 /* Plug-Bridging-Header.h */ = {isa = PBXFileReference; lastKnownFileType = sourcecode.c.h; path = "Plug-Bridging-Header.h"; sourceTree = "<group>"; };
		FAF6F0951979F92900F2102B /* FlatSliderCell.swift */ = {isa = PBXFileReference; fileEncoding = 4; lastKnownFileType = sourcecode.swift; path = FlatSliderCell.swift; sourceTree = "<group>"; };
		FAF6F097197A05D300F2102B /* HoverToggleButton.swift */ = {isa = PBXFileReference; fileEncoding = 4; lastKnownFileType = sourcecode.swift; path = HoverToggleButton.swift; sourceTree = "<group>"; };
/* End PBXFileReference section */

/* Begin PBXFrameworksBuildPhase section */
		FA24ED991974A9A500A781C8 /* Frameworks */ = {
			isa = PBXFrameworksBuildPhase;
			buildActionMask = 2147483647;
			files = (
				EF4C31347D944409A29D47BF /* libPods-Plug.a in Frameworks */,
			);
			runOnlyForDeploymentPostprocessing = 0;
		};
		FA24EDAD1974A9A500A781C8 /* Frameworks */ = {
			isa = PBXFrameworksBuildPhase;
			buildActionMask = 2147483647;
			files = (
			);
			runOnlyForDeploymentPostprocessing = 0;
		};
/* End PBXFrameworksBuildPhase section */

/* Begin PBXGroup section */
		8649AE136FF74B02AB61EE0C /* Frameworks */ = {
			isa = PBXGroup;
			children = (
				8C87AD95253F47AAA335DADD /* libPods-Plug.a */,
			);
			name = Frameworks;
			sourceTree = "<group>";
		};
		FA0B1CF21976D8320030C873 /* Controllers */ = {
			isa = PBXGroup;
			children = (
				FA0B1CF61976ECF60030C873 /* MainViewController.swift */,
				FA0B1CF41976D8A70030C873 /* SidebarViewController.swift */,
				FAA51A56198060AE0057EC34 /* TitleBarViewController.swift */,
				FA24EDC21974ACAA00A781C8 /* PlaylistViewController.swift */,
				FAF0372E197B8A3500F716CE /* FooterViewController.swift */,
			);
			name = Controllers;
			sourceTree = "<group>";
		};
		FA0B1CF31976D8420030C873 /* Views */ = {
			isa = PBXGroup;
			children = (
				FADC96F31974CCFA009458FA /* MainWindow.swift */,
				FA51262E197608B1004D0776 /* SolidBackgroundColorView.swift */,
				FADC96F51974D10C009458FA /* DraggableView.swift */,
				FA51263019760B2B004D0776 /* DraggableVisualEffectsView.swift */,
				FA51263719762F66004D0776 /* NavigationButton.swift */,
				FAF6F097197A05D300F2102B /* HoverToggleButton.swift */,
				FA51263219760C7C004D0776 /* TitleBarView.swift */,
				FAF6F0951979F92900F2102B /* FlatSliderCell.swift */,
				FAF0371C197B83C800F716CE /* VolumeIconView.swift */,
				FA33002F197CB1EE0063C552 /* TransparentButton.swift */,
				FA2C85FD19779192007B1622 /* Playlist */,
			);
			name = Views;
			sourceTree = "<group>";
		};
		FA24ED931974A9A500A781C8 = {
			isa = PBXGroup;
			children = (
				FA24ED9E1974A9A500A781C8 /* Plug */,
				FA24EDB31974A9A500A781C8 /* PlugTests */,
				FA24ED9D1974A9A500A781C8 /* Products */,
				24264347031C4B3887850063 /* Pods-Plug.xcconfig */,
				8649AE136FF74B02AB61EE0C /* Frameworks */,
			);
			sourceTree = "<group>";
		};
		FA24ED9D1974A9A500A781C8 /* Products */ = {
			isa = PBXGroup;
			children = (
				FA24ED9C1974A9A500A781C8 /* Plug.app */,
				FA24EDB01974A9A500A781C8 /* PlugTests.xctest */,
			);
			name = Products;
			sourceTree = "<group>";
		};
		FA24ED9E1974A9A500A781C8 /* Plug */ = {
			isa = PBXGroup;
			children = (
				FA24EDA51974A9A500A781C8 /* AppDelegate.swift */,
				FA64C6A619764FE9003933E3 /* Constants.swift */,
				FA64C6A119764DAE003933E3 /* Models */,
				FA0B1CF31976D8420030C873 /* Views */,
				FA0B1CF21976D8320030C873 /* Controllers */,
				FA24EDA91974A9A500A781C8 /* Main.storyboard */,
				FA24EDA71974A9A500A781C8 /* Images.xcassets */,
				FA51263419761424004D0776 /* Extensions */,
				FA24ED9F1974A9A500A781C8 /* Supporting Files */,
				FAF507191975DA4B0097D392 /* Plug-Bridging-Header.h */,
				FAD4C211197CA3F2004606B5 /* UserDefaults.plist */,
			);
			path = Plug;
			sourceTree = "<group>";
		};
		FA24ED9F1974A9A500A781C8 /* Supporting Files */ = {
			isa = PBXGroup;
			children = (
				FA24EDA01974A9A500A781C8 /* Info.plist */,
				FA24EDA11974A9A500A781C8 /* main.swift */,
			);
			name = "Supporting Files";
			sourceTree = "<group>";
		};
		FA24EDB31974A9A500A781C8 /* PlugTests */ = {
			isa = PBXGroup;
			children = (
				FA24EDB61974A9A500A781C8 /* PlugTests.swift */,
				FA24EDB41974A9A500A781C8 /* Supporting Files */,
			);
			path = PlugTests;
			sourceTree = "<group>";
		};
		FA24EDB41974A9A500A781C8 /* Supporting Files */ = {
			isa = PBXGroup;
			children = (
				FA24EDB51974A9A500A781C8 /* Info.plist */,
			);
			name = "Supporting Files";
			sourceTree = "<group>";
		};
		FA2C85FD19779192007B1622 /* Playlist */ = {
			isa = PBXGroup;
			children = (
				FAA51A52198043EB0057EC34 /* PlaylistTableView.swift */,
				FADC96F11974CA0D009458FA /* PlaylistTableCellView.swift */,
				FA2C85FB1977870E007B1622 /* PlaylistTableRowView.swift */,
				FA0B1D2719770AEB0030C873 /* HeatMapView.swift */,
				FA0B1D3D1977355B0030C873 /* ColorChangingTextView.swift */,
			);
			name = Playlist;
			sourceTree = "<group>";
		};
		FA51263419761424004D0776 /* Extensions */ = {
			isa = PBXGroup;
			children = (
				FA51263519761436004D0776 /* NSColor+256ColorValues.swift */,
				FA64C6A819765323003933E3 /* Array+contains.swift */,
			);
			name = Extensions;
			sourceTree = "<group>";
		};
		FA64C6A119764DAE003933E3 /* Models */ = {
			isa = PBXGroup;
			children = (
				FA691BFE197654AF008D5C3E /* Track.swift */,
				FA0B1D2D1977109E0030C873 /* Playlist.swift */,
				FA0B1D2F197712920030C873 /* PopularPlaylist.swift */,
				FA0B1D33197719230030C873 /* FavoritesPlaylist.swift */,
				FA0B1D311977187E0030C873 /* LatestPlaylist.swift */,
				FA0B1D39197725E90030C873 /* FeedPlaylist.swift */,
				FA0B1D3B1977281A0030C873 /* SearchPlaylist.swift */,
				FA2C86001977AF2F007B1622 /* TrackGraph.swift */,
				FA64C6A219764DC9003933E3 /* HypeMachineAPI.swift */,
				FAA51A4E198023470057EC34 /* AudioPlayer.swift */,
				FAA51A58198084E50057EC34 /* NavigationSection.swift */,
			);
			name = Models;
			sourceTree = "<group>";
		};
/* End PBXGroup section */

/* Begin PBXNativeTarget section */
		FA24ED9B1974A9A500A781C8 /* Plug */ = {
			isa = PBXNativeTarget;
			buildConfigurationList = FA24EDBA1974A9A500A781C8 /* Build configuration list for PBXNativeTarget "Plug" */;
			buildPhases = (
				3AC6D0B4530F4E2C8AEE10CC /* Check Pods Manifest.lock */,
				FA24ED981974A9A500A781C8 /* Sources */,
				FA24ED991974A9A500A781C8 /* Frameworks */,
				FA24ED9A1974A9A500A781C8 /* Resources */,
				DBCD6BFCABB74E4481EA64FA /* Copy Pods Resources */,
			);
			buildRules = (
			);
			dependencies = (
			);
			name = Plug;
			productName = Plug;
			productReference = FA24ED9C1974A9A500A781C8 /* Plug.app */;
			productType = "com.apple.product-type.application";
		};
		FA24EDAF1974A9A500A781C8 /* PlugTests */ = {
			isa = PBXNativeTarget;
			buildConfigurationList = FA24EDBD1974A9A500A781C8 /* Build configuration list for PBXNativeTarget "PlugTests" */;
			buildPhases = (
				FA24EDAC1974A9A500A781C8 /* Sources */,
				FA24EDAD1974A9A500A781C8 /* Frameworks */,
				FA24EDAE1974A9A500A781C8 /* Resources */,
			);
			buildRules = (
			);
			dependencies = (
				FA24EDB21974A9A500A781C8 /* PBXTargetDependency */,
				FAF507201975DDFE0097D392 /* PBXTargetDependency */,
				FAF507221975DDFE0097D392 /* PBXTargetDependency */,
			);
			name = PlugTests;
			productName = PlugTests;
			productReference = FA24EDB01974A9A500A781C8 /* PlugTests.xctest */;
			productType = "com.apple.product-type.bundle.unit-test";
		};
/* End PBXNativeTarget section */

/* Begin PBXProject section */
		FA24ED941974A9A500A781C8 /* Project object */ = {
			isa = PBXProject;
			attributes = {
				LastUpgradeCheck = 0600;
				ORGANIZATIONNAME = Plug;
				TargetAttributes = {
					FA24ED9B1974A9A500A781C8 = {
						CreatedOnToolsVersion = 6.0;
					};
					FA24EDAF1974A9A500A781C8 = {
						CreatedOnToolsVersion = 6.0;
						TestTargetID = FA24ED9B1974A9A500A781C8;
					};
				};
			};
			buildConfigurationList = FA24ED971974A9A500A781C8 /* Build configuration list for PBXProject "Plug" */;
			compatibilityVersion = "Xcode 3.2";
			developmentRegion = English;
			hasScannedForEncodings = 0;
			knownRegions = (
				en,
				Base,
			);
			mainGroup = FA24ED931974A9A500A781C8;
			productRefGroup = FA24ED9D1974A9A500A781C8 /* Products */;
			projectDirPath = "";
			projectRoot = "";
			targets = (
				FA24ED9B1974A9A500A781C8 /* Plug */,
				FA24EDAF1974A9A500A781C8 /* PlugTests */,
			);
		};
/* End PBXProject section */

/* Begin PBXResourcesBuildPhase section */
		FA24ED9A1974A9A500A781C8 /* Resources */ = {
			isa = PBXResourcesBuildPhase;
			buildActionMask = 2147483647;
			files = (
				FA24EDA81974A9A500A781C8 /* Images.xcassets in Resources */,
				FAD4C212197CA3F2004606B5 /* UserDefaults.plist in Resources */,
				FA24EDAB1974A9A500A781C8 /* Main.storyboard in Resources */,
			);
			runOnlyForDeploymentPostprocessing = 0;
		};
		FA24EDAE1974A9A500A781C8 /* Resources */ = {
			isa = PBXResourcesBuildPhase;
			buildActionMask = 2147483647;
			files = (
			);
			runOnlyForDeploymentPostprocessing = 0;
		};
/* End PBXResourcesBuildPhase section */

/* Begin PBXShellScriptBuildPhase section */
		3AC6D0B4530F4E2C8AEE10CC /* Check Pods Manifest.lock */ = {
			isa = PBXShellScriptBuildPhase;
			buildActionMask = 2147483647;
			files = (
			);
			inputPaths = (
			);
			name = "Check Pods Manifest.lock";
			outputPaths = (
			);
			runOnlyForDeploymentPostprocessing = 0;
			shellPath = /bin/sh;
			shellScript = "diff \"${PODS_ROOT}/../Podfile.lock\" \"${PODS_ROOT}/Manifest.lock\" > /dev/null\nif [[ $? != 0 ]] ; then\n    cat << EOM\nerror: The sandbox is not in sync with the Podfile.lock. Run 'pod install' or update your CocoaPods installation.\nEOM\n    exit 1\nfi\n";
			showEnvVarsInLog = 0;
		};
		DBCD6BFCABB74E4481EA64FA /* Copy Pods Resources */ = {
			isa = PBXShellScriptBuildPhase;
			buildActionMask = 2147483647;
			files = (
			);
			inputPaths = (
			);
			name = "Copy Pods Resources";
			outputPaths = (
			);
			runOnlyForDeploymentPostprocessing = 0;
			shellPath = /bin/sh;
			shellScript = "\"${SRCROOT}/Pods/Pods-Plug-resources.sh\"\n";
			showEnvVarsInLog = 0;
		};
/* End PBXShellScriptBuildPhase section */

/* Begin PBXSourcesBuildPhase section */
		FA24ED981974A9A500A781C8 /* Sources */ = {
			isa = PBXSourcesBuildPhase;
			buildActionMask = 2147483647;
			files = (
				FA0B1CF81976ECF60030C873 /* MainViewController.swift in Sources */,
				FADC96F61974D10C009458FA /* DraggableView.swift in Sources */,
				FA0B1D3C1977281A0030C873 /* SearchPlaylist.swift in Sources */,
				FAA51A59198084E50057EC34 /* NavigationSection.swift in Sources */,
				FA64C6A919765323003933E3 /* Array+contains.swift in Sources */,
				FA24EDA61974A9A500A781C8 /* AppDelegate.swift in Sources */,
				FA2C85FC1977870E007B1622 /* PlaylistTableRowView.swift in Sources */,
				FA64C6A319764DC9003933E3 /* HypeMachineAPI.swift in Sources */,
				FA0B1D321977187E0030C873 /* LatestPlaylist.swift in Sources */,
				FAF0371D197B83C800F716CE /* VolumeIconView.swift in Sources */,
				FAA51A53198043EB0057EC34 /* PlaylistTableView.swift in Sources */,
				FAA51A4F198023470057EC34 /* AudioPlayer.swift in Sources */,
				FA0B1D3E1977355B0030C873 /* ColorChangingTextView.swift in Sources */,
				FA51263119760B2B004D0776 /* DraggableVisualEffectsView.swift in Sources */,
				FAA51A57198060AE0057EC34 /* TitleBarViewController.swift in Sources */,
				FA51263619761436004D0776 /* NSColor+256ColorValues.swift in Sources */,
				FA51263819762F66004D0776 /* NavigationButton.swift in Sources */,
				FA51262F197608B1004D0776 /* SolidBackgroundColorView.swift in Sources */,
				FA0B1D2819770AEB0030C873 /* HeatMapView.swift in Sources */,
				FAF6F0961979F92900F2102B /* FlatSliderCell.swift in Sources */,
				FA0B1D34197719230030C873 /* FavoritesPlaylist.swift in Sources */,
				FA2C86011977AF2F007B1622 /* TrackGraph.swift in Sources */,
				FAF6F098197A05D300F2102B /* HoverToggleButton.swift in Sources */,
				FA691BFF197654AF008D5C3E /* Track.swift in Sources */,
				FA51263319760C7C004D0776 /* TitleBarView.swift in Sources */,
				FA330030197CB1EE0063C552 /* TransparentButton.swift in Sources */,
				FAF0372F197B8A3500F716CE /* FooterViewController.swift in Sources */,
				FA0B1CF51976D8A70030C873 /* SidebarViewController.swift in Sources */,
				FA0B1D3A197725E90030C873 /* FeedPlaylist.swift in Sources */,
				FA24EDA21974A9A500A781C8 /* main.swift in Sources */,
				FADC96F41974CCFA009458FA /* MainWindow.swift in Sources */,
				FA0B1D2E1977109E0030C873 /* Playlist.swift in Sources */,
				FA24EDC31974ACAA00A781C8 /* PlaylistViewController.swift in Sources */,
				FADC96F21974CA0D009458FA /* PlaylistTableCellView.swift in Sources */,
				FA0B1D30197712920030C873 /* PopularPlaylist.swift in Sources */,
				FA64C6A719764FE9003933E3 /* Constants.swift in Sources */,
			);
			runOnlyForDeploymentPostprocessing = 0;
		};
		FA24EDAC1974A9A500A781C8 /* Sources */ = {
			isa = PBXSourcesBuildPhase;
			buildActionMask = 2147483647;
			files = (
				FA24EDB71974A9A500A781C8 /* PlugTests.swift in Sources */,
			);
			runOnlyForDeploymentPostprocessing = 0;
		};
/* End PBXSourcesBuildPhase section */

/* Begin PBXTargetDependency section */
		FA24EDB21974A9A500A781C8 /* PBXTargetDependency */ = {
			isa = PBXTargetDependency;
			target = FA24ED9B1974A9A500A781C8 /* Plug */;
			targetProxy = FA24EDB11974A9A500A781C8 /* PBXContainerItemProxy */;
		};
		FAF507201975DDFE0097D392 /* PBXTargetDependency */ = {
			isa = PBXTargetDependency;
			target = FA24ED9B1974A9A500A781C8 /* Plug */;
			targetProxy = FAF5071F1975DDFE0097D392 /* PBXContainerItemProxy */;
		};
		FAF507221975DDFE0097D392 /* PBXTargetDependency */ = {
			isa = PBXTargetDependency;
			target = FA24ED9B1974A9A500A781C8 /* Plug */;
			targetProxy = FAF507211975DDFE0097D392 /* PBXContainerItemProxy */;
		};
/* End PBXTargetDependency section */

/* Begin PBXVariantGroup section */
		FA24EDA91974A9A500A781C8 /* Main.storyboard */ = {
			isa = PBXVariantGroup;
			children = (
				FA24EDAA1974A9A500A781C8 /* Base */,
			);
			name = Main.storyboard;
			sourceTree = "<group>";
		};
/* End PBXVariantGroup section */

/* Begin XCBuildConfiguration section */
		FA24EDB81974A9A500A781C8 /* Debug */ = {
			isa = XCBuildConfiguration;
			buildSettings = {
				ALWAYS_SEARCH_USER_PATHS = NO;
				CLANG_CXX_LANGUAGE_STANDARD = "gnu++0x";
				CLANG_CXX_LIBRARY = "libc++";
				CLANG_ENABLE_MODULES = YES;
				CLANG_ENABLE_OBJC_ARC = YES;
				CLANG_WARN_BOOL_CONVERSION = YES;
				CLANG_WARN_CONSTANT_CONVERSION = YES;
				CLANG_WARN_DIRECT_OBJC_ISA_USAGE = YES_ERROR;
				CLANG_WARN_EMPTY_BODY = YES;
				CLANG_WARN_ENUM_CONVERSION = YES;
				CLANG_WARN_INT_CONVERSION = YES;
				CLANG_WARN_OBJC_ROOT_CLASS = YES_ERROR;
				CLANG_WARN_UNREACHABLE_CODE = YES;
				CLANG_WARN__DUPLICATE_METHOD_MATCH = YES;
				CODE_SIGN_IDENTITY = "-";
				COPY_PHASE_STRIP = NO;
				ENABLE_STRICT_OBJC_MSGSEND = YES;
				GCC_C_LANGUAGE_STANDARD = gnu99;
				GCC_DYNAMIC_NO_PIC = NO;
				GCC_OPTIMIZATION_LEVEL = 0;
				GCC_PREPROCESSOR_DEFINITIONS = (
					"DEBUG=1",
					"$(inherited)",
				);
				GCC_SYMBOLS_PRIVATE_EXTERN = NO;
				GCC_WARN_64_TO_32_BIT_CONVERSION = YES;
				GCC_WARN_ABOUT_RETURN_TYPE = YES_ERROR;
				GCC_WARN_UNDECLARED_SELECTOR = YES;
				GCC_WARN_UNINITIALIZED_AUTOS = YES_AGGRESSIVE;
				GCC_WARN_UNUSED_FUNCTION = YES;
				GCC_WARN_UNUSED_VARIABLE = YES;
				MACOSX_DEPLOYMENT_TARGET = 10.10;
				MTL_ENABLE_DEBUG_INFO = YES;
				ONLY_ACTIVE_ARCH = YES;
				SDKROOT = macosx;
				SWIFT_OPTIMIZATION_LEVEL = "-Onone";
			};
			name = Debug;
		};
		FA24EDB91974A9A500A781C8 /* Release */ = {
			isa = XCBuildConfiguration;
			buildSettings = {
				ALWAYS_SEARCH_USER_PATHS = NO;
				CLANG_CXX_LANGUAGE_STANDARD = "gnu++0x";
				CLANG_CXX_LIBRARY = "libc++";
				CLANG_ENABLE_MODULES = YES;
				CLANG_ENABLE_OBJC_ARC = YES;
				CLANG_WARN_BOOL_CONVERSION = YES;
				CLANG_WARN_CONSTANT_CONVERSION = YES;
				CLANG_WARN_DIRECT_OBJC_ISA_USAGE = YES_ERROR;
				CLANG_WARN_EMPTY_BODY = YES;
				CLANG_WARN_ENUM_CONVERSION = YES;
				CLANG_WARN_INT_CONVERSION = YES;
				CLANG_WARN_OBJC_ROOT_CLASS = YES_ERROR;
				CLANG_WARN_UNREACHABLE_CODE = YES;
				CLANG_WARN__DUPLICATE_METHOD_MATCH = YES;
				CODE_SIGN_IDENTITY = "-";
				COPY_PHASE_STRIP = YES;
				DEBUG_INFORMATION_FORMAT = "dwarf-with-dsym";
				ENABLE_NS_ASSERTIONS = NO;
				ENABLE_STRICT_OBJC_MSGSEND = YES;
				GCC_C_LANGUAGE_STANDARD = gnu99;
				GCC_WARN_64_TO_32_BIT_CONVERSION = YES;
				GCC_WARN_ABOUT_RETURN_TYPE = YES_ERROR;
				GCC_WARN_UNDECLARED_SELECTOR = YES;
				GCC_WARN_UNINITIALIZED_AUTOS = YES_AGGRESSIVE;
				GCC_WARN_UNUSED_FUNCTION = YES;
				GCC_WARN_UNUSED_VARIABLE = YES;
				MACOSX_DEPLOYMENT_TARGET = 10.10;
				MTL_ENABLE_DEBUG_INFO = NO;
				SDKROOT = macosx;
			};
			name = Release;
		};
		FA24EDBB1974A9A500A781C8 /* Debug */ = {
			isa = XCBuildConfiguration;
			baseConfigurationReference = 24264347031C4B3887850063 /* Pods-Plug.xcconfig */;
			buildSettings = {
				ASSETCATALOG_COMPILER_APPICON_NAME = AppIcon;
				CLANG_ENABLE_MODULES = YES;
				"CODE_SIGN_IDENTITY[sdk=macosx*]" = "Mac Developer";
				COMBINE_HIDPI_IMAGES = YES;
				INFOPLIST_FILE = Plug/Info.plist;
				LD_RUNPATH_SEARCH_PATHS = "$(inherited) @executable_path/../Frameworks";
				PRODUCT_NAME = "$(TARGET_NAME)";
				PROVISIONING_PROFILE = "";
				SWIFT_OBJC_BRIDGING_HEADER = "Plug/Plug-Bridging-Header.h";
				SWIFT_OPTIMIZATION_LEVEL = "-Onone";
			};
			name = Debug;
		};
		FA24EDBC1974A9A500A781C8 /* Release */ = {
			isa = XCBuildConfiguration;
			baseConfigurationReference = 24264347031C4B3887850063 /* Pods-Plug.xcconfig */;
			buildSettings = {
				ASSETCATALOG_COMPILER_APPICON_NAME = AppIcon;
				CLANG_ENABLE_MODULES = YES;
				"CODE_SIGN_IDENTITY[sdk=macosx*]" = "Mac Developer";
				COMBINE_HIDPI_IMAGES = YES;
				INFOPLIST_FILE = Plug/Info.plist;
				LD_RUNPATH_SEARCH_PATHS = "$(inherited) @executable_path/../Frameworks";
				PRODUCT_NAME = "$(TARGET_NAME)";
				PROVISIONING_PROFILE = "";
				SWIFT_OBJC_BRIDGING_HEADER = "Plug/Plug-Bridging-Header.h";
				SWIFT_OPTIMIZATION_LEVEL = "-Onone";
			};
			name = Release;
		};
		FA24EDBE1974A9A500A781C8 /* Debug */ = {
			isa = XCBuildConfiguration;
			buildSettings = {
				BUNDLE_LOADER = "$(BUILT_PRODUCTS_DIR)/Plug.app/Contents/MacOS/Plug";
				COMBINE_HIDPI_IMAGES = YES;
				FRAMEWORK_SEARCH_PATHS = (
					"$(DEVELOPER_FRAMEWORKS_DIR)",
					"$(inherited)",
				);
				GCC_PREPROCESSOR_DEFINITIONS = (
					"DEBUG=1",
					"$(inherited)",
				);
				INFOPLIST_FILE = PlugTests/Info.plist;
				LD_RUNPATH_SEARCH_PATHS = "$(inherited) @executable_path/../Frameworks @loader_path/../Frameworks";
				PRODUCT_NAME = "$(TARGET_NAME)";
				TEST_HOST = "$(BUNDLE_LOADER)";
			};
			name = Debug;
		};
		FA24EDBF1974A9A500A781C8 /* Release */ = {
			isa = XCBuildConfiguration;
			buildSettings = {
				BUNDLE_LOADER = "$(BUILT_PRODUCTS_DIR)/Plug.app/Contents/MacOS/Plug";
				COMBINE_HIDPI_IMAGES = YES;
				FRAMEWORK_SEARCH_PATHS = (
					"$(DEVELOPER_FRAMEWORKS_DIR)",
					"$(inherited)",
				);
				INFOPLIST_FILE = PlugTests/Info.plist;
				LD_RUNPATH_SEARCH_PATHS = "$(inherited) @executable_path/../Frameworks @loader_path/../Frameworks";
				PRODUCT_NAME = "$(TARGET_NAME)";
				TEST_HOST = "$(BUNDLE_LOADER)";
			};
			name = Release;
		};
/* End XCBuildConfiguration section */

/* Begin XCConfigurationList section */
		FA24ED971974A9A500A781C8 /* Build configuration list for PBXProject "Plug" */ = {
			isa = XCConfigurationList;
			buildConfigurations = (
				FA24EDB81974A9A500A781C8 /* Debug */,
				FA24EDB91974A9A500A781C8 /* Release */,
			);
			defaultConfigurationIsVisible = 0;
			defaultConfigurationName = Release;
		};
		FA24EDBA1974A9A500A781C8 /* Build configuration list for PBXNativeTarget "Plug" */ = {
			isa = XCConfigurationList;
			buildConfigurations = (
				FA24EDBB1974A9A500A781C8 /* Debug */,
				FA24EDBC1974A9A500A781C8 /* Release */,
			);
			defaultConfigurationIsVisible = 0;
			defaultConfigurationName = Release;
		};
		FA24EDBD1974A9A500A781C8 /* Build configuration list for PBXNativeTarget "PlugTests" */ = {
			isa = XCConfigurationList;
			buildConfigurations = (
				FA24EDBE1974A9A500A781C8 /* Debug */,
				FA24EDBF1974A9A500A781C8 /* Release */,
			);
			defaultConfigurationIsVisible = 0;
			defaultConfigurationName = Release;
		};
/* End XCConfigurationList section */
	};
	rootObject = FA24ED941974A9A500A781C8 /* Project object */;
}
