// !$*UTF8*$!
{
	archiveVersion = 1;
	classes = {
	};
	objectVersion = 46;
	objects = {

/* Begin PBXBuildFile section */
		EF4C31347D944409A29D47BF /* libPods-Plug.a in Frameworks */ = {isa = PBXBuildFile; fileRef = 8C87AD95253F47AAA335DADD /* libPods-Plug.a */; };
		FA0B1CF51976D8A70030C873 /* SidebarViewController.swift in Sources */ = {isa = PBXBuildFile; fileRef = FA0B1CF41976D8A70030C873 /* SidebarViewController.swift */; };
		FA0B1CF81976ECF60030C873 /* MainViewController.swift in Sources */ = {isa = PBXBuildFile; fileRef = FA0B1CF61976ECF60030C873 /* MainViewController.swift */; };
		FA0B1D2819770AEB0030C873 /* HeatMapView.swift in Sources */ = {isa = PBXBuildFile; fileRef = FA0B1D2719770AEB0030C873 /* HeatMapView.swift */; };
		FA0B1D2E1977109E0030C873 /* Playlist.swift in Sources */ = {isa = PBXBuildFile; fileRef = FA0B1D2D1977109E0030C873 /* Playlist.swift */; };
		FA0B1D30197712920030C873 /* PopularPlaylist.swift in Sources */ = {isa = PBXBuildFile; fileRef = FA0B1D2F197712920030C873 /* PopularPlaylist.swift */; };
		FA0B1D321977187E0030C873 /* LatestPlaylist.swift in Sources */ = {isa = PBXBuildFile; fileRef = FA0B1D311977187E0030C873 /* LatestPlaylist.swift */; };
		FA0B1D34197719230030C873 /* FavoritesPlaylist.swift in Sources */ = {isa = PBXBuildFile; fileRef = FA0B1D33197719230030C873 /* FavoritesPlaylist.swift */; };
		FA0B1D3A197725E90030C873 /* FeedPlaylist.swift in Sources */ = {isa = PBXBuildFile; fileRef = FA0B1D39197725E90030C873 /* FeedPlaylist.swift */; };
		FA0B1D3C1977281A0030C873 /* SearchPlaylist.swift in Sources */ = {isa = PBXBuildFile; fileRef = FA0B1D3B1977281A0030C873 /* SearchPlaylist.swift */; };
		FA0B1D3E1977355B0030C873 /* ColorChangingTextField.swift in Sources */ = {isa = PBXBuildFile; fileRef = FA0B1D3D1977355B0030C873 /* ColorChangingTextField.swift */; };
		FA15319819C23DBD004DB074 /* MediaKeyHandler.swift in Sources */ = {isa = PBXBuildFile; fileRef = FA15319719C23DBD004DB074 /* MediaKeyHandler.swift */; };
		FA18A8E219A2F27000B7CFDC /* SearchPlaylistDataSource.swift in Sources */ = {isa = PBXBuildFile; fileRef = FA18A8E119A2F27000B7CFDC /* SearchPlaylistDataSource.swift */; };
		FA18A8E419A303CC00B7CFDC /* Regex.swift in Sources */ = {isa = PBXBuildFile; fileRef = FA18A8E319A303CC00B7CFDC /* Regex.swift */; };
		FA222A8419BCBC07005A631F /* CircleMaskImageView.swift in Sources */ = {isa = PBXBuildFile; fileRef = FA222A8319BCBC07005A631F /* CircleMaskImageView.swift */; };
		FA222A8619BCC947005A631F /* BaseContentViewController.swift in Sources */ = {isa = PBXBuildFile; fileRef = FA222A8519BCC947005A631F /* BaseContentViewController.swift */; };
		FA222A8A19BCEFE0005A631F /* TrackContextMenuController.swift in Sources */ = {isa = PBXBuildFile; fileRef = FA222A8819BCEFE0005A631F /* TrackContextMenuController.swift */; };
		FA222A8B19BCEFE0005A631F /* TrackContextMenuController.xib in Resources */ = {isa = PBXBuildFile; fileRef = FA222A8919BCEFE0005A631F /* TrackContextMenuController.xib */; };
		FA24EDA21974A9A500A781C8 /* main.swift in Sources */ = {isa = PBXBuildFile; fileRef = FA24EDA11974A9A500A781C8 /* main.swift */; };
		FA24EDA61974A9A500A781C8 /* AppDelegate.swift in Sources */ = {isa = PBXBuildFile; fileRef = FA24EDA51974A9A500A781C8 /* AppDelegate.swift */; };
		FA24EDA81974A9A500A781C8 /* Images.xcassets in Resources */ = {isa = PBXBuildFile; fileRef = FA24EDA71974A9A500A781C8 /* Images.xcassets */; };
		FA24EDAB1974A9A500A781C8 /* Main.storyboard in Resources */ = {isa = PBXBuildFile; fileRef = FA24EDA91974A9A500A781C8 /* Main.storyboard */; };
		FA24EDB71974A9A500A781C8 /* PlugTests.swift in Sources */ = {isa = PBXBuildFile; fileRef = FA24EDB61974A9A500A781C8 /* PlugTests.swift */; };
		FA24EDC31974ACAA00A781C8 /* BasePlaylistViewController.swift in Sources */ = {isa = PBXBuildFile; fileRef = FA24EDC21974ACAA00A781C8 /* BasePlaylistViewController.swift */; };
		FA2C86011977AF2F007B1622 /* HeatMap.swift in Sources */ = {isa = PBXBuildFile; fileRef = FA2C86001977AF2F007B1622 /* HeatMap.swift */; };
		FA3199AD198247980097B081 /* BlogDirectoryViewController.swift in Sources */ = {isa = PBXBuildFile; fileRef = FA3199AC198247970097B081 /* BlogDirectoryViewController.swift */; };
		FA3199AF19824E030097B081 /* Blog.swift in Sources */ = {isa = PBXBuildFile; fileRef = FA3199AE19824E030097B081 /* Blog.swift */; };
		FA32B868198ACFAF00D29817 /* SectionHeader.swift in Sources */ = {isa = PBXBuildFile; fileRef = FA32B867198ACFAF00D29817 /* SectionHeader.swift */; };
		FA330030197CB1EE0063C552 /* TransparentButton.swift in Sources */ = {isa = PBXBuildFile; fileRef = FA33002F197CB1EE0063C552 /* TransparentButton.swift */; };
		FA33F43419E67FB200FF7649 /* PostInfoTextField.swift in Sources */ = {isa = PBXBuildFile; fileRef = FA33F43319E67FB200FF7649 /* PostInfoTextField.swift */; };
		FA34171B19D4DE37006F706D /* UserNotificationHandler.swift in Sources */ = {isa = PBXBuildFile; fileRef = FA34171A19D4DE37006F706D /* UserNotificationHandler.swift */; };
		FA3986E219AB13E1001B216E /* GeneralPreferencesViewController.swift in Sources */ = {isa = PBXBuildFile; fileRef = FA3986E119AB13E1001B216E /* GeneralPreferencesViewController.swift */; };
		FA3986E419AB13F8001B216E /* HotkeysPreferencesViewController.swift in Sources */ = {isa = PBXBuildFile; fileRef = FA3986E319AB13F8001B216E /* HotkeysPreferencesViewController.swift */; };
		FA3986E619AB140D001B216E /* MutedPreferencesViewController.swift in Sources */ = {isa = PBXBuildFile; fileRef = FA3986E519AB140D001B216E /* MutedPreferencesViewController.swift */; };
		FA410CF419A40C2600E71B20 /* Plug.iconset in Resources */ = {isa = PBXBuildFile; fileRef = FA410CF319A40C2600E71B20 /* Plug.iconset */; };
		FA4C44F719A6C8BE0052D506 /* Login.storyboard in Resources */ = {isa = PBXBuildFile; fileRef = FA4C44F619A6C8BE0052D506 /* Login.storyboard */; };
		FA4C44F919A6C9B70052D506 /* LoginViewController.swift in Sources */ = {isa = PBXBuildFile; fileRef = FA4C44F819A6C9B70052D506 /* LoginViewController.swift */; };
		FA4C44FB19A6D17A0052D506 /* MainMenu.storyboard in Resources */ = {isa = PBXBuildFile; fileRef = FA4C44FA19A6D17A0052D506 /* MainMenu.storyboard */; };
		FA50280319C02EE800E3C84E /* Analytics.swift in Sources */ = {isa = PBXBuildFile; fileRef = FA50280219C02EE800E3C84E /* Analytics.swift */; };
		FA51263119760B2B004D0776 /* DraggableVisualEffectsView.swift in Sources */ = {isa = PBXBuildFile; fileRef = FA51263019760B2B004D0776 /* DraggableVisualEffectsView.swift */; };
		FA51263619761436004D0776 /* NSColor+256ColorValues.swift in Sources */ = {isa = PBXBuildFile; fileRef = FA51263519761436004D0776 /* NSColor+256ColorValues.swift */; };
		FA5394F019AF6B0F006A95A5 /* SwissArmyButton.swift in Sources */ = {isa = PBXBuildFile; fileRef = FA5394EF19AF6B0F006A95A5 /* SwissArmyButton.swift */; };
		FA5394F419AF7339006A95A5 /* SwissArmyButtonCell.swift in Sources */ = {isa = PBXBuildFile; fileRef = FA5394F319AF7339006A95A5 /* SwissArmyButtonCell.swift */; };
		FA5394FA19AFA065006A95A5 /* Animations.swift in Sources */ = {isa = PBXBuildFile; fileRef = FA5394F919AFA065006A95A5 /* Animations.swift */; };
		FA5394FC19AFA903006A95A5 /* LoginButtonImageView.swift in Sources */ = {isa = PBXBuildFile; fileRef = FA5394FB19AFA903006A95A5 /* LoginButtonImageView.swift */; };
		FA5394FE19AFB24C006A95A5 /* LoginButton.swift in Sources */ = {isa = PBXBuildFile; fileRef = FA5394FD19AFB24C006A95A5 /* LoginButton.swift */; };
		FA53950219AFC50D006A95A5 /* PlugJSONResponseSerializer.swift in Sources */ = {isa = PBXBuildFile; fileRef = FA53950119AFC50D006A95A5 /* PlugJSONResponseSerializer.swift */; };
		FA53950419AFFE31006A95A5 /* HeatMapPlaylistTableCellView.swift in Sources */ = {isa = PBXBuildFile; fileRef = FA53950319AFFE31006A95A5 /* HeatMapPlaylistTableCellView.swift */; };
		FA53950719AFFF01006A95A5 /* BasePlaylistTableCellView.swift in Sources */ = {isa = PBXBuildFile; fileRef = FA53950619AFFF01006A95A5 /* BasePlaylistTableCellView.swift */; };
		FA53950919B01E47006A95A5 /* LovedCountFormatter.swift in Sources */ = {isa = PBXBuildFile; fileRef = FA53950819B01E47006A95A5 /* LovedCountFormatter.swift */; };
		FA53951219B0583D006A95A5 /* PostInfoFormatter.swift in Sources */ = {isa = PBXBuildFile; fileRef = FA53951119B0583D006A95A5 /* PostInfoFormatter.swift */; };
		FA58FE0819B269F100C16D89 /* FooterBackgroundView.swift in Sources */ = {isa = PBXBuildFile; fileRef = FA58FE0719B269F100C16D89 /* FooterBackgroundView.swift */; };
		FA64C6A319764DC9003933E3 /* HypeMachineAPI.swift in Sources */ = {isa = PBXBuildFile; fileRef = FA64C6A219764DC9003933E3 /* HypeMachineAPI.swift */; };
		FA64C6A719764FE9003933E3 /* Constants.swift in Sources */ = {isa = PBXBuildFile; fileRef = FA64C6A619764FE9003933E3 /* Constants.swift */; };
		FA64C6A919765323003933E3 /* Array+contains.swift in Sources */ = {isa = PBXBuildFile; fileRef = FA64C6A819765323003933E3 /* Array+contains.swift */; };
		FA666D5C19B3950D00AA0AA1 /* ITSwitch.m in Sources */ = {isa = PBXBuildFile; fileRef = FA666D5A19B3950D00AA0AA1 /* ITSwitch.m */; };
		FA666D5E19B3FCC900AA0AA1 /* GeneralPreferencesTableCellView.swift in Sources */ = {isa = PBXBuildFile; fileRef = FA666D5D19B3FCC900AA0AA1 /* GeneralPreferencesTableCellView.swift */; };
		FA666D6019B408B600AA0AA1 /* UserNotifications.swift in Sources */ = {isa = PBXBuildFile; fileRef = FA666D5F19B408B600AA0AA1 /* UserNotifications.swift */; };
		FA67371819E44C0D009BF6D2 /* TagButton.swift in Sources */ = {isa = PBXBuildFile; fileRef = FA67371719E44C0D009BF6D2 /* TagButton.swift */; };
		FA67371A19E44D1B009BF6D2 /* TagButtonCell.swift in Sources */ = {isa = PBXBuildFile; fileRef = FA67371919E44D1B009BF6D2 /* TagButtonCell.swift */; };
		FA691BFF197654AF008D5C3E /* Track.swift in Sources */ = {isa = PBXBuildFile; fileRef = FA691BFE197654AF008D5C3E /* Track.swift */; };
		FA6ADCF419BA69C300CCD371 /* SingleBlogImageView.swift in Sources */ = {isa = PBXBuildFile; fileRef = FA6ADCF319BA69C300CCD371 /* SingleBlogImageView.swift */; };
		FA6ADCF719BA705300CCD371 /* SLColorArt.m in Sources */ = {isa = PBXBuildFile; fileRef = FA6ADCF519BA705300CCD371 /* SLColorArt.m */; };
		FA6ADCF919BA886C00CCD371 /* BlogPlaylistDataSource.swift in Sources */ = {isa = PBXBuildFile; fileRef = FA6ADCF819BA886C00CCD371 /* BlogPlaylistDataSource.swift */; };
		FA6ADCFB19BA8B9600CCD371 /* SingleBlogViewFormatter.swift in Sources */ = {isa = PBXBuildFile; fileRef = FA6ADCFA19BA8B9600CCD371 /* SingleBlogViewFormatter.swift */; };
		FA6ADCFD19BA935C00CCD371 /* ViewPlacementHelper.swift in Sources */ = {isa = PBXBuildFile; fileRef = FA6ADCFC19BA935C00CCD371 /* ViewPlacementHelper.swift */; };
		FA6ADD0119BAAB5E00CCD371 /* LoaderViewController.swift in Sources */ = {isa = PBXBuildFile; fileRef = FA6ADD0019BAAB5E00CCD371 /* LoaderViewController.swift */; };
		FA6ADD0319BAB0E300CCD371 /* SingleFriendViewController.swift in Sources */ = {isa = PBXBuildFile; fileRef = FA6ADD0219BAB0E300CCD371 /* SingleFriendViewController.swift */; };
		FA6E0CF719AB15DE00A077F0 /* UnderlinedTabButtonCell.swift in Sources */ = {isa = PBXBuildFile; fileRef = FA6E0CF619AB15DE00A077F0 /* UnderlinedTabButtonCell.swift */; };
		FA70FC6A19AAE6740048C866 /* ColoredTitleButton.swift in Sources */ = {isa = PBXBuildFile; fileRef = FA70FC6919AAE6740048C866 /* ColoredTitleButton.swift */; };
		FA72C14B19C03FD400FFB002 /* GoogleAnalytics.swift in Sources */ = {isa = PBXBuildFile; fileRef = FA72C14A19C03FD400FFB002 /* GoogleAnalytics.swift */; };
		FA72C14F19C0524000FFB002 /* Dictionary+merge.swift in Sources */ = {isa = PBXBuildFile; fileRef = FA72C14E19C0524000FFB002 /* Dictionary+merge.swift */; };
		FA76FCC519DF414E0022BB09 /* SelectableTextField.swift in Sources */ = {isa = PBXBuildFile; fileRef = FA76FCC419DF414E0022BB09 /* SelectableTextField.swift */; };
		FA774994198B46770048863F /* BackgroundBorderView.swift in Sources */ = {isa = PBXBuildFile; fileRef = FA774993198B46770048863F /* BackgroundBorderView.swift */; };
		FA774996198B4CF00048863F /* IOSStyleTableRowView.swift in Sources */ = {isa = PBXBuildFile; fileRef = FA774995198B4CF00048863F /* IOSStyleTableRowView.swift */; };
		FA77499A198C07110048863F /* GenresViewController.swift in Sources */ = {isa = PBXBuildFile; fileRef = FA774999198C07110048863F /* GenresViewController.swift */; };
		FA77499C198C07D10048863F /* Genre.swift in Sources */ = {isa = PBXBuildFile; fileRef = FA77499B198C07D10048863F /* Genre.swift */; };
		FA77499E198C0D180048863F /* SearchViewController.swift in Sources */ = {isa = PBXBuildFile; fileRef = FA77499D198C0D180048863F /* SearchViewController.swift */; };
		FA7749A1198C1CAA0048863F /* FriendsViewController.swift in Sources */ = {isa = PBXBuildFile; fileRef = FA77499F198C1CAA0048863F /* FriendsViewController.swift */; };
		FA7749A4198C1EBD0048863F /* Friend.swift in Sources */ = {isa = PBXBuildFile; fileRef = FA7749A3198C1EBD0048863F /* Friend.swift */; };
		FA7B3CB9199B626B008E8B01 /* SidebarOverlayView.swift in Sources */ = {isa = PBXBuildFile; fileRef = FA7B3CB8199B626B008E8B01 /* SidebarOverlayView.swift */; };
		FA7C4977198ABD3300A38B27 /* GroupRowView.swift in Sources */ = {isa = PBXBuildFile; fileRef = FA7C4976198ABD3300A38B27 /* GroupRowView.swift */; };
		FA7C5CCD19BD4E9A002239AB /* SoundCloudAPI.swift in Sources */ = {isa = PBXBuildFile; fileRef = FA7C5CCC19BD4E9A002239AB /* SoundCloudAPI.swift */; };
		FA7C5CCF19BD4F2D002239AB /* HTTP.swift in Sources */ = {isa = PBXBuildFile; fileRef = FA7C5CCE19BD4F2D002239AB /* HTTP.swift */; };
		FA7C5CD119BD5724002239AB /* String+getSubstringBetweenPrefix.swift in Sources */ = {isa = PBXBuildFile; fileRef = FA7C5CD019BD5724002239AB /* String+getSubstringBetweenPrefix.swift */; };
		FA8EC5D919C4F70B0092FC49 /* Range+contains.swift in Sources */ = {isa = PBXBuildFile; fileRef = FA8EC5D819C4F70B0092FC49 /* Range+contains.swift */; };
		FA933F9719ACE69A00085E75 /* HyperlinkButton.swift in Sources */ = {isa = PBXBuildFile; fileRef = FA933F9619ACE69A00085E75 /* HyperlinkButton.swift */; };
		FA99EED119D0210F008C9C4A /* NSObject+SPInvocationGrabbing.m in Sources */ = {isa = PBXBuildFile; fileRef = FA99EECB19D0210F008C9C4A /* NSObject+SPInvocationGrabbing.m */; settings = {COMPILER_FLAGS = "-fno-objc-arc"; }; };
		FA99EED219D0210F008C9C4A /* SPMediaKeyTap.m in Sources */ = {isa = PBXBuildFile; fileRef = FA99EECD19D0210F008C9C4A /* SPMediaKeyTap.m */; settings = {COMPILER_FLAGS = "-fno-objc-arc"; }; };
		FA9A2F3119B66C6F0057080C /* NavigationController.swift in Sources */ = {isa = PBXBuildFile; fileRef = FA9A2F3019B66C6F0057080C /* NavigationController.swift */; };
		FA9A2F3319B66C760057080C /* NavigationBar.swift in Sources */ = {isa = PBXBuildFile; fileRef = FA9A2F3219B66C760057080C /* NavigationBar.swift */; };
		FA9A2F3619B66D7D0057080C /* PlugNavigationController.swift in Sources */ = {isa = PBXBuildFile; fileRef = FA9A2F3419B66D7D0057080C /* PlugNavigationController.swift */; };
		FA9A2F3A19B6893A0057080C /* IOSStyleTableCellView.swift in Sources */ = {isa = PBXBuildFile; fileRef = FA9A2F3919B6893A0057080C /* IOSStyleTableCellView.swift */; };
		FA9A2F4619B6ACA70057080C /* ArtistPlaylistDataSource.swift in Sources */ = {isa = PBXBuildFile; fileRef = FA9A2F4519B6ACA70057080C /* ArtistPlaylistDataSource.swift */; };
		FA9A2F4A19B783B30057080C /* BackButtonCell.swift in Sources */ = {isa = PBXBuildFile; fileRef = FA9A2F4919B783B30057080C /* BackButtonCell.swift */; };
		FA9A2F4C19B794570057080C /* GenrePlaylistDataSource.swift in Sources */ = {isa = PBXBuildFile; fileRef = FA9A2F4B19B794570057080C /* GenrePlaylistDataSource.swift */; };
		FA9EA038199ACAAA00D9AB8A /* PopularPlaylistDataSource.swift in Sources */ = {isa = PBXBuildFile; fileRef = FA9EA037199ACAAA00D9AB8A /* PopularPlaylistDataSource.swift */; };
		FA9EA03A199AD25800D9AB8A /* LatestPlaylistDataSource.swift in Sources */ = {isa = PBXBuildFile; fileRef = FA9EA039199AD25800D9AB8A /* LatestPlaylistDataSource.swift */; };
		FA9EA03C199AEC0A00D9AB8A /* FavoritesPlaylistDataSource.swift in Sources */ = {isa = PBXBuildFile; fileRef = FA9EA03B199AEC0A00D9AB8A /* FavoritesPlaylistDataSource.swift */; };
		FA9EA03E199AF00900D9AB8A /* BlogDirectoryDataSource.swift in Sources */ = {isa = PBXBuildFile; fileRef = FA9EA03D199AF00900D9AB8A /* BlogDirectoryDataSource.swift */; };
		FA9EA040199AFC4100D9AB8A /* FeedPlaylistDataSource.swift in Sources */ = {isa = PBXBuildFile; fileRef = FA9EA03F199AFC4100D9AB8A /* FeedPlaylistDataSource.swift */; };
		FA9EA042199B08E100D9AB8A /* GenresDataSource.swift in Sources */ = {isa = PBXBuildFile; fileRef = FA9EA041199B08E100D9AB8A /* GenresDataSource.swift */; };
		FA9EA045199B0F4200D9AB8A /* FriendsDataSource.swift in Sources */ = {isa = PBXBuildFile; fileRef = FA9EA044199B0F4200D9AB8A /* FriendsDataSource.swift */; };
		FAA34A8919B2CF620038868A /* BasePlaylistDataSource.swift in Sources */ = {isa = PBXBuildFile; fileRef = FAA34A8819B2CF620038868A /* BasePlaylistDataSource.swift */; };
		FAA34A8D19B2E27F0038868A /* PopularPlaylistViewController.swift in Sources */ = {isa = PBXBuildFile; fileRef = FAA34A8C19B2E27F0038868A /* PopularPlaylistViewController.swift */; };
		FAA34A8F19B2E3C00038868A /* FeedPlaylistViewController.swift in Sources */ = {isa = PBXBuildFile; fileRef = FAA34A8E19B2E3C00038868A /* FeedPlaylistViewController.swift */; };
		FAA34A9119B2E3EC0038868A /* LatestPlaylistViewController.swift in Sources */ = {isa = PBXBuildFile; fileRef = FAA34A9019B2E3EC0038868A /* LatestPlaylistViewController.swift */; };
		FAA34A9319B2E4090038868A /* FavoritesPlaylistViewController.swift in Sources */ = {isa = PBXBuildFile; fileRef = FAA34A9219B2E4090038868A /* FavoritesPlaylistViewController.swift */; };
		FAA34A9519B2F0450038868A /* Async.swift in Sources */ = {isa = PBXBuildFile; fileRef = FAA34A9419B2F0450038868A /* Async.swift */; };
		FAA51A4F198023470057EC34 /* AudioPlayer.swift in Sources */ = {isa = PBXBuildFile; fileRef = FAA51A4E198023470057EC34 /* AudioPlayer.swift */; };
		FAA51A57198060AE0057EC34 /* TitleBarViewController.swift in Sources */ = {isa = PBXBuildFile; fileRef = FAA51A56198060AE0057EC34 /* TitleBarViewController.swift */; };
		FAA51A59198084E50057EC34 /* NavigationSection.swift in Sources */ = {isa = PBXBuildFile; fileRef = FAA51A58198084E50057EC34 /* NavigationSection.swift */; };
		FAA51A5B1980D4FC0057EC34 /* Error.swift in Sources */ = {isa = PBXBuildFile; fileRef = FAA51A5A1980D4FC0057EC34 /* Error.swift */; };
		FAAC8DAE19E4A1A300B1231B /* TagContainerView.swift in Sources */ = {isa = PBXBuildFile; fileRef = FAAC8DAD19E4A1A300B1231B /* TagContainerView.swift */; };
		FAACE4BE19ABEA4600F8E9E8 /* Logger.swift in Sources */ = {isa = PBXBuildFile; fileRef = FAACE4BD19ABEA4600F8E9E8 /* Logger.swift */; };
		FAACE4C219AC0A0900F8E9E8 /* VibrantTextField.swift in Sources */ = {isa = PBXBuildFile; fileRef = FAACE4C119AC0A0900F8E9E8 /* VibrantTextField.swift */; };
		FAACE4C419AC2ADD00F8E9E8 /* SignUpButtonCell.swift in Sources */ = {isa = PBXBuildFile; fileRef = FAACE4C319AC2ADD00F8E9E8 /* SignUpButtonCell.swift */; };
		FAACE4C619AC30C500F8E9E8 /* ForgotPasswordButtonCell.swift in Sources */ = {isa = PBXBuildFile; fileRef = FAACE4C519AC30C500F8E9E8 /* ForgotPasswordButtonCell.swift */; };
		FAACE4C819AC3AE300F8E9E8 /* VibrantSecureTextField.swift in Sources */ = {isa = PBXBuildFile; fileRef = FAACE4C719AC3AE300F8E9E8 /* VibrantSecureTextField.swift */; };
		FAB4305A19AAF89A00FFCA63 /* RoundedRectOutlineButton.swift in Sources */ = {isa = PBXBuildFile; fileRef = FAB4305919AAF89A00FFCA63 /* RoundedRectOutlineButton.swift */; };
		FAB4305C19AB001600FFCA63 /* LoginButtonCell.swift in Sources */ = {isa = PBXBuildFile; fileRef = FAB4305B19AB001600FFCA63 /* LoginButtonCell.swift */; };
		FABA62A819C4BC6C00E217D9 /* SingleTrackDataSource.swift in Sources */ = {isa = PBXBuildFile; fileRef = FABA62A719C4BC6C00E217D9 /* SingleTrackDataSource.swift */; };
		FABA62AA19C4DFE200E217D9 /* CurrentlyPlaylingTrackViewController.swift in Sources */ = {isa = PBXBuildFile; fileRef = FABA62A919C4DFE200E217D9 /* CurrentlyPlaylingTrackViewController.swift */; };
		FABB112F19C10DD8000DB1BC /* String+digest.swift in Sources */ = {isa = PBXBuildFile; fileRef = FABB112E19C10DD8000DB1BC /* String+digest.swift */; };
		FACB370E19E3B0C100432CE8 /* Plug-Bridging-Header.m in Sources */ = {isa = PBXBuildFile; fileRef = FACB370D19E3B0C100432CE8 /* Plug-Bridging-Header.m */; };
		FACEEBE819ABB9440093A81B /* Preferences.storyboard in Resources */ = {isa = PBXBuildFile; fileRef = FACEEBE719ABB9440093A81B /* Preferences.storyboard */; };
		FACEEBEA19ABC3160093A81B /* PreferencesViewController.swift in Sources */ = {isa = PBXBuildFile; fileRef = FACEEBE919ABC3160093A81B /* PreferencesViewController.swift */; };
		FACEEBEF19ABDA130093A81B /* PreferencesWindowController.swift in Sources */ = {isa = PBXBuildFile; fileRef = FACEEBEE19ABDA130093A81B /* PreferencesWindowController.swift */; };
		FACFAAE719BAB815006BD52B /* FriendTableCellView.swift in Sources */ = {isa = PBXBuildFile; fileRef = FACFAAE619BAB815006BD52B /* FriendTableCellView.swift */; };
		FACFAAE919BBB5DF006BD52B /* FriendPlaylistDataSource.swift in Sources */ = {isa = PBXBuildFile; fileRef = FACFAAE819BBB5DF006BD52B /* FriendPlaylistDataSource.swift */; };
		FAD1F54919A7C793002322D6 /* Authentication.swift in Sources */ = {isa = PBXBuildFile; fileRef = FAD1F54819A7C793002322D6 /* Authentication.swift */; };
		FAD3B0DE1981DF5200BC5109 /* Interval.swift in Sources */ = {isa = PBXBuildFile; fileRef = FAD3B0DD1981DF5200BC5109 /* Interval.swift */; };
		FAD4C212197CA3F2004606B5 /* UserDefaults.plist in Resources */ = {isa = PBXBuildFile; fileRef = FAD4C211197CA3F2004606B5 /* UserDefaults.plist */; };
		FADC96F21974CA0D009458FA /* LoveCountPlaylistTableCellView.swift in Sources */ = {isa = PBXBuildFile; fileRef = FADC96F11974CA0D009458FA /* LoveCountPlaylistTableCellView.swift */; };
		FADC96F41974CCFA009458FA /* HiddenTitlebarWindow.swift in Sources */ = {isa = PBXBuildFile; fileRef = FADC96F31974CCFA009458FA /* HiddenTitlebarWindow.swift */; };
		FADC96F61974D10C009458FA /* DraggableView.swift in Sources */ = {isa = PBXBuildFile; fileRef = FADC96F51974D10C009458FA /* DraggableView.swift */; };
		FAE95B7819A2DED7009F9946 /* FlatSlider.swift in Sources */ = {isa = PBXBuildFile; fileRef = FAE95B7719A2DED7009F9946 /* FlatSlider.swift */; };
		FAEB269D19AD17820024CB0C /* TrackInfo.storyboard in Resources */ = {isa = PBXBuildFile; fileRef = FAEB269C19AD17820024CB0C /* TrackInfo.storyboard */; };
		FAEB269F19AD1F5E0024CB0C /* VibrantImageView.swift in Sources */ = {isa = PBXBuildFile; fileRef = FAEB269E19AD1F5E0024CB0C /* VibrantImageView.swift */; };
		FAEE914619BA3A3300D4274C /* ExtendedTableView.swift in Sources */ = {isa = PBXBuildFile; fileRef = FAEE914519BA3A3300D4274C /* ExtendedTableView.swift */; };
		FAEE914819BA5AF600D4274C /* SingleBlogViewController.swift in Sources */ = {isa = PBXBuildFile; fileRef = FAEE914719BA5AF600D4274C /* SingleBlogViewController.swift */; };
		FAF0371D197B83C800F716CE /* VolumeIconView.swift in Sources */ = {isa = PBXBuildFile; fileRef = FAF0371C197B83C800F716CE /* VolumeIconView.swift */; };
		FAF0372F197B8A3500F716CE /* FooterViewController.swift in Sources */ = {isa = PBXBuildFile; fileRef = FAF0372E197B8A3500F716CE /* FooterViewController.swift */; };
		FAF13B28199D22D5009D9F66 /* Notifications.swift in Sources */ = {isa = PBXBuildFile; fileRef = FAF13B27199D22D5009D9F66 /* Notifications.swift */; };
		FAF13B2A199D3D62009D9F66 /* FeedTableCellView.swift in Sources */ = {isa = PBXBuildFile; fileRef = FAF13B29199D3D62009D9F66 /* FeedTableCellView.swift */; };
		FAF13B2C199D4AD6009D9F66 /* TrackInfoViewController.swift in Sources */ = {isa = PBXBuildFile; fileRef = FAF13B2B199D4AD6009D9F66 /* TrackInfoViewController.swift */; };
		FAF21D9019C128E700615D2F /* TransparentButtonCell.swift in Sources */ = {isa = PBXBuildFile; fileRef = FAF21D8F19C128E700615D2F /* TransparentButtonCell.swift */; };
		FAF21D9319C16B4500615D2F /* EventHit.swift in Sources */ = {isa = PBXBuildFile; fileRef = FAF21D9219C16B4500615D2F /* EventHit.swift */; };
		FAF21D9519C16B6000615D2F /* ScreenviewHit.swift in Sources */ = {isa = PBXBuildFile; fileRef = FAF21D9419C16B6000615D2F /* ScreenviewHit.swift */; };
		FAF6F0961979F92900F2102B /* FlatSliderCell.swift in Sources */ = {isa = PBXBuildFile; fileRef = FAF6F0951979F92900F2102B /* FlatSliderCell.swift */; };
		FAF6F098197A05D300F2102B /* HoverToggleButton.swift in Sources */ = {isa = PBXBuildFile; fileRef = FAF6F097197A05D300F2102B /* HoverToggleButton.swift */; };
/* End PBXBuildFile section */

/* Begin PBXContainerItemProxy section */
		FA24EDB11974A9A500A781C8 /* PBXContainerItemProxy */ = {
			isa = PBXContainerItemProxy;
			containerPortal = FA24ED941974A9A500A781C8 /* Project object */;
			proxyType = 1;
			remoteGlobalIDString = FA24ED9B1974A9A500A781C8;
			remoteInfo = Plug;
		};
		FAF5071F1975DDFE0097D392 /* PBXContainerItemProxy */ = {
			isa = PBXContainerItemProxy;
			containerPortal = FA24ED941974A9A500A781C8 /* Project object */;
			proxyType = 1;
			remoteGlobalIDString = FA24ED9B1974A9A500A781C8;
			remoteInfo = Plug;
		};
		FAF507211975DDFE0097D392 /* PBXContainerItemProxy */ = {
			isa = PBXContainerItemProxy;
			containerPortal = FA24ED941974A9A500A781C8 /* Project object */;
			proxyType = 1;
			remoteGlobalIDString = FA24ED9B1974A9A500A781C8;
			remoteInfo = Plug;
		};
/* End PBXContainerItemProxy section */

/* Begin PBXFileReference section */
		02B59474A966D82A786DAE14 /* Pods-Plug.debug.xcconfig */ = {isa = PBXFileReference; includeInIndex = 1; lastKnownFileType = text.xcconfig; name = "Pods-Plug.debug.xcconfig"; path = "Pods/Target Support Files/Pods-Plug/Pods-Plug.debug.xcconfig"; sourceTree = "<group>"; };
		2327ABFB9604D97F56576A64 /* Pods-Plug.release.xcconfig */ = {isa = PBXFileReference; includeInIndex = 1; lastKnownFileType = text.xcconfig; name = "Pods-Plug.release.xcconfig"; path = "Pods/Target Support Files/Pods-Plug/Pods-Plug.release.xcconfig"; sourceTree = "<group>"; };
		8C87AD95253F47AAA335DADD /* libPods-Plug.a */ = {isa = PBXFileReference; explicitFileType = archive.ar; includeInIndex = 0; path = "libPods-Plug.a"; sourceTree = BUILT_PRODUCTS_DIR; };
		FA0B1CF41976D8A70030C873 /* SidebarViewController.swift */ = {isa = PBXFileReference; fileEncoding = 4; lastKnownFileType = sourcecode.swift; path = SidebarViewController.swift; sourceTree = "<group>"; };
		FA0B1CF61976ECF60030C873 /* MainViewController.swift */ = {isa = PBXFileReference; fileEncoding = 4; lastKnownFileType = sourcecode.swift; path = MainViewController.swift; sourceTree = "<group>"; };
		FA0B1D2719770AEB0030C873 /* HeatMapView.swift */ = {isa = PBXFileReference; fileEncoding = 4; lastKnownFileType = sourcecode.swift; path = HeatMapView.swift; sourceTree = "<group>"; };
		FA0B1D2D1977109E0030C873 /* Playlist.swift */ = {isa = PBXFileReference; fileEncoding = 4; lastKnownFileType = sourcecode.swift; path = Playlist.swift; sourceTree = "<group>"; };
		FA0B1D2F197712920030C873 /* PopularPlaylist.swift */ = {isa = PBXFileReference; fileEncoding = 4; lastKnownFileType = sourcecode.swift; path = PopularPlaylist.swift; sourceTree = "<group>"; };
		FA0B1D311977187E0030C873 /* LatestPlaylist.swift */ = {isa = PBXFileReference; fileEncoding = 4; lastKnownFileType = sourcecode.swift; path = LatestPlaylist.swift; sourceTree = "<group>"; };
		FA0B1D33197719230030C873 /* FavoritesPlaylist.swift */ = {isa = PBXFileReference; fileEncoding = 4; lastKnownFileType = sourcecode.swift; path = FavoritesPlaylist.swift; sourceTree = "<group>"; };
		FA0B1D39197725E90030C873 /* FeedPlaylist.swift */ = {isa = PBXFileReference; fileEncoding = 4; lastKnownFileType = sourcecode.swift; path = FeedPlaylist.swift; sourceTree = "<group>"; };
		FA0B1D3B1977281A0030C873 /* SearchPlaylist.swift */ = {isa = PBXFileReference; fileEncoding = 4; lastKnownFileType = sourcecode.swift; path = SearchPlaylist.swift; sourceTree = "<group>"; };
		FA0B1D3D1977355B0030C873 /* ColorChangingTextField.swift */ = {isa = PBXFileReference; fileEncoding = 4; lastKnownFileType = sourcecode.swift; path = ColorChangingTextField.swift; sourceTree = "<group>"; };
		FA15319719C23DBD004DB074 /* MediaKeyHandler.swift */ = {isa = PBXFileReference; fileEncoding = 4; lastKnownFileType = sourcecode.swift; path = MediaKeyHandler.swift; sourceTree = "<group>"; };
		FA18A8E119A2F27000B7CFDC /* SearchPlaylistDataSource.swift */ = {isa = PBXFileReference; fileEncoding = 4; lastKnownFileType = sourcecode.swift; path = SearchPlaylistDataSource.swift; sourceTree = "<group>"; };
		FA18A8E319A303CC00B7CFDC /* Regex.swift */ = {isa = PBXFileReference; fileEncoding = 4; lastKnownFileType = sourcecode.swift; path = Regex.swift; sourceTree = "<group>"; };
		FA222A8319BCBC07005A631F /* CircleMaskImageView.swift */ = {isa = PBXFileReference; fileEncoding = 4; lastKnownFileType = sourcecode.swift; path = CircleMaskImageView.swift; sourceTree = "<group>"; };
		FA222A8519BCC947005A631F /* BaseContentViewController.swift */ = {isa = PBXFileReference; fileEncoding = 4; lastKnownFileType = sourcecode.swift; path = BaseContentViewController.swift; sourceTree = "<group>"; };
		FA222A8819BCEFE0005A631F /* TrackContextMenuController.swift */ = {isa = PBXFileReference; fileEncoding = 4; lastKnownFileType = sourcecode.swift; path = TrackContextMenuController.swift; sourceTree = "<group>"; };
		FA222A8919BCEFE0005A631F /* TrackContextMenuController.xib */ = {isa = PBXFileReference; fileEncoding = 4; lastKnownFileType = file.xib; path = TrackContextMenuController.xib; sourceTree = "<group>"; };
		FA24ED9C1974A9A500A781C8 /* Plug.app */ = {isa = PBXFileReference; explicitFileType = wrapper.application; includeInIndex = 0; path = Plug.app; sourceTree = BUILT_PRODUCTS_DIR; };
		FA24EDA01974A9A500A781C8 /* Info.plist */ = {isa = PBXFileReference; lastKnownFileType = text.plist.xml; path = Info.plist; sourceTree = "<group>"; };
		FA24EDA11974A9A500A781C8 /* main.swift */ = {isa = PBXFileReference; lastKnownFileType = sourcecode.swift; path = main.swift; sourceTree = "<group>"; };
		FA24EDA51974A9A500A781C8 /* AppDelegate.swift */ = {isa = PBXFileReference; lastKnownFileType = sourcecode.swift; path = AppDelegate.swift; sourceTree = "<group>"; };
		FA24EDA71974A9A500A781C8 /* Images.xcassets */ = {isa = PBXFileReference; lastKnownFileType = folder.assetcatalog; path = Images.xcassets; sourceTree = "<group>"; };
		FA24EDAA1974A9A500A781C8 /* Base */ = {isa = PBXFileReference; lastKnownFileType = file.storyboard; name = Base; path = Base.lproj/Main.storyboard; sourceTree = "<group>"; };
		FA24EDB01974A9A500A781C8 /* PlugTests.xctest */ = {isa = PBXFileReference; explicitFileType = wrapper.cfbundle; includeInIndex = 0; path = PlugTests.xctest; sourceTree = BUILT_PRODUCTS_DIR; };
		FA24EDB51974A9A500A781C8 /* Info.plist */ = {isa = PBXFileReference; lastKnownFileType = text.plist.xml; path = Info.plist; sourceTree = "<group>"; };
		FA24EDB61974A9A500A781C8 /* PlugTests.swift */ = {isa = PBXFileReference; lastKnownFileType = sourcecode.swift; path = PlugTests.swift; sourceTree = "<group>"; };
		FA24EDC21974ACAA00A781C8 /* BasePlaylistViewController.swift */ = {isa = PBXFileReference; fileEncoding = 4; lastKnownFileType = sourcecode.swift; path = BasePlaylistViewController.swift; sourceTree = "<group>"; };
		FA2C86001977AF2F007B1622 /* HeatMap.swift */ = {isa = PBXFileReference; fileEncoding = 4; lastKnownFileType = sourcecode.swift; path = HeatMap.swift; sourceTree = "<group>"; };
		FA3199AC198247970097B081 /* BlogDirectoryViewController.swift */ = {isa = PBXFileReference; fileEncoding = 4; lastKnownFileType = sourcecode.swift; path = BlogDirectoryViewController.swift; sourceTree = "<group>"; };
		FA3199AE19824E030097B081 /* Blog.swift */ = {isa = PBXFileReference; fileEncoding = 4; lastKnownFileType = sourcecode.swift; path = Blog.swift; sourceTree = "<group>"; };
		FA32B867198ACFAF00D29817 /* SectionHeader.swift */ = {isa = PBXFileReference; fileEncoding = 4; lastKnownFileType = sourcecode.swift; path = SectionHeader.swift; sourceTree = "<group>"; };
		FA33002F197CB1EE0063C552 /* TransparentButton.swift */ = {isa = PBXFileReference; fileEncoding = 4; lastKnownFileType = sourcecode.swift; path = TransparentButton.swift; sourceTree = "<group>"; };
		FA33F43319E67FB200FF7649 /* PostInfoTextField.swift */ = {isa = PBXFileReference; fileEncoding = 4; lastKnownFileType = sourcecode.swift; path = PostInfoTextField.swift; sourceTree = "<group>"; };
		FA34171A19D4DE37006F706D /* UserNotificationHandler.swift */ = {isa = PBXFileReference; fileEncoding = 4; lastKnownFileType = sourcecode.swift; path = UserNotificationHandler.swift; sourceTree = "<group>"; };
		FA3986E119AB13E1001B216E /* GeneralPreferencesViewController.swift */ = {isa = PBXFileReference; fileEncoding = 4; lastKnownFileType = sourcecode.swift; path = GeneralPreferencesViewController.swift; sourceTree = "<group>"; };
		FA3986E319AB13F8001B216E /* HotkeysPreferencesViewController.swift */ = {isa = PBXFileReference; fileEncoding = 4; lastKnownFileType = sourcecode.swift; path = HotkeysPreferencesViewController.swift; sourceTree = "<group>"; };
		FA3986E519AB140D001B216E /* MutedPreferencesViewController.swift */ = {isa = PBXFileReference; fileEncoding = 4; lastKnownFileType = sourcecode.swift; path = MutedPreferencesViewController.swift; sourceTree = "<group>"; };
		FA410CF319A40C2600E71B20 /* Plug.iconset */ = {isa = PBXFileReference; lastKnownFileType = folder.iconset; path = Plug.iconset; sourceTree = "<group>"; };
		FA4C44F619A6C8BE0052D506 /* Login.storyboard */ = {isa = PBXFileReference; fileEncoding = 4; lastKnownFileType = file.storyboard; path = Login.storyboard; sourceTree = "<group>"; };
		FA4C44F819A6C9B70052D506 /* LoginViewController.swift */ = {isa = PBXFileReference; fileEncoding = 4; lastKnownFileType = sourcecode.swift; path = LoginViewController.swift; sourceTree = "<group>"; };
		FA4C44FA19A6D17A0052D506 /* MainMenu.storyboard */ = {isa = PBXFileReference; fileEncoding = 4; lastKnownFileType = file.storyboard; path = MainMenu.storyboard; sourceTree = "<group>"; };
		FA50280219C02EE800E3C84E /* Analytics.swift */ = {isa = PBXFileReference; fileEncoding = 4; lastKnownFileType = sourcecode.swift; path = Analytics.swift; sourceTree = "<group>"; };
		FA51263019760B2B004D0776 /* DraggableVisualEffectsView.swift */ = {isa = PBXFileReference; fileEncoding = 4; lastKnownFileType = sourcecode.swift; path = DraggableVisualEffectsView.swift; sourceTree = "<group>"; };
		FA51263519761436004D0776 /* NSColor+256ColorValues.swift */ = {isa = PBXFileReference; fileEncoding = 4; lastKnownFileType = sourcecode.swift; path = "NSColor+256ColorValues.swift"; sourceTree = "<group>"; };
		FA5394EF19AF6B0F006A95A5 /* SwissArmyButton.swift */ = {isa = PBXFileReference; fileEncoding = 4; lastKnownFileType = sourcecode.swift; path = SwissArmyButton.swift; sourceTree = "<group>"; };
		FA5394F319AF7339006A95A5 /* SwissArmyButtonCell.swift */ = {isa = PBXFileReference; fileEncoding = 4; lastKnownFileType = sourcecode.swift; path = SwissArmyButtonCell.swift; sourceTree = "<group>"; };
		FA5394F919AFA065006A95A5 /* Animations.swift */ = {isa = PBXFileReference; fileEncoding = 4; lastKnownFileType = sourcecode.swift; path = Animations.swift; sourceTree = "<group>"; };
		FA5394FB19AFA903006A95A5 /* LoginButtonImageView.swift */ = {isa = PBXFileReference; fileEncoding = 4; lastKnownFileType = sourcecode.swift; path = LoginButtonImageView.swift; sourceTree = "<group>"; };
		FA5394FD19AFB24C006A95A5 /* LoginButton.swift */ = {isa = PBXFileReference; fileEncoding = 4; lastKnownFileType = sourcecode.swift; path = LoginButton.swift; sourceTree = "<group>"; };
		FA53950119AFC50D006A95A5 /* PlugJSONResponseSerializer.swift */ = {isa = PBXFileReference; fileEncoding = 4; lastKnownFileType = sourcecode.swift; path = PlugJSONResponseSerializer.swift; sourceTree = "<group>"; };
		FA53950319AFFE31006A95A5 /* HeatMapPlaylistTableCellView.swift */ = {isa = PBXFileReference; fileEncoding = 4; lastKnownFileType = sourcecode.swift; path = HeatMapPlaylistTableCellView.swift; sourceTree = "<group>"; };
		FA53950619AFFF01006A95A5 /* BasePlaylistTableCellView.swift */ = {isa = PBXFileReference; fileEncoding = 4; lastKnownFileType = sourcecode.swift; path = BasePlaylistTableCellView.swift; sourceTree = "<group>"; };
		FA53950819B01E47006A95A5 /* LovedCountFormatter.swift */ = {isa = PBXFileReference; fileEncoding = 4; lastKnownFileType = sourcecode.swift; path = LovedCountFormatter.swift; sourceTree = "<group>"; };
		FA53951119B0583D006A95A5 /* PostInfoFormatter.swift */ = {isa = PBXFileReference; fileEncoding = 4; lastKnownFileType = sourcecode.swift; path = PostInfoFormatter.swift; sourceTree = "<group>"; };
		FA58FE0719B269F100C16D89 /* FooterBackgroundView.swift */ = {isa = PBXFileReference; fileEncoding = 4; lastKnownFileType = sourcecode.swift; path = FooterBackgroundView.swift; sourceTree = "<group>"; };
		FA64C6A219764DC9003933E3 /* HypeMachineAPI.swift */ = {isa = PBXFileReference; fileEncoding = 4; lastKnownFileType = sourcecode.swift; path = HypeMachineAPI.swift; sourceTree = "<group>"; };
		FA64C6A619764FE9003933E3 /* Constants.swift */ = {isa = PBXFileReference; fileEncoding = 4; lastKnownFileType = sourcecode.swift; path = Constants.swift; sourceTree = "<group>"; };
		FA64C6A819765323003933E3 /* Array+contains.swift */ = {isa = PBXFileReference; fileEncoding = 4; lastKnownFileType = sourcecode.swift; path = "Array+contains.swift"; sourceTree = "<group>"; };
		FA666D5A19B3950D00AA0AA1 /* ITSwitch.m */ = {isa = PBXFileReference; fileEncoding = 4; lastKnownFileType = sourcecode.c.objc; path = ITSwitch.m; sourceTree = "<group>"; };
		FA666D5B19B3950D00AA0AA1 /* ITSwitch.h */ = {isa = PBXFileReference; fileEncoding = 4; lastKnownFileType = sourcecode.c.h; path = ITSwitch.h; sourceTree = "<group>"; };
		FA666D5D19B3FCC900AA0AA1 /* GeneralPreferencesTableCellView.swift */ = {isa = PBXFileReference; fileEncoding = 4; lastKnownFileType = sourcecode.swift; path = GeneralPreferencesTableCellView.swift; sourceTree = "<group>"; };
		FA666D5F19B408B600AA0AA1 /* UserNotifications.swift */ = {isa = PBXFileReference; fileEncoding = 4; lastKnownFileType = sourcecode.swift; path = UserNotifications.swift; sourceTree = "<group>"; };
		FA67371719E44C0D009BF6D2 /* TagButton.swift */ = {isa = PBXFileReference; fileEncoding = 4; lastKnownFileType = sourcecode.swift; path = TagButton.swift; sourceTree = "<group>"; };
		FA67371919E44D1B009BF6D2 /* TagButtonCell.swift */ = {isa = PBXFileReference; fileEncoding = 4; lastKnownFileType = sourcecode.swift; path = TagButtonCell.swift; sourceTree = "<group>"; };
		FA691BFE197654AF008D5C3E /* Track.swift */ = {isa = PBXFileReference; fileEncoding = 4; lastKnownFileType = sourcecode.swift; path = Track.swift; sourceTree = "<group>"; };
		FA6ADCF319BA69C300CCD371 /* SingleBlogImageView.swift */ = {isa = PBXFileReference; fileEncoding = 4; lastKnownFileType = sourcecode.swift; path = SingleBlogImageView.swift; sourceTree = "<group>"; };
		FA6ADCF519BA705300CCD371 /* SLColorArt.m */ = {isa = PBXFileReference; fileEncoding = 4; lastKnownFileType = sourcecode.c.objc; path = SLColorArt.m; sourceTree = "<group>"; };
		FA6ADCF619BA705300CCD371 /* SLColorArt.h */ = {isa = PBXFileReference; fileEncoding = 4; lastKnownFileType = sourcecode.c.h; path = SLColorArt.h; sourceTree = "<group>"; };
		FA6ADCF819BA886C00CCD371 /* BlogPlaylistDataSource.swift */ = {isa = PBXFileReference; fileEncoding = 4; lastKnownFileType = sourcecode.swift; path = BlogPlaylistDataSource.swift; sourceTree = "<group>"; };
		FA6ADCFA19BA8B9600CCD371 /* SingleBlogViewFormatter.swift */ = {isa = PBXFileReference; fileEncoding = 4; lastKnownFileType = sourcecode.swift; path = SingleBlogViewFormatter.swift; sourceTree = "<group>"; };
		FA6ADCFC19BA935C00CCD371 /* ViewPlacementHelper.swift */ = {isa = PBXFileReference; fileEncoding = 4; lastKnownFileType = sourcecode.swift; path = ViewPlacementHelper.swift; sourceTree = "<group>"; };
		FA6ADD0019BAAB5E00CCD371 /* LoaderViewController.swift */ = {isa = PBXFileReference; fileEncoding = 4; lastKnownFileType = sourcecode.swift; path = LoaderViewController.swift; sourceTree = "<group>"; };
		FA6ADD0219BAB0E300CCD371 /* SingleFriendViewController.swift */ = {isa = PBXFileReference; fileEncoding = 4; lastKnownFileType = sourcecode.swift; path = SingleFriendViewController.swift; sourceTree = "<group>"; };
		FA6E0CF619AB15DE00A077F0 /* UnderlinedTabButtonCell.swift */ = {isa = PBXFileReference; fileEncoding = 4; lastKnownFileType = sourcecode.swift; path = UnderlinedTabButtonCell.swift; sourceTree = "<group>"; };
		FA70FC6919AAE6740048C866 /* ColoredTitleButton.swift */ = {isa = PBXFileReference; fileEncoding = 4; lastKnownFileType = sourcecode.swift; path = ColoredTitleButton.swift; sourceTree = "<group>"; };
		FA72C14A19C03FD400FFB002 /* GoogleAnalytics.swift */ = {isa = PBXFileReference; fileEncoding = 4; lastKnownFileType = sourcecode.swift; path = GoogleAnalytics.swift; sourceTree = "<group>"; };
		FA72C14E19C0524000FFB002 /* Dictionary+merge.swift */ = {isa = PBXFileReference; fileEncoding = 4; lastKnownFileType = sourcecode.swift; path = "Dictionary+merge.swift"; sourceTree = "<group>"; };
		FA72C15019C0E4DD00FFB002 /* libcommonCrypto.dylib */ = {isa = PBXFileReference; lastKnownFileType = "compiled.mach-o.dylib"; name = libcommonCrypto.dylib; path = usr/lib/system/libcommonCrypto.dylib; sourceTree = SDKROOT; };
		FA76FCC419DF414E0022BB09 /* SelectableTextField.swift */ = {isa = PBXFileReference; fileEncoding = 4; lastKnownFileType = sourcecode.swift; path = SelectableTextField.swift; sourceTree = "<group>"; };
		FA774993198B46770048863F /* BackgroundBorderView.swift */ = {isa = PBXFileReference; fileEncoding = 4; lastKnownFileType = sourcecode.swift; path = BackgroundBorderView.swift; sourceTree = "<group>"; };
		FA774995198B4CF00048863F /* IOSStyleTableRowView.swift */ = {isa = PBXFileReference; fileEncoding = 4; lastKnownFileType = sourcecode.swift; path = IOSStyleTableRowView.swift; sourceTree = "<group>"; };
		FA774999198C07110048863F /* GenresViewController.swift */ = {isa = PBXFileReference; fileEncoding = 4; lastKnownFileType = sourcecode.swift; path = GenresViewController.swift; sourceTree = "<group>"; };
		FA77499B198C07D10048863F /* Genre.swift */ = {isa = PBXFileReference; fileEncoding = 4; lastKnownFileType = sourcecode.swift; path = Genre.swift; sourceTree = "<group>"; };
		FA77499D198C0D180048863F /* SearchViewController.swift */ = {isa = PBXFileReference; fileEncoding = 4; lastKnownFileType = sourcecode.swift; path = SearchViewController.swift; sourceTree = "<group>"; };
		FA77499F198C1CAA0048863F /* FriendsViewController.swift */ = {isa = PBXFileReference; fileEncoding = 4; lastKnownFileType = sourcecode.swift; path = FriendsViewController.swift; sourceTree = "<group>"; };
		FA7749A3198C1EBD0048863F /* Friend.swift */ = {isa = PBXFileReference; fileEncoding = 4; lastKnownFileType = sourcecode.swift; path = Friend.swift; sourceTree = "<group>"; };
		FA7B3CB8199B626B008E8B01 /* SidebarOverlayView.swift */ = {isa = PBXFileReference; fileEncoding = 4; lastKnownFileType = sourcecode.swift; path = SidebarOverlayView.swift; sourceTree = "<group>"; };
		FA7C4976198ABD3300A38B27 /* GroupRowView.swift */ = {isa = PBXFileReference; fileEncoding = 4; lastKnownFileType = sourcecode.swift; path = GroupRowView.swift; sourceTree = "<group>"; };
		FA7C5CCC19BD4E9A002239AB /* SoundCloudAPI.swift */ = {isa = PBXFileReference; fileEncoding = 4; lastKnownFileType = sourcecode.swift; path = SoundCloudAPI.swift; sourceTree = "<group>"; };
		FA7C5CCE19BD4F2D002239AB /* HTTP.swift */ = {isa = PBXFileReference; fileEncoding = 4; lastKnownFileType = sourcecode.swift; path = HTTP.swift; sourceTree = "<group>"; };
		FA7C5CD019BD5724002239AB /* String+getSubstringBetweenPrefix.swift */ = {isa = PBXFileReference; fileEncoding = 4; lastKnownFileType = sourcecode.swift; path = "String+getSubstringBetweenPrefix.swift"; sourceTree = "<group>"; };
		FA8EC5D819C4F70B0092FC49 /* Range+contains.swift */ = {isa = PBXFileReference; fileEncoding = 4; lastKnownFileType = sourcecode.swift; path = "Range+contains.swift"; sourceTree = "<group>"; };
		FA933F9619ACE69A00085E75 /* HyperlinkButton.swift */ = {isa = PBXFileReference; fileEncoding = 4; lastKnownFileType = sourcecode.swift; path = HyperlinkButton.swift; sourceTree = "<group>"; };
		FA99EECA19D0210F008C9C4A /* NSObject+SPInvocationGrabbing.h */ = {isa = PBXFileReference; fileEncoding = 4; lastKnownFileType = sourcecode.c.h; path = "NSObject+SPInvocationGrabbing.h"; sourceTree = "<group>"; };
		FA99EECB19D0210F008C9C4A /* NSObject+SPInvocationGrabbing.m */ = {isa = PBXFileReference; fileEncoding = 4; lastKnownFileType = sourcecode.c.objc; path = "NSObject+SPInvocationGrabbing.m"; sourceTree = "<group>"; };
		FA99EECC19D0210F008C9C4A /* SPMediaKeyTap.h */ = {isa = PBXFileReference; fileEncoding = 4; lastKnownFileType = sourcecode.c.h; path = SPMediaKeyTap.h; sourceTree = "<group>"; };
		FA99EECD19D0210F008C9C4A /* SPMediaKeyTap.m */ = {isa = PBXFileReference; fileEncoding = 4; lastKnownFileType = sourcecode.c.objc; path = SPMediaKeyTap.m; sourceTree = "<group>"; };
		FA9A2F3019B66C6F0057080C /* NavigationController.swift */ = {isa = PBXFileReference; fileEncoding = 4; lastKnownFileType = sourcecode.swift; path = NavigationController.swift; sourceTree = "<group>"; };
		FA9A2F3219B66C760057080C /* NavigationBar.swift */ = {isa = PBXFileReference; fileEncoding = 4; lastKnownFileType = sourcecode.swift; path = NavigationBar.swift; sourceTree = "<group>"; };
		FA9A2F3419B66D7D0057080C /* PlugNavigationController.swift */ = {isa = PBXFileReference; fileEncoding = 4; lastKnownFileType = sourcecode.swift; path = PlugNavigationController.swift; sourceTree = "<group>"; };
		FA9A2F3919B6893A0057080C /* IOSStyleTableCellView.swift */ = {isa = PBXFileReference; fileEncoding = 4; lastKnownFileType = sourcecode.swift; path = IOSStyleTableCellView.swift; sourceTree = "<group>"; };
		FA9A2F4519B6ACA70057080C /* ArtistPlaylistDataSource.swift */ = {isa = PBXFileReference; fileEncoding = 4; lastKnownFileType = sourcecode.swift; path = ArtistPlaylistDataSource.swift; sourceTree = "<group>"; };
		FA9A2F4919B783B30057080C /* BackButtonCell.swift */ = {isa = PBXFileReference; fileEncoding = 4; lastKnownFileType = sourcecode.swift; path = BackButtonCell.swift; sourceTree = "<group>"; };
		FA9A2F4B19B794570057080C /* GenrePlaylistDataSource.swift */ = {isa = PBXFileReference; fileEncoding = 4; lastKnownFileType = sourcecode.swift; path = GenrePlaylistDataSource.swift; sourceTree = "<group>"; };
		FA9EA037199ACAAA00D9AB8A /* PopularPlaylistDataSource.swift */ = {isa = PBXFileReference; fileEncoding = 4; lastKnownFileType = sourcecode.swift; path = PopularPlaylistDataSource.swift; sourceTree = "<group>"; };
		FA9EA039199AD25800D9AB8A /* LatestPlaylistDataSource.swift */ = {isa = PBXFileReference; fileEncoding = 4; lastKnownFileType = sourcecode.swift; path = LatestPlaylistDataSource.swift; sourceTree = "<group>"; };
		FA9EA03B199AEC0A00D9AB8A /* FavoritesPlaylistDataSource.swift */ = {isa = PBXFileReference; fileEncoding = 4; lastKnownFileType = sourcecode.swift; path = FavoritesPlaylistDataSource.swift; sourceTree = "<group>"; };
		FA9EA03D199AF00900D9AB8A /* BlogDirectoryDataSource.swift */ = {isa = PBXFileReference; fileEncoding = 4; lastKnownFileType = sourcecode.swift; path = BlogDirectoryDataSource.swift; sourceTree = "<group>"; };
		FA9EA03F199AFC4100D9AB8A /* FeedPlaylistDataSource.swift */ = {isa = PBXFileReference; fileEncoding = 4; lastKnownFileType = sourcecode.swift; path = FeedPlaylistDataSource.swift; sourceTree = "<group>"; };
		FA9EA041199B08E100D9AB8A /* GenresDataSource.swift */ = {isa = PBXFileReference; fileEncoding = 4; lastKnownFileType = sourcecode.swift; path = GenresDataSource.swift; sourceTree = "<group>"; };
		FA9EA044199B0F4200D9AB8A /* FriendsDataSource.swift */ = {isa = PBXFileReference; fileEncoding = 4; lastKnownFileType = sourcecode.swift; path = FriendsDataSource.swift; sourceTree = "<group>"; };
		FAA34A8819B2CF620038868A /* BasePlaylistDataSource.swift */ = {isa = PBXFileReference; fileEncoding = 4; lastKnownFileType = sourcecode.swift; path = BasePlaylistDataSource.swift; sourceTree = "<group>"; };
		FAA34A8C19B2E27F0038868A /* PopularPlaylistViewController.swift */ = {isa = PBXFileReference; fileEncoding = 4; lastKnownFileType = sourcecode.swift; path = PopularPlaylistViewController.swift; sourceTree = "<group>"; };
		FAA34A8E19B2E3C00038868A /* FeedPlaylistViewController.swift */ = {isa = PBXFileReference; fileEncoding = 4; lastKnownFileType = sourcecode.swift; path = FeedPlaylistViewController.swift; sourceTree = "<group>"; };
		FAA34A9019B2E3EC0038868A /* LatestPlaylistViewController.swift */ = {isa = PBXFileReference; fileEncoding = 4; lastKnownFileType = sourcecode.swift; path = LatestPlaylistViewController.swift; sourceTree = "<group>"; };
		FAA34A9219B2E4090038868A /* FavoritesPlaylistViewController.swift */ = {isa = PBXFileReference; fileEncoding = 4; lastKnownFileType = sourcecode.swift; path = FavoritesPlaylistViewController.swift; sourceTree = "<group>"; };
		FAA34A9419B2F0450038868A /* Async.swift */ = {isa = PBXFileReference; fileEncoding = 4; lastKnownFileType = sourcecode.swift; path = Async.swift; sourceTree = "<group>"; };
		FAA51A4E198023470057EC34 /* AudioPlayer.swift */ = {isa = PBXFileReference; fileEncoding = 4; lastKnownFileType = sourcecode.swift; path = AudioPlayer.swift; sourceTree = "<group>"; };
		FAA51A56198060AE0057EC34 /* TitleBarViewController.swift */ = {isa = PBXFileReference; fileEncoding = 4; lastKnownFileType = sourcecode.swift; path = TitleBarViewController.swift; sourceTree = "<group>"; };
		FAA51A58198084E50057EC34 /* NavigationSection.swift */ = {isa = PBXFileReference; fileEncoding = 4; lastKnownFileType = sourcecode.swift; path = NavigationSection.swift; sourceTree = "<group>"; };
		FAA51A5A1980D4FC0057EC34 /* Error.swift */ = {isa = PBXFileReference; fileEncoding = 4; lastKnownFileType = sourcecode.swift; path = Error.swift; sourceTree = "<group>"; };
		FAAC8DAD19E4A1A300B1231B /* TagContainerView.swift */ = {isa = PBXFileReference; fileEncoding = 4; lastKnownFileType = sourcecode.swift; path = TagContainerView.swift; sourceTree = "<group>"; };
		FAACE4BD19ABEA4600F8E9E8 /* Logger.swift */ = {isa = PBXFileReference; fileEncoding = 4; lastKnownFileType = sourcecode.swift; path = Logger.swift; sourceTree = "<group>"; };
		FAACE4C119AC0A0900F8E9E8 /* VibrantTextField.swift */ = {isa = PBXFileReference; fileEncoding = 4; lastKnownFileType = sourcecode.swift; path = VibrantTextField.swift; sourceTree = "<group>"; };
		FAACE4C319AC2ADD00F8E9E8 /* SignUpButtonCell.swift */ = {isa = PBXFileReference; fileEncoding = 4; lastKnownFileType = sourcecode.swift; path = SignUpButtonCell.swift; sourceTree = "<group>"; };
		FAACE4C519AC30C500F8E9E8 /* ForgotPasswordButtonCell.swift */ = {isa = PBXFileReference; fileEncoding = 4; lastKnownFileType = sourcecode.swift; path = ForgotPasswordButtonCell.swift; sourceTree = "<group>"; };
		FAACE4C719AC3AE300F8E9E8 /* VibrantSecureTextField.swift */ = {isa = PBXFileReference; fileEncoding = 4; lastKnownFileType = sourcecode.swift; path = VibrantSecureTextField.swift; sourceTree = "<group>"; };
		FAB4305919AAF89A00FFCA63 /* RoundedRectOutlineButton.swift */ = {isa = PBXFileReference; fileEncoding = 4; lastKnownFileType = sourcecode.swift; path = RoundedRectOutlineButton.swift; sourceTree = "<group>"; };
		FAB4305B19AB001600FFCA63 /* LoginButtonCell.swift */ = {isa = PBXFileReference; fileEncoding = 4; lastKnownFileType = sourcecode.swift; path = LoginButtonCell.swift; sourceTree = "<group>"; };
		FABA62A719C4BC6C00E217D9 /* SingleTrackDataSource.swift */ = {isa = PBXFileReference; fileEncoding = 4; lastKnownFileType = sourcecode.swift; path = SingleTrackDataSource.swift; sourceTree = "<group>"; };
		FABA62A919C4DFE200E217D9 /* CurrentlyPlaylingTrackViewController.swift */ = {isa = PBXFileReference; fileEncoding = 4; lastKnownFileType = sourcecode.swift; path = CurrentlyPlaylingTrackViewController.swift; sourceTree = "<group>"; };
		FABB112E19C10DD8000DB1BC /* String+digest.swift */ = {isa = PBXFileReference; fileEncoding = 4; lastKnownFileType = sourcecode.swift; path = "String+digest.swift"; sourceTree = "<group>"; };
		FACB370D19E3B0C100432CE8 /* Plug-Bridging-Header.m */ = {isa = PBXFileReference; fileEncoding = 4; lastKnownFileType = sourcecode.c.objc; path = "Plug-Bridging-Header.m"; sourceTree = "<group>"; };
		FACEEBE719ABB9440093A81B /* Preferences.storyboard */ = {isa = PBXFileReference; fileEncoding = 4; lastKnownFileType = file.storyboard; path = Preferences.storyboard; sourceTree = "<group>"; };
		FACEEBE919ABC3160093A81B /* PreferencesViewController.swift */ = {isa = PBXFileReference; fileEncoding = 4; lastKnownFileType = sourcecode.swift; path = PreferencesViewController.swift; sourceTree = "<group>"; };
		FACEEBEE19ABDA130093A81B /* PreferencesWindowController.swift */ = {isa = PBXFileReference; fileEncoding = 4; lastKnownFileType = sourcecode.swift; path = PreferencesWindowController.swift; sourceTree = "<group>"; };
		FACFAAE619BAB815006BD52B /* FriendTableCellView.swift */ = {isa = PBXFileReference; fileEncoding = 4; lastKnownFileType = sourcecode.swift; path = FriendTableCellView.swift; sourceTree = "<group>"; };
		FACFAAE819BBB5DF006BD52B /* FriendPlaylistDataSource.swift */ = {isa = PBXFileReference; fileEncoding = 4; lastKnownFileType = sourcecode.swift; path = FriendPlaylistDataSource.swift; sourceTree = "<group>"; };
		FAD1F54819A7C793002322D6 /* Authentication.swift */ = {isa = PBXFileReference; fileEncoding = 4; lastKnownFileType = sourcecode.swift; path = Authentication.swift; sourceTree = "<group>"; };
		FAD3B0DD1981DF5200BC5109 /* Interval.swift */ = {isa = PBXFileReference; fileEncoding = 4; lastKnownFileType = sourcecode.swift; path = Interval.swift; sourceTree = "<group>"; };
		FAD4C211197CA3F2004606B5 /* UserDefaults.plist */ = {isa = PBXFileReference; fileEncoding = 4; lastKnownFileType = text.plist.xml; path = UserDefaults.plist; sourceTree = "<group>"; };
		FADC96F11974CA0D009458FA /* LoveCountPlaylistTableCellView.swift */ = {isa = PBXFileReference; fileEncoding = 4; lastKnownFileType = sourcecode.swift; path = LoveCountPlaylistTableCellView.swift; sourceTree = "<group>"; };
		FADC96F31974CCFA009458FA /* HiddenTitlebarWindow.swift */ = {isa = PBXFileReference; fileEncoding = 4; lastKnownFileType = sourcecode.swift; path = HiddenTitlebarWindow.swift; sourceTree = "<group>"; };
		FADC96F51974D10C009458FA /* DraggableView.swift */ = {isa = PBXFileReference; fileEncoding = 4; lastKnownFileType = sourcecode.swift; path = DraggableView.swift; sourceTree = "<group>"; };
		FAE95B7719A2DED7009F9946 /* FlatSlider.swift */ = {isa = PBXFileReference; fileEncoding = 4; lastKnownFileType = sourcecode.swift; path = FlatSlider.swift; sourceTree = "<group>"; };
		FAEB269C19AD17820024CB0C /* TrackInfo.storyboard */ = {isa = PBXFileReference; fileEncoding = 4; lastKnownFileType = file.storyboard; path = TrackInfo.storyboard; sourceTree = "<group>"; };
		FAEB269E19AD1F5E0024CB0C /* VibrantImageView.swift */ = {isa = PBXFileReference; fileEncoding = 4; lastKnownFileType = sourcecode.swift; path = VibrantImageView.swift; sourceTree = "<group>"; };
		FAEE914519BA3A3300D4274C /* ExtendedTableView.swift */ = {isa = PBXFileReference; fileEncoding = 4; lastKnownFileType = sourcecode.swift; path = ExtendedTableView.swift; sourceTree = "<group>"; };
		FAEE914719BA5AF600D4274C /* SingleBlogViewController.swift */ = {isa = PBXFileReference; fileEncoding = 4; lastKnownFileType = sourcecode.swift; path = SingleBlogViewController.swift; sourceTree = "<group>"; };
		FAF0371C197B83C800F716CE /* VolumeIconView.swift */ = {isa = PBXFileReference; fileEncoding = 4; lastKnownFileType = sourcecode.swift; path = VolumeIconView.swift; sourceTree = "<group>"; };
		FAF0372E197B8A3500F716CE /* FooterViewController.swift */ = {isa = PBXFileReference; fileEncoding = 4; lastKnownFileType = sourcecode.swift; path = FooterViewController.swift; sourceTree = "<group>"; };
		FAF13B27199D22D5009D9F66 /* Notifications.swift */ = {isa = PBXFileReference; fileEncoding = 4; lastKnownFileType = sourcecode.swift; path = Notifications.swift; sourceTree = "<group>"; };
		FAF13B29199D3D62009D9F66 /* FeedTableCellView.swift */ = {isa = PBXFileReference; fileEncoding = 4; lastKnownFileType = sourcecode.swift; path = FeedTableCellView.swift; sourceTree = "<group>"; };
		FAF13B2B199D4AD6009D9F66 /* TrackInfoViewController.swift */ = {isa = PBXFileReference; fileEncoding = 4; lastKnownFileType = sourcecode.swift; path = TrackInfoViewController.swift; sourceTree = "<group>"; };
		FAF21D8F19C128E700615D2F /* TransparentButtonCell.swift */ = {isa = PBXFileReference; fileEncoding = 4; lastKnownFileType = sourcecode.swift; path = TransparentButtonCell.swift; sourceTree = "<group>"; };
		FAF21D9219C16B4500615D2F /* EventHit.swift */ = {isa = PBXFileReference; fileEncoding = 4; lastKnownFileType = sourcecode.swift; path = EventHit.swift; sourceTree = "<group>"; };
		FAF21D9419C16B6000615D2F /* ScreenviewHit.swift */ = {isa = PBXFileReference; fileEncoding = 4; lastKnownFileType = sourcecode.swift; path = ScreenviewHit.swift; sourceTree = "<group>"; };
		FAF507191975DA4B0097D392 /* Plug-Bridging-Header.h */ = {isa = PBXFileReference; lastKnownFileType = sourcecode.c.h; path = "Plug-Bridging-Header.h"; sourceTree = "<group>"; };
		FAF6F0951979F92900F2102B /* FlatSliderCell.swift */ = {isa = PBXFileReference; fileEncoding = 4; lastKnownFileType = sourcecode.swift; path = FlatSliderCell.swift; sourceTree = "<group>"; };
		FAF6F097197A05D300F2102B /* HoverToggleButton.swift */ = {isa = PBXFileReference; fileEncoding = 4; lastKnownFileType = sourcecode.swift; path = HoverToggleButton.swift; sourceTree = "<group>"; };
/* End PBXFileReference section */

/* Begin PBXFrameworksBuildPhase section */
		FA24ED991974A9A500A781C8 /* Frameworks */ = {
			isa = PBXFrameworksBuildPhase;
			buildActionMask = 2147483647;
			files = (
				EF4C31347D944409A29D47BF /* libPods-Plug.a in Frameworks */,
			);
			runOnlyForDeploymentPostprocessing = 0;
		};
		FA24EDAD1974A9A500A781C8 /* Frameworks */ = {
			isa = PBXFrameworksBuildPhase;
			buildActionMask = 2147483647;
			files = (
			);
			runOnlyForDeploymentPostprocessing = 0;
		};
/* End PBXFrameworksBuildPhase section */

/* Begin PBXGroup section */
		67128E1BDB9E0902124860AD /* Pods */ = {
			isa = PBXGroup;
			children = (
				02B59474A966D82A786DAE14 /* Pods-Plug.debug.xcconfig */,
				2327ABFB9604D97F56576A64 /* Pods-Plug.release.xcconfig */,
			);
			name = Pods;
			sourceTree = "<group>";
		};
		8649AE136FF74B02AB61EE0C /* Frameworks */ = {
			isa = PBXGroup;
			children = (
				FA72C15019C0E4DD00FFB002 /* libcommonCrypto.dylib */,
				8C87AD95253F47AAA335DADD /* libPods-Plug.a */,
			);
			name = Frameworks;
			sourceTree = "<group>";
		};
		FA0B1CF21976D8320030C873 /* Controllers */ = {
			isa = PBXGroup;
			children = (
				FACEEBEC19ABC32E0093A81B /* Login */,
				FACEEBED19ABC33A0093A81B /* Main */,
				FACEEBEB19ABC3210093A81B /* Preferences */,
				FAEB26A019AD20620024CB0C /* Track Info */,
			);
			name = Controllers;
			sourceTree = "<group>";
		};
		FA0B1CF31976D8420030C873 /* Views */ = {
			isa = PBXGroup;
			children = (
				FA9A2F3C19B689AF0057080C /* NSButtons */,
				FA9A2F4119B68AEB0057080C /* NSImageViews */,
				FA9A2F3F19B68AC00057080C /* NSSliders */,
				FA9A2F3819B6891C0057080C /* NSTableCellViews */,
				FA9A2F4019B68AD20057080C /* NSTableRowViews */,
				FA9A2F4319B68AFE0057080C /* NSTableView */,
				FA9A2F3D19B68A900057080C /* NSTextFields */,
				FA33F43019E673DA00FF7649 /* NSTextViews */,
				FA9A2F3B19B689A70057080C /* NSViews */,
				FA9A2F4219B68AF60057080C /* NSWindows */,
			);
			name = Views;
			sourceTree = "<group>";
		};
		FA0C4E9D19C22CAA00A1B83C /* SPMediaKeyTap */ = {
			isa = PBXGroup;
			children = (
				FA99EEC619D0210F008C9C4A /* SPInvocationGrabbing */,
				FA99EECC19D0210F008C9C4A /* SPMediaKeyTap.h */,
				FA99EECD19D0210F008C9C4A /* SPMediaKeyTap.m */,
			);
			name = SPMediaKeyTap;
			sourceTree = "<group>";
		};
		FA222A8719BCCA68005A631F /* ContentViewControllers */ = {
			isa = PBXGroup;
			children = (
				FA222A8519BCC947005A631F /* BaseContentViewController.swift */,
				FA3199AC198247970097B081 /* BlogDirectoryViewController.swift */,
				FA77499F198C1CAA0048863F /* FriendsViewController.swift */,
				FA774999198C07110048863F /* GenresViewController.swift */,
				FAA34A8B19B2E1FA0038868A /* PlaylistViewControllers */,
				FA77499D198C0D180048863F /* SearchViewController.swift */,
				FAEE914719BA5AF600D4274C /* SingleBlogViewController.swift */,
				FA6ADD0219BAB0E300CCD371 /* SingleFriendViewController.swift */,
			);
			name = ContentViewControllers;
			sourceTree = "<group>";
		};
		FA24ED931974A9A500A781C8 = {
			isa = PBXGroup;
			children = (
				FA24ED9E1974A9A500A781C8 /* Plug */,
				FA24EDB31974A9A500A781C8 /* PlugTests */,
				FA24ED9D1974A9A500A781C8 /* Products */,
				8649AE136FF74B02AB61EE0C /* Frameworks */,
				67128E1BDB9E0902124860AD /* Pods */,
			);
			sourceTree = "<group>";
		};
		FA24ED9D1974A9A500A781C8 /* Products */ = {
			isa = PBXGroup;
			children = (
				FA24ED9C1974A9A500A781C8 /* Plug.app */,
				FA24EDB01974A9A500A781C8 /* PlugTests.xctest */,
			);
			name = Products;
			sourceTree = "<group>";
		};
		FA24ED9E1974A9A500A781C8 /* Plug */ = {
			isa = PBXGroup;
			children = (
				FA24EDA51974A9A500A781C8 /* AppDelegate.swift */,
				FA34171A19D4DE37006F706D /* UserNotificationHandler.swift */,
				FA15319719C23DBD004DB074 /* MediaKeyHandler.swift */,
				FA64C6A619764FE9003933E3 /* Constants.swift */,
				FA64C6A119764DAE003933E3 /* Models */,
				FA53950E19B03440006A95A5 /* Formatters */,
				FA0B1CF31976D8420030C873 /* Views */,
				FA0B1CF21976D8320030C873 /* Controllers */,
				FA9EA043199B0D1500D9AB8A /* Data Sources */,
				FA9A2F4419B6A5470057080C /* Storyboards */,
				FA51263419761424004D0776 /* Extensions */,
				FA666D5919B3948E00AA0AA1 /* Plugins */,
				FA24EDA71974A9A500A781C8 /* Images.xcassets */,
				FA24ED9F1974A9A500A781C8 /* Supporting Files */,
				FA410CF319A40C2600E71B20 /* Plug.iconset */,
				FAF507191975DA4B0097D392 /* Plug-Bridging-Header.h */,
				FACB370D19E3B0C100432CE8 /* Plug-Bridging-Header.m */,
				FAD4C211197CA3F2004606B5 /* UserDefaults.plist */,
			);
			path = Plug;
			sourceTree = "<group>";
		};
		FA24ED9F1974A9A500A781C8 /* Supporting Files */ = {
			isa = PBXGroup;
			children = (
				FA24EDA01974A9A500A781C8 /* Info.plist */,
				FA24EDA11974A9A500A781C8 /* main.swift */,
			);
			name = "Supporting Files";
			sourceTree = "<group>";
		};
		FA24EDB31974A9A500A781C8 /* PlugTests */ = {
			isa = PBXGroup;
			children = (
				FA24EDB61974A9A500A781C8 /* PlugTests.swift */,
				FA24EDB41974A9A500A781C8 /* Supporting Files */,
			);
			path = PlugTests;
			sourceTree = "<group>";
		};
		FA24EDB41974A9A500A781C8 /* Supporting Files */ = {
			isa = PBXGroup;
			children = (
				FA24EDB51974A9A500A781C8 /* Info.plist */,
			);
			name = "Supporting Files";
			sourceTree = "<group>";
		};
		FA33F43019E673DA00FF7649 /* NSTextViews */ = {
			isa = PBXGroup;
			children = (
			);
			name = NSTextViews;
			sourceTree = "<group>";
		};
		FA51263419761424004D0776 /* Extensions */ = {
			isa = PBXGroup;
			children = (
				FA51263519761436004D0776 /* NSColor+256ColorValues.swift */,
				FA64C6A819765323003933E3 /* Array+contains.swift */,
				FA7C5CD019BD5724002239AB /* String+getSubstringBetweenPrefix.swift */,
				FABB112E19C10DD8000DB1BC /* String+digest.swift */,
				FA72C14E19C0524000FFB002 /* Dictionary+merge.swift */,
				FA8EC5D819C4F70B0092FC49 /* Range+contains.swift */,
			);
			name = Extensions;
			sourceTree = "<group>";
		};
		FA53950519AFFE67006A95A5 /* TrackTableCellViews */ = {
			isa = PBXGroup;
			children = (
				FA53950619AFFF01006A95A5 /* BasePlaylistTableCellView.swift */,
				FAF13B29199D3D62009D9F66 /* FeedTableCellView.swift */,
				FA53950319AFFE31006A95A5 /* HeatMapPlaylistTableCellView.swift */,
				FADC96F11974CA0D009458FA /* LoveCountPlaylistTableCellView.swift */,
			);
			name = TrackTableCellViews;
			sourceTree = "<group>";
		};
		FA53950E19B03440006A95A5 /* Formatters */ = {
			isa = PBXGroup;
			children = (
				FA53950819B01E47006A95A5 /* LovedCountFormatter.swift */,
				FA53951119B0583D006A95A5 /* PostInfoFormatter.swift */,
				FA6ADCFA19BA8B9600CCD371 /* SingleBlogViewFormatter.swift */,
			);
			name = Formatters;
			sourceTree = "<group>";
		};
		FA64C6A119764DAE003933E3 /* Models */ = {
			isa = PBXGroup;
			children = (
				FA50280219C02EE800E3C84E /* Analytics.swift */,
				FA5394F919AFA065006A95A5 /* Animations.swift */,
				FAA34A9419B2F0450038868A /* Async.swift */,
				FAA51A4E198023470057EC34 /* AudioPlayer.swift */,
				FAD1F54819A7C793002322D6 /* Authentication.swift */,
				FA3199AE19824E030097B081 /* Blog.swift */,
				FAA51A5A1980D4FC0057EC34 /* Error.swift */,
				FA7749A3198C1EBD0048863F /* Friend.swift */,
				FA77499B198C07D10048863F /* Genre.swift */,
				FAF21D9119C16B1F00615D2F /* GoogleAnalytics */,
				FA2C86001977AF2F007B1622 /* HeatMap.swift */,
				FA7C5CCE19BD4F2D002239AB /* HTTP.swift */,
				FA64C6A219764DC9003933E3 /* HypeMachineAPI.swift */,
				FAD3B0DD1981DF5200BC5109 /* Interval.swift */,
				FAACE4BD19ABEA4600F8E9E8 /* Logger.swift */,
				FAA51A58198084E50057EC34 /* NavigationSection.swift */,
				FAF13B27199D22D5009D9F66 /* Notifications.swift */,
				FA0B1D2D1977109E0030C873 /* Playlist.swift */,
				FA7749A5198C298E0048863F /* Playlists */,
				FA53950119AFC50D006A95A5 /* PlugJSONResponseSerializer.swift */,
				FA18A8E319A303CC00B7CFDC /* Regex.swift */,
				FA32B867198ACFAF00D29817 /* SectionHeader.swift */,
				FA7C5CCC19BD4E9A002239AB /* SoundCloudAPI.swift */,
				FA691BFE197654AF008D5C3E /* Track.swift */,
				FA666D5F19B408B600AA0AA1 /* UserNotifications.swift */,
				FA6ADCFC19BA935C00CCD371 /* ViewPlacementHelper.swift */,
			);
			name = Models;
			sourceTree = "<group>";
		};
		FA666D5919B3948E00AA0AA1 /* Plugins */ = {
			isa = PBXGroup;
			children = (
				FA0C4E9D19C22CAA00A1B83C /* SPMediaKeyTap */,
				FA666D5B19B3950D00AA0AA1 /* ITSwitch.h */,
				FA666D5A19B3950D00AA0AA1 /* ITSwitch.m */,
				FA6ADCF619BA705300CCD371 /* SLColorArt.h */,
				FA6ADCF519BA705300CCD371 /* SLColorArt.m */,
			);
			name = Plugins;
			sourceTree = "<group>";
		};
		FA7749A5198C298E0048863F /* Playlists */ = {
			isa = PBXGroup;
			children = (
				FA0B1D2F197712920030C873 /* PopularPlaylist.swift */,
				FA0B1D33197719230030C873 /* FavoritesPlaylist.swift */,
				FA0B1D311977187E0030C873 /* LatestPlaylist.swift */,
				FA0B1D39197725E90030C873 /* FeedPlaylist.swift */,
				FA0B1D3B1977281A0030C873 /* SearchPlaylist.swift */,
			);
			name = Playlists;
			sourceTree = "<group>";
		};
		FA99EEC619D0210F008C9C4A /* SPInvocationGrabbing */ = {
			isa = PBXGroup;
			children = (
				FA99EECA19D0210F008C9C4A /* NSObject+SPInvocationGrabbing.h */,
				FA99EECB19D0210F008C9C4A /* NSObject+SPInvocationGrabbing.m */,
			);
			path = SPInvocationGrabbing;
			sourceTree = "<group>";
		};
		FA9A2F3819B6891C0057080C /* NSTableCellViews */ = {
			isa = PBXGroup;
			children = (
				FACFAAE619BAB815006BD52B /* FriendTableCellView.swift */,
				FA666D5D19B3FCC900AA0AA1 /* GeneralPreferencesTableCellView.swift */,
				FA9A2F3919B6893A0057080C /* IOSStyleTableCellView.swift */,
				FA53950519AFFE67006A95A5 /* TrackTableCellViews */,
			);
			name = NSTableCellViews;
			sourceTree = "<group>";
		};
		FA9A2F3B19B689A70057080C /* NSViews */ = {
			isa = PBXGroup;
			children = (
				FA774993198B46770048863F /* BackgroundBorderView.swift */,
				FADC96F51974D10C009458FA /* DraggableView.swift */,
				FA51263019760B2B004D0776 /* DraggableVisualEffectsView.swift */,
				FA58FE0719B269F100C16D89 /* FooterBackgroundView.swift */,
				FA0B1D2719770AEB0030C873 /* HeatMapView.swift */,
				FA9A2F3219B66C760057080C /* NavigationBar.swift */,
				FAAC8DAD19E4A1A300B1231B /* TagContainerView.swift */,
				FA7B3CB8199B626B008E8B01 /* SidebarOverlayView.swift */,
				FAF0371C197B83C800F716CE /* VolumeIconView.swift */,
			);
			name = NSViews;
			sourceTree = "<group>";
		};
		FA9A2F3C19B689AF0057080C /* NSButtons */ = {
			isa = PBXGroup;
			children = (
				FA9A2F4919B783B30057080C /* BackButtonCell.swift */,
				FA70FC6919AAE6740048C866 /* ColoredTitleButton.swift */,
				FAACE4C519AC30C500F8E9E8 /* ForgotPasswordButtonCell.swift */,
				FAF6F097197A05D300F2102B /* HoverToggleButton.swift */,
				FA933F9619ACE69A00085E75 /* HyperlinkButton.swift */,
				FA5394FD19AFB24C006A95A5 /* LoginButton.swift */,
				FAB4305B19AB001600FFCA63 /* LoginButtonCell.swift */,
				FAB4305919AAF89A00FFCA63 /* RoundedRectOutlineButton.swift */,
				FAACE4C319AC2ADD00F8E9E8 /* SignUpButtonCell.swift */,
				FA5394EF19AF6B0F006A95A5 /* SwissArmyButton.swift */,
				FA5394F319AF7339006A95A5 /* SwissArmyButtonCell.swift */,
				FA33002F197CB1EE0063C552 /* TransparentButton.swift */,
				FAF21D8F19C128E700615D2F /* TransparentButtonCell.swift */,
				FA6E0CF619AB15DE00A077F0 /* UnderlinedTabButtonCell.swift */,
				FA67371719E44C0D009BF6D2 /* TagButton.swift */,
				FA67371919E44D1B009BF6D2 /* TagButtonCell.swift */,
			);
			name = NSButtons;
			sourceTree = "<group>";
		};
		FA9A2F3D19B68A900057080C /* NSTextFields */ = {
			isa = PBXGroup;
			children = (
				FAACE4C719AC3AE300F8E9E8 /* VibrantSecureTextField.swift */,
				FAACE4C119AC0A0900F8E9E8 /* VibrantTextField.swift */,
				FA0B1D3D1977355B0030C873 /* ColorChangingTextField.swift */,
				FA76FCC419DF414E0022BB09 /* SelectableTextField.swift */,
				FA33F43319E67FB200FF7649 /* PostInfoTextField.swift */,
			);
			name = NSTextFields;
			sourceTree = "<group>";
		};
		FA9A2F3F19B68AC00057080C /* NSSliders */ = {
			isa = PBXGroup;
			children = (
				FAE95B7719A2DED7009F9946 /* FlatSlider.swift */,
				FAF6F0951979F92900F2102B /* FlatSliderCell.swift */,
			);
			name = NSSliders;
			sourceTree = "<group>";
		};
		FA9A2F4019B68AD20057080C /* NSTableRowViews */ = {
			isa = PBXGroup;
			children = (
				FA7C4976198ABD3300A38B27 /* GroupRowView.swift */,
				FA774995198B4CF00048863F /* IOSStyleTableRowView.swift */,
			);
			name = NSTableRowViews;
			sourceTree = "<group>";
		};
		FA9A2F4119B68AEB0057080C /* NSImageViews */ = {
			isa = PBXGroup;
			children = (
				FA5394FB19AFA903006A95A5 /* LoginButtonImageView.swift */,
				FAEB269E19AD1F5E0024CB0C /* VibrantImageView.swift */,
				FA6ADCF319BA69C300CCD371 /* SingleBlogImageView.swift */,
				FA222A8319BCBC07005A631F /* CircleMaskImageView.swift */,
			);
			name = NSImageViews;
			sourceTree = "<group>";
		};
		FA9A2F4219B68AF60057080C /* NSWindows */ = {
			isa = PBXGroup;
			children = (
				FADC96F31974CCFA009458FA /* HiddenTitlebarWindow.swift */,
			);
			name = NSWindows;
			sourceTree = "<group>";
		};
		FA9A2F4319B68AFE0057080C /* NSTableView */ = {
			isa = PBXGroup;
			children = (
				FAEE914519BA3A3300D4274C /* ExtendedTableView.swift */,
			);
			name = NSTableView;
			sourceTree = "<group>";
		};
		FA9A2F4419B6A5470057080C /* Storyboards */ = {
			isa = PBXGroup;
			children = (
				FA222A8919BCEFE0005A631F /* TrackContextMenuController.xib */,
				FA4C44F619A6C8BE0052D506 /* Login.storyboard */,
				FA24EDA91974A9A500A781C8 /* Main.storyboard */,
				FA4C44FA19A6D17A0052D506 /* MainMenu.storyboard */,
				FACEEBE719ABB9440093A81B /* Preferences.storyboard */,
				FAEB269C19AD17820024CB0C /* TrackInfo.storyboard */,
			);
			name = Storyboards;
			sourceTree = "<group>";
		};
		FA9EA043199B0D1500D9AB8A /* Data Sources */ = {
			isa = PBXGroup;
			children = (
				FAA34A8719B2CDBA0038868A /* PlaylistDataSources */,
				FA9EA03D199AF00900D9AB8A /* BlogDirectoryDataSource.swift */,
				FA9EA044199B0F4200D9AB8A /* FriendsDataSource.swift */,
				FA9EA041199B08E100D9AB8A /* GenresDataSource.swift */,
			);
			name = "Data Sources";
			sourceTree = "<group>";
		};
		FAA34A8719B2CDBA0038868A /* PlaylistDataSources */ = {
			isa = PBXGroup;
			children = (
				FA9A2F4519B6ACA70057080C /* ArtistPlaylistDataSource.swift */,
				FAA34A8819B2CF620038868A /* BasePlaylistDataSource.swift */,
				FA6ADCF819BA886C00CCD371 /* BlogPlaylistDataSource.swift */,
				FA9EA03B199AEC0A00D9AB8A /* FavoritesPlaylistDataSource.swift */,
				FA9EA03F199AFC4100D9AB8A /* FeedPlaylistDataSource.swift */,
				FACFAAE819BBB5DF006BD52B /* FriendPlaylistDataSource.swift */,
				FA9A2F4B19B794570057080C /* GenrePlaylistDataSource.swift */,
				FA9EA039199AD25800D9AB8A /* LatestPlaylistDataSource.swift */,
				FA9EA037199ACAAA00D9AB8A /* PopularPlaylistDataSource.swift */,
				FA18A8E119A2F27000B7CFDC /* SearchPlaylistDataSource.swift */,
				FABA62A719C4BC6C00E217D9 /* SingleTrackDataSource.swift */,
			);
			name = PlaylistDataSources;
			sourceTree = "<group>";
		};
		FAA34A8B19B2E1FA0038868A /* PlaylistViewControllers */ = {
			isa = PBXGroup;
			children = (
				FA24EDC21974ACAA00A781C8 /* BasePlaylistViewController.swift */,
				FAA34A9219B2E4090038868A /* FavoritesPlaylistViewController.swift */,
				FAA34A8E19B2E3C00038868A /* FeedPlaylistViewController.swift */,
				FAA34A9019B2E3EC0038868A /* LatestPlaylistViewController.swift */,
				FAA34A8C19B2E27F0038868A /* PopularPlaylistViewController.swift */,
			);
			name = PlaylistViewControllers;
			sourceTree = "<group>";
		};
		FACEEBEB19ABC3210093A81B /* Preferences */ = {
			isa = PBXGroup;
			children = (
				FACEEBEE19ABDA130093A81B /* PreferencesWindowController.swift */,
				FACEEBE919ABC3160093A81B /* PreferencesViewController.swift */,
				FA3986E119AB13E1001B216E /* GeneralPreferencesViewController.swift */,
				FA3986E319AB13F8001B216E /* HotkeysPreferencesViewController.swift */,
				FA3986E519AB140D001B216E /* MutedPreferencesViewController.swift */,
			);
			name = Preferences;
			sourceTree = "<group>";
		};
		FACEEBEC19ABC32E0093A81B /* Login */ = {
			isa = PBXGroup;
			children = (
				FA4C44F819A6C9B70052D506 /* LoginViewController.swift */,
			);
			name = Login;
			sourceTree = "<group>";
		};
		FACEEBED19ABC33A0093A81B /* Main */ = {
			isa = PBXGroup;
			children = (
				FA222A8719BCCA68005A631F /* ContentViewControllers */,
				FAF0372E197B8A3500F716CE /* FooterViewController.swift */,
				FA6ADD0019BAAB5E00CCD371 /* LoaderViewController.swift */,
				FA0B1CF61976ECF60030C873 /* MainViewController.swift */,
				FA9A2F3019B66C6F0057080C /* NavigationController.swift */,
				FA9A2F3419B66D7D0057080C /* PlugNavigationController.swift */,
				FA0B1CF41976D8A70030C873 /* SidebarViewController.swift */,
				FAA51A56198060AE0057EC34 /* TitleBarViewController.swift */,
				FA222A8819BCEFE0005A631F /* TrackContextMenuController.swift */,
				FABA62A919C4DFE200E217D9 /* CurrentlyPlaylingTrackViewController.swift */,
			);
			name = Main;
			sourceTree = "<group>";
		};
		FAEB26A019AD20620024CB0C /* Track Info */ = {
			isa = PBXGroup;
			children = (
				FAF13B2B199D4AD6009D9F66 /* TrackInfoViewController.swift */,
			);
			name = "Track Info";
			sourceTree = "<group>";
		};
		FAF21D9119C16B1F00615D2F /* GoogleAnalytics */ = {
			isa = PBXGroup;
			children = (
				FA72C14A19C03FD400FFB002 /* GoogleAnalytics.swift */,
				FAF21D9219C16B4500615D2F /* EventHit.swift */,
				FAF21D9419C16B6000615D2F /* ScreenviewHit.swift */,
			);
			name = GoogleAnalytics;
			sourceTree = "<group>";
		};
/* End PBXGroup section */

/* Begin PBXNativeTarget section */
		FA24ED9B1974A9A500A781C8 /* Plug */ = {
			isa = PBXNativeTarget;
			buildConfigurationList = FA24EDBA1974A9A500A781C8 /* Build configuration list for PBXNativeTarget "Plug" */;
			buildPhases = (
				3AC6D0B4530F4E2C8AEE10CC /* Check Pods Manifest.lock */,
				FA24ED981974A9A500A781C8 /* Sources */,
				FA24ED991974A9A500A781C8 /* Frameworks */,
				FA24ED9A1974A9A500A781C8 /* Resources */,
				DBCD6BFCABB74E4481EA64FA /* Copy Pods Resources */,
			);
			buildRules = (
			);
			dependencies = (
			);
			name = Plug;
			productName = Plug;
			productReference = FA24ED9C1974A9A500A781C8 /* Plug.app */;
			productType = "com.apple.product-type.application";
		};
		FA24EDAF1974A9A500A781C8 /* PlugTests */ = {
			isa = PBXNativeTarget;
			buildConfigurationList = FA24EDBD1974A9A500A781C8 /* Build configuration list for PBXNativeTarget "PlugTests" */;
			buildPhases = (
				FA24EDAC1974A9A500A781C8 /* Sources */,
				FA24EDAD1974A9A500A781C8 /* Frameworks */,
				FA24EDAE1974A9A500A781C8 /* Resources */,
			);
			buildRules = (
			);
			dependencies = (
				FA24EDB21974A9A500A781C8 /* PBXTargetDependency */,
				FAF507201975DDFE0097D392 /* PBXTargetDependency */,
				FAF507221975DDFE0097D392 /* PBXTargetDependency */,
			);
			name = PlugTests;
			productName = PlugTests;
			productReference = FA24EDB01974A9A500A781C8 /* PlugTests.xctest */;
			productType = "com.apple.product-type.bundle.unit-test";
		};
/* End PBXNativeTarget section */

/* Begin PBXProject section */
		FA24ED941974A9A500A781C8 /* Project object */ = {
			isa = PBXProject;
			attributes = {
				LastUpgradeCheck = 0600;
				ORGANIZATIONNAME = Plug;
				TargetAttributes = {
					FA24ED9B1974A9A500A781C8 = {
						CreatedOnToolsVersion = 6.0;
						DevelopmentTeam = XM22JRGFT9;
					};
					FA24EDAF1974A9A500A781C8 = {
						CreatedOnToolsVersion = 6.0;
						TestTargetID = FA24ED9B1974A9A500A781C8;
					};
				};
			};
			buildConfigurationList = FA24ED971974A9A500A781C8 /* Build configuration list for PBXProject "Plug" */;
			compatibilityVersion = "Xcode 3.2";
			developmentRegion = English;
			hasScannedForEncodings = 0;
			knownRegions = (
				en,
				Base,
			);
			mainGroup = FA24ED931974A9A500A781C8;
			productRefGroup = FA24ED9D1974A9A500A781C8 /* Products */;
			projectDirPath = "";
			projectRoot = "";
			targets = (
				FA24ED9B1974A9A500A781C8 /* Plug */,
				FA24EDAF1974A9A500A781C8 /* PlugTests */,
			);
		};
/* End PBXProject section */

/* Begin PBXResourcesBuildPhase section */
		FA24ED9A1974A9A500A781C8 /* Resources */ = {
			isa = PBXResourcesBuildPhase;
			buildActionMask = 2147483647;
			files = (
				FA24EDA81974A9A500A781C8 /* Images.xcassets in Resources */,
				FAD4C212197CA3F2004606B5 /* UserDefaults.plist in Resources */,
				FACEEBE819ABB9440093A81B /* Preferences.storyboard in Resources */,
				FA4C44FB19A6D17A0052D506 /* MainMenu.storyboard in Resources */,
				FAEB269D19AD17820024CB0C /* TrackInfo.storyboard in Resources */,
				FA24EDAB1974A9A500A781C8 /* Main.storyboard in Resources */,
				FA4C44F719A6C8BE0052D506 /* Login.storyboard in Resources */,
				FA222A8B19BCEFE0005A631F /* TrackContextMenuController.xib in Resources */,
				FA410CF419A40C2600E71B20 /* Plug.iconset in Resources */,
			);
			runOnlyForDeploymentPostprocessing = 0;
		};
		FA24EDAE1974A9A500A781C8 /* Resources */ = {
			isa = PBXResourcesBuildPhase;
			buildActionMask = 2147483647;
			files = (
			);
			runOnlyForDeploymentPostprocessing = 0;
		};
/* End PBXResourcesBuildPhase section */

/* Begin PBXShellScriptBuildPhase section */
		3AC6D0B4530F4E2C8AEE10CC /* Check Pods Manifest.lock */ = {
			isa = PBXShellScriptBuildPhase;
			buildActionMask = 2147483647;
			files = (
			);
			inputPaths = (
			);
			name = "Check Pods Manifest.lock";
			outputPaths = (
			);
			runOnlyForDeploymentPostprocessing = 0;
			shellPath = /bin/sh;
			shellScript = "diff \"${PODS_ROOT}/../Podfile.lock\" \"${PODS_ROOT}/Manifest.lock\" > /dev/null\nif [[ $? != 0 ]] ; then\n    cat << EOM\nerror: The sandbox is not in sync with the Podfile.lock. Run 'pod install' or update your CocoaPods installation.\nEOM\n    exit 1\nfi\n";
			showEnvVarsInLog = 0;
		};
		DBCD6BFCABB74E4481EA64FA /* Copy Pods Resources */ = {
			isa = PBXShellScriptBuildPhase;
			buildActionMask = 2147483647;
			files = (
			);
			inputPaths = (
			);
			name = "Copy Pods Resources";
			outputPaths = (
			);
			runOnlyForDeploymentPostprocessing = 0;
			shellPath = /bin/sh;
			shellScript = "\"${SRCROOT}/Pods/Target Support Files/Pods-Plug/Pods-Plug-resources.sh\"\n";
			showEnvVarsInLog = 0;
		};
/* End PBXShellScriptBuildPhase section */

/* Begin PBXSourcesBuildPhase section */
		FA24ED981974A9A500A781C8 /* Sources */ = {
			isa = PBXSourcesBuildPhase;
			buildActionMask = 2147483647;
			files = (
				FA0B1CF81976ECF60030C873 /* MainViewController.swift in Sources */,
				FA33F43419E67FB200FF7649 /* PostInfoTextField.swift in Sources */,
				FA774994198B46770048863F /* BackgroundBorderView.swift in Sources */,
				FADC96F61974D10C009458FA /* DraggableView.swift in Sources */,
				FA0B1D3C1977281A0030C873 /* SearchPlaylist.swift in Sources */,
				FAA51A59198084E50057EC34 /* NavigationSection.swift in Sources */,
				FA9A2F3619B66D7D0057080C /* PlugNavigationController.swift in Sources */,
				FA64C6A919765323003933E3 /* Array+contains.swift in Sources */,
				FACEEBEF19ABDA130093A81B /* PreferencesWindowController.swift in Sources */,
				FA7749A1198C1CAA0048863F /* FriendsViewController.swift in Sources */,
				FABA62AA19C4DFE200E217D9 /* CurrentlyPlaylingTrackViewController.swift in Sources */,
				FA666D6019B408B600AA0AA1 /* UserNotifications.swift in Sources */,
				FA24EDA61974A9A500A781C8 /* AppDelegate.swift in Sources */,
				FAA34A8F19B2E3C00038868A /* FeedPlaylistViewController.swift in Sources */,
				FAACE4BE19ABEA4600F8E9E8 /* Logger.swift in Sources */,
				FA9A2F4619B6ACA70057080C /* ArtistPlaylistDataSource.swift in Sources */,
				FA8EC5D919C4F70B0092FC49 /* Range+contains.swift in Sources */,
				FA64C6A319764DC9003933E3 /* HypeMachineAPI.swift in Sources */,
				FA32B868198ACFAF00D29817 /* SectionHeader.swift in Sources */,
				FA53951219B0583D006A95A5 /* PostInfoFormatter.swift in Sources */,
				FA7749A4198C1EBD0048863F /* Friend.swift in Sources */,
				FA9A2F4C19B794570057080C /* GenrePlaylistDataSource.swift in Sources */,
				FA0B1D321977187E0030C873 /* LatestPlaylist.swift in Sources */,
				FA18A8E219A2F27000B7CFDC /* SearchPlaylistDataSource.swift in Sources */,
				FA5394FC19AFA903006A95A5 /* LoginButtonImageView.swift in Sources */,
				FAACE4C619AC30C500F8E9E8 /* ForgotPasswordButtonCell.swift in Sources */,
				FAEE914619BA3A3300D4274C /* ExtendedTableView.swift in Sources */,
				FAEE914819BA5AF600D4274C /* SingleBlogViewController.swift in Sources */,
				FAF0371D197B83C800F716CE /* VolumeIconView.swift in Sources */,
				FA9EA040199AFC4100D9AB8A /* FeedPlaylistDataSource.swift in Sources */,
				FA76FCC519DF414E0022BB09 /* SelectableTextField.swift in Sources */,
				FAB4305C19AB001600FFCA63 /* LoginButtonCell.swift in Sources */,
				FA774996198B4CF00048863F /* IOSStyleTableRowView.swift in Sources */,
				FAB4305A19AAF89A00FFCA63 /* RoundedRectOutlineButton.swift in Sources */,
				FA58FE0819B269F100C16D89 /* FooterBackgroundView.swift in Sources */,
				FA70FC6A19AAE6740048C866 /* ColoredTitleButton.swift in Sources */,
				FAA34A9319B2E4090038868A /* FavoritesPlaylistViewController.swift in Sources */,
				FA9EA03C199AEC0A00D9AB8A /* FavoritesPlaylistDataSource.swift in Sources */,
				FA5394FA19AFA065006A95A5 /* Animations.swift in Sources */,
				FAD1F54919A7C793002322D6 /* Authentication.swift in Sources */,
				FA7C5CCD19BD4E9A002239AB /* SoundCloudAPI.swift in Sources */,
				FA9EA042199B08E100D9AB8A /* GenresDataSource.swift in Sources */,
				FA6ADCFD19BA935C00CCD371 /* ViewPlacementHelper.swift in Sources */,
				FA99EED219D0210F008C9C4A /* SPMediaKeyTap.m in Sources */,
				FA666D5E19B3FCC900AA0AA1 /* GeneralPreferencesTableCellView.swift in Sources */,
				FAA51A4F198023470057EC34 /* AudioPlayer.swift in Sources */,
				FAACE4C819AC3AE300F8E9E8 /* VibrantSecureTextField.swift in Sources */,
				FA6ADCF719BA705300CCD371 /* SLColorArt.m in Sources */,
				FA9A2F3319B66C760057080C /* NavigationBar.swift in Sources */,
				FA3986E419AB13F8001B216E /* HotkeysPreferencesViewController.swift in Sources */,
				FA5394FE19AFB24C006A95A5 /* LoginButton.swift in Sources */,
				FA5394F419AF7339006A95A5 /* SwissArmyButtonCell.swift in Sources */,
				FAA34A9519B2F0450038868A /* Async.swift in Sources */,
				FA933F9719ACE69A00085E75 /* HyperlinkButton.swift in Sources */,
				FA3986E619AB140D001B216E /* MutedPreferencesViewController.swift in Sources */,
				FAA34A9119B2E3EC0038868A /* LatestPlaylistViewController.swift in Sources */,
				FA53950419AFFE31006A95A5 /* HeatMapPlaylistTableCellView.swift in Sources */,
				FA0B1D3E1977355B0030C873 /* ColorChangingTextField.swift in Sources */,
				FA9EA045199B0F4200D9AB8A /* FriendsDataSource.swift in Sources */,
				FA51263119760B2B004D0776 /* DraggableVisualEffectsView.swift in Sources */,
				FA6ADD0119BAAB5E00CCD371 /* LoaderViewController.swift in Sources */,
				FA7C5CD119BD5724002239AB /* String+getSubstringBetweenPrefix.swift in Sources */,
				FA6ADCF419BA69C300CCD371 /* SingleBlogImageView.swift in Sources */,
				FA67371A19E44D1B009BF6D2 /* TagButtonCell.swift in Sources */,
				FAA51A57198060AE0057EC34 /* TitleBarViewController.swift in Sources */,
				FA51263619761436004D0776 /* NSColor+256ColorValues.swift in Sources */,
				FA222A8A19BCEFE0005A631F /* TrackContextMenuController.swift in Sources */,
				FA3199AF19824E030097B081 /* Blog.swift in Sources */,
				FAF21D9019C128E700615D2F /* TransparentButtonCell.swift in Sources */,
				FA9EA03A199AD25800D9AB8A /* LatestPlaylistDataSource.swift in Sources */,
				FAD3B0DE1981DF5200BC5109 /* Interval.swift in Sources */,
				FA77499A198C07110048863F /* GenresViewController.swift in Sources */,
				FAA34A8919B2CF620038868A /* BasePlaylistDataSource.swift in Sources */,
				FA0B1D2819770AEB0030C873 /* HeatMapView.swift in Sources */,
				FA9EA038199ACAAA00D9AB8A /* PopularPlaylistDataSource.swift in Sources */,
				FAF21D9519C16B6000615D2F /* ScreenviewHit.swift in Sources */,
				FA6ADD0319BAB0E300CCD371 /* SingleFriendViewController.swift in Sources */,
				FA3199AD198247980097B081 /* BlogDirectoryViewController.swift in Sources */,
				FAF13B2A199D3D62009D9F66 /* FeedTableCellView.swift in Sources */,
				FA53950919B01E47006A95A5 /* LovedCountFormatter.swift in Sources */,
				FA6E0CF719AB15DE00A077F0 /* UnderlinedTabButtonCell.swift in Sources */,
				FA18A8E419A303CC00B7CFDC /* Regex.swift in Sources */,
				FA77499C198C07D10048863F /* Genre.swift in Sources */,
				FAF21D9319C16B4500615D2F /* EventHit.swift in Sources */,
				FA222A8619BCC947005A631F /* BaseContentViewController.swift in Sources */,
				FA72C14B19C03FD400FFB002 /* GoogleAnalytics.swift in Sources */,
				FAAC8DAE19E4A1A300B1231B /* TagContainerView.swift in Sources */,
				FAF6F0961979F92900F2102B /* FlatSliderCell.swift in Sources */,
				FA0B1D34197719230030C873 /* FavoritesPlaylist.swift in Sources */,
				FA6ADCF919BA886C00CCD371 /* BlogPlaylistDataSource.swift in Sources */,
				FAA34A8D19B2E27F0038868A /* PopularPlaylistViewController.swift in Sources */,
				FAF13B2C199D4AD6009D9F66 /* TrackInfoViewController.swift in Sources */,
				FAE95B7819A2DED7009F9946 /* FlatSlider.swift in Sources */,
				FAACE4C419AC2ADD00F8E9E8 /* SignUpButtonCell.swift in Sources */,
				FA222A8419BCBC07005A631F /* CircleMaskImageView.swift in Sources */,
				FA2C86011977AF2F007B1622 /* HeatMap.swift in Sources */,
				FABB112F19C10DD8000DB1BC /* String+digest.swift in Sources */,
				FA7C5CCF19BD4F2D002239AB /* HTTP.swift in Sources */,
				FAF6F098197A05D300F2102B /* HoverToggleButton.swift in Sources */,
				FA53950219AFC50D006A95A5 /* PlugJSONResponseSerializer.swift in Sources */,
				FA9A2F3119B66C6F0057080C /* NavigationController.swift in Sources */,
				FACEEBEA19ABC3160093A81B /* PreferencesViewController.swift in Sources */,
				FA691BFF197654AF008D5C3E /* Track.swift in Sources */,
				FAACE4C219AC0A0900F8E9E8 /* VibrantTextField.swift in Sources */,
				FA99EED119D0210F008C9C4A /* NSObject+SPInvocationGrabbing.m in Sources */,
				FA15319819C23DBD004DB074 /* MediaKeyHandler.swift in Sources */,
				FA330030197CB1EE0063C552 /* TransparentButton.swift in Sources */,
				FAF0372F197B8A3500F716CE /* FooterViewController.swift in Sources */,
				FA0B1CF51976D8A70030C873 /* SidebarViewController.swift in Sources */,
				FACFAAE919BBB5DF006BD52B /* FriendPlaylistDataSource.swift in Sources */,
				FA0B1D3A197725E90030C873 /* FeedPlaylist.swift in Sources */,
				FA50280319C02EE800E3C84E /* Analytics.swift in Sources */,
				FA5394F019AF6B0F006A95A5 /* SwissArmyButton.swift in Sources */,
				FA24EDA21974A9A500A781C8 /* main.swift in Sources */,
				FA53950719AFFF01006A95A5 /* BasePlaylistTableCellView.swift in Sources */,
				FA77499E198C0D180048863F /* SearchViewController.swift in Sources */,
				FA7C4977198ABD3300A38B27 /* GroupRowView.swift in Sources */,
				FACB370E19E3B0C100432CE8 /* Plug-Bridging-Header.m in Sources */,
				FA666D5C19B3950D00AA0AA1 /* ITSwitch.m in Sources */,
				FADC96F41974CCFA009458FA /* HiddenTitlebarWindow.swift in Sources */,
				FA4C44F919A6C9B70052D506 /* LoginViewController.swift in Sources */,
				FA34171B19D4DE37006F706D /* UserNotificationHandler.swift in Sources */,
				FA0B1D2E1977109E0030C873 /* Playlist.swift in Sources */,
				FA72C14F19C0524000FFB002 /* Dictionary+merge.swift in Sources */,
				FA9A2F3A19B6893A0057080C /* IOSStyleTableCellView.swift in Sources */,
				FA9A2F4A19B783B30057080C /* BackButtonCell.swift in Sources */,
				FA9EA03E199AF00900D9AB8A /* BlogDirectoryDataSource.swift in Sources */,
				FA67371819E44C0D009BF6D2 /* TagButton.swift in Sources */,
				FA3986E219AB13E1001B216E /* GeneralPreferencesViewController.swift in Sources */,
				FABA62A819C4BC6C00E217D9 /* SingleTrackDataSource.swift in Sources */,
				FAA51A5B1980D4FC0057EC34 /* Error.swift in Sources */,
				FA24EDC31974ACAA00A781C8 /* BasePlaylistViewController.swift in Sources */,
				FADC96F21974CA0D009458FA /* LoveCountPlaylistTableCellView.swift in Sources */,
				FACFAAE719BAB815006BD52B /* FriendTableCellView.swift in Sources */,
				FA0B1D30197712920030C873 /* PopularPlaylist.swift in Sources */,
				FA7B3CB9199B626B008E8B01 /* SidebarOverlayView.swift in Sources */,
				FA6ADCFB19BA8B9600CCD371 /* SingleBlogViewFormatter.swift in Sources */,
				FAEB269F19AD1F5E0024CB0C /* VibrantImageView.swift in Sources */,
				FA64C6A719764FE9003933E3 /* Constants.swift in Sources */,
				FAF13B28199D22D5009D9F66 /* Notifications.swift in Sources */,
			);
			runOnlyForDeploymentPostprocessing = 0;
		};
		FA24EDAC1974A9A500A781C8 /* Sources */ = {
			isa = PBXSourcesBuildPhase;
			buildActionMask = 2147483647;
			files = (
				FA24EDB71974A9A500A781C8 /* PlugTests.swift in Sources */,
			);
			runOnlyForDeploymentPostprocessing = 0;
		};
/* End PBXSourcesBuildPhase section */

/* Begin PBXTargetDependency section */
		FA24EDB21974A9A500A781C8 /* PBXTargetDependency */ = {
			isa = PBXTargetDependency;
			target = FA24ED9B1974A9A500A781C8 /* Plug */;
			targetProxy = FA24EDB11974A9A500A781C8 /* PBXContainerItemProxy */;
		};
		FAF507201975DDFE0097D392 /* PBXTargetDependency */ = {
			isa = PBXTargetDependency;
			target = FA24ED9B1974A9A500A781C8 /* Plug */;
			targetProxy = FAF5071F1975DDFE0097D392 /* PBXContainerItemProxy */;
		};
		FAF507221975DDFE0097D392 /* PBXTargetDependency */ = {
			isa = PBXTargetDependency;
			target = FA24ED9B1974A9A500A781C8 /* Plug */;
			targetProxy = FAF507211975DDFE0097D392 /* PBXContainerItemProxy */;
		};
/* End PBXTargetDependency section */

/* Begin PBXVariantGroup section */
		FA24EDA91974A9A500A781C8 /* Main.storyboard */ = {
			isa = PBXVariantGroup;
			children = (
				FA24EDAA1974A9A500A781C8 /* Base */,
			);
			name = Main.storyboard;
			sourceTree = "<group>";
		};
/* End PBXVariantGroup section */

/* Begin XCBuildConfiguration section */
		FA24EDB81974A9A500A781C8 /* Debug */ = {
			isa = XCBuildConfiguration;
			buildSettings = {
				ALWAYS_SEARCH_USER_PATHS = NO;
				CLANG_CXX_LANGUAGE_STANDARD = "gnu++0x";
				CLANG_CXX_LIBRARY = "libc++";
				CLANG_ENABLE_MODULES = YES;
				CLANG_ENABLE_OBJC_ARC = YES;
				CLANG_WARN_BOOL_CONVERSION = YES;
				CLANG_WARN_CONSTANT_CONVERSION = YES;
				CLANG_WARN_DIRECT_OBJC_ISA_USAGE = YES_ERROR;
				CLANG_WARN_EMPTY_BODY = YES;
				CLANG_WARN_ENUM_CONVERSION = YES;
				CLANG_WARN_INT_CONVERSION = YES;
				CLANG_WARN_OBJC_ROOT_CLASS = YES_ERROR;
				CLANG_WARN_UNREACHABLE_CODE = YES;
				CLANG_WARN__DUPLICATE_METHOD_MATCH = YES;
				CODE_SIGN_IDENTITY = "-";
				COPY_PHASE_STRIP = NO;
				ENABLE_STRICT_OBJC_MSGSEND = YES;
				GCC_C_LANGUAGE_STANDARD = gnu99;
				GCC_DYNAMIC_NO_PIC = NO;
				GCC_OPTIMIZATION_LEVEL = 0;
				GCC_PREPROCESSOR_DEFINITIONS = (
					"DEBUG=1",
					"$(inherited)",
				);
				GCC_SYMBOLS_PRIVATE_EXTERN = NO;
				GCC_WARN_64_TO_32_BIT_CONVERSION = YES;
				GCC_WARN_ABOUT_RETURN_TYPE = YES_ERROR;
				GCC_WARN_UNDECLARED_SELECTOR = YES;
				GCC_WARN_UNINITIALIZED_AUTOS = YES_AGGRESSIVE;
				GCC_WARN_UNUSED_FUNCTION = YES;
				GCC_WARN_UNUSED_VARIABLE = YES;
				MACOSX_DEPLOYMENT_TARGET = 10.10;
				MTL_ENABLE_DEBUG_INFO = YES;
				ONLY_ACTIVE_ARCH = YES;
				SDKROOT = macosx;
				SWIFT_OPTIMIZATION_LEVEL = "-Onone";
			};
			name = Debug;
		};
		FA24EDB91974A9A500A781C8 /* Release */ = {
			isa = XCBuildConfiguration;
			buildSettings = {
				ALWAYS_SEARCH_USER_PATHS = NO;
				CLANG_CXX_LANGUAGE_STANDARD = "gnu++0x";
				CLANG_CXX_LIBRARY = "libc++";
				CLANG_ENABLE_MODULES = YES;
				CLANG_ENABLE_OBJC_ARC = YES;
				CLANG_WARN_BOOL_CONVERSION = YES;
				CLANG_WARN_CONSTANT_CONVERSION = YES;
				CLANG_WARN_DIRECT_OBJC_ISA_USAGE = YES_ERROR;
				CLANG_WARN_EMPTY_BODY = YES;
				CLANG_WARN_ENUM_CONVERSION = YES;
				CLANG_WARN_INT_CONVERSION = YES;
				CLANG_WARN_OBJC_ROOT_CLASS = YES_ERROR;
				CLANG_WARN_UNREACHABLE_CODE = YES;
				CLANG_WARN__DUPLICATE_METHOD_MATCH = YES;
				CODE_SIGN_IDENTITY = "-";
				COPY_PHASE_STRIP = YES;
				DEBUG_INFORMATION_FORMAT = "dwarf-with-dsym";
				ENABLE_NS_ASSERTIONS = NO;
				ENABLE_STRICT_OBJC_MSGSEND = YES;
				GCC_C_LANGUAGE_STANDARD = gnu99;
				GCC_WARN_64_TO_32_BIT_CONVERSION = YES;
				GCC_WARN_ABOUT_RETURN_TYPE = YES_ERROR;
				GCC_WARN_UNDECLARED_SELECTOR = YES;
				GCC_WARN_UNINITIALIZED_AUTOS = YES_AGGRESSIVE;
				GCC_WARN_UNUSED_FUNCTION = YES;
				GCC_WARN_UNUSED_VARIABLE = YES;
				MACOSX_DEPLOYMENT_TARGET = 10.10;
				MTL_ENABLE_DEBUG_INFO = NO;
				SDKROOT = macosx;
			};
			name = Release;
		};
		FA24EDBB1974A9A500A781C8 /* Debug */ = {
			isa = XCBuildConfiguration;
			baseConfigurationReference = 02B59474A966D82A786DAE14 /* Pods-Plug.debug.xcconfig */;
			buildSettings = {
				ASSETCATALOG_COMPILER_APPICON_NAME = AppIcon;
				CLANG_ENABLE_MODULES = YES;
				CODE_SIGN_IDENTITY = "Developer ID Application";
				"CODE_SIGN_IDENTITY[sdk=macosx*]" = "Mac Developer";
				COMBINE_HIDPI_IMAGES = YES;
				INFOPLIST_FILE = Plug/Info.plist;
				LD_RUNPATH_SEARCH_PATHS = "$(inherited) @executable_path/../Frameworks";
				LIBRARY_SEARCH_PATHS = (
					"$(inherited)",
					"$(SDKROOT)/usr/lib/system",
				);
				MACOSX_DEPLOYMENT_TARGET = 10.10;
				PRODUCT_NAME = "$(TARGET_NAME)";
				PROVISIONING_PROFILE = "";
				SWIFT_OBJC_BRIDGING_HEADER = "Plug/Plug-Bridging-Header.h";
				SWIFT_OPTIMIZATION_LEVEL = "-Onone";
			};
			name = Debug;
		};
		FA24EDBC1974A9A500A781C8 /* Release */ = {
			isa = XCBuildConfiguration;
			baseConfigurationReference = 2327ABFB9604D97F56576A64 /* Pods-Plug.release.xcconfig */;
			buildSettings = {
				ASSETCATALOG_COMPILER_APPICON_NAME = AppIcon;
				CLANG_ENABLE_MODULES = YES;
				CODE_SIGN_IDENTITY = "Developer ID Application";
				"CODE_SIGN_IDENTITY[sdk=macosx*]" = "Mac Developer";
				COMBINE_HIDPI_IMAGES = YES;
				INFOPLIST_FILE = Plug/Info.plist;
				LD_RUNPATH_SEARCH_PATHS = "$(inherited) @executable_path/../Frameworks";
				LIBRARY_SEARCH_PATHS = (
					"$(inherited)",
					"$(SDKROOT)/usr/lib/system",
				);
				MACOSX_DEPLOYMENT_TARGET = 10.10;
				PRODUCT_NAME = "$(TARGET_NAME)";
				PROVISIONING_PROFILE = "";
				SWIFT_OBJC_BRIDGING_HEADER = "Plug/Plug-Bridging-Header.h";
				SWIFT_OPTIMIZATION_LEVEL = "-Onone";
			};
			name = Release;
		};
		FA24EDBE1974A9A500A781C8 /* Debug */ = {
			isa = XCBuildConfiguration;
			buildSettings = {
				BUNDLE_LOADER = "$(BUILT_PRODUCTS_DIR)/Plug.app/Contents/MacOS/Plug";
				COMBINE_HIDPI_IMAGES = YES;
				FRAMEWORK_SEARCH_PATHS = (
					"$(DEVELOPER_FRAMEWORKS_DIR)",
					"$(inherited)",
				);
				GCC_PREPROCESSOR_DEFINITIONS = (
					"DEBUG=1",
					"$(inherited)",
				);
				INFOPLIST_FILE = PlugTests/Info.plist;
				LD_RUNPATH_SEARCH_PATHS = "$(inherited) @executable_path/../Frameworks @loader_path/../Frameworks";
				PRODUCT_NAME = "$(TARGET_NAME)";
				TEST_HOST = "$(BUNDLE_LOADER)";
			};
			name = Debug;
		};
		FA24EDBF1974A9A500A781C8 /* Release */ = {
			isa = XCBuildConfiguration;
			buildSettings = {
				BUNDLE_LOADER = "$(BUILT_PRODUCTS_DIR)/Plug.app/Contents/MacOS/Plug";
				COMBINE_HIDPI_IMAGES = YES;
				FRAMEWORK_SEARCH_PATHS = (
					"$(DEVELOPER_FRAMEWORKS_DIR)",
					"$(inherited)",
				);
				INFOPLIST_FILE = PlugTests/Info.plist;
				LD_RUNPATH_SEARCH_PATHS = "$(inherited) @executable_path/../Frameworks @loader_path/../Frameworks";
				PRODUCT_NAME = "$(TARGET_NAME)";
				TEST_HOST = "$(BUNDLE_LOADER)";
			};
			name = Release;
		};
/* End XCBuildConfiguration section */

/* Begin XCConfigurationList section */
		FA24ED971974A9A500A781C8 /* Build configuration list for PBXProject "Plug" */ = {
			isa = XCConfigurationList;
			buildConfigurations = (
				FA24EDB81974A9A500A781C8 /* Debug */,
				FA24EDB91974A9A500A781C8 /* Release */,
			);
			defaultConfigurationIsVisible = 0;
			defaultConfigurationName = Release;
		};
		FA24EDBA1974A9A500A781C8 /* Build configuration list for PBXNativeTarget "Plug" */ = {
			isa = XCConfigurationList;
			buildConfigurations = (
				FA24EDBB1974A9A500A781C8 /* Debug */,
				FA24EDBC1974A9A500A781C8 /* Release */,
			);
			defaultConfigurationIsVisible = 0;
			defaultConfigurationName = Release;
		};
		FA24EDBD1974A9A500A781C8 /* Build configuration list for PBXNativeTarget "PlugTests" */ = {
			isa = XCConfigurationList;
			buildConfigurations = (
				FA24EDBE1974A9A500A781C8 /* Debug */,
				FA24EDBF1974A9A500A781C8 /* Release */,
			);
			defaultConfigurationIsVisible = 0;
			defaultConfigurationName = Release;
		};
/* End XCConfigurationList section */
	};
	rootObject = FA24ED941974A9A500A781C8 /* Project object */;
}
