// !$*UTF8*$!
{
	archiveVersion = 1;
	classes = {
	};
	objectVersion = 46;
	objects = {

/* Begin PBXBuildFile section */
		FA107A7F1B03E618006FA015 /* Requests.swift in Sources */ = {isa = PBXBuildFile; fileRef = FA107A7E1B03E618006FA015 /* Requests.swift */; };
		FA107A811B03E7C8006FA015 /* BlogsRequests.swift in Sources */ = {isa = PBXBuildFile; fileRef = FA107A801B03E7C8006FA015 /* BlogsRequests.swift */; };
		FA107A901B042811006FA015 /* TracksRequests.swift in Sources */ = {isa = PBXBuildFile; fileRef = FA107A8F1B042811006FA015 /* TracksRequests.swift */; };
		FA107A921B042938006FA015 /* ArtistsRequests.swift in Sources */ = {isa = PBXBuildFile; fileRef = FA107A911B042938006FA015 /* ArtistsRequests.swift */; };
		FA107A941B042A5D006FA015 /* TagsRequests.swift in Sources */ = {isa = PBXBuildFile; fileRef = FA107A931B042A5D006FA015 /* TagsRequests.swift */; };
		FA107A961B042BAD006FA015 /* UsersRequests.swift in Sources */ = {isa = PBXBuildFile; fileRef = FA107A951B042BAD006FA015 /* UsersRequests.swift */; };
		FA107A981B04494A006FA015 /* MeRequests.swift in Sources */ = {isa = PBXBuildFile; fileRef = FA107A971B04494A006FA015 /* MeRequests.swift */; };
		FA107A9A1B044ED9006FA015 /* MiscRequests.swift in Sources */ = {isa = PBXBuildFile; fileRef = FA107A991B044ED9006FA015 /* MiscRequests.swift */; };
		FA107AA31B0459D2006FA015 /* Dictionary.swift in Sources */ = {isa = PBXBuildFile; fileRef = FA107AA21B0459D2006FA015 /* Dictionary.swift */; };
		FA21C3C31B01078900C1EAA8 /* MiscRouter.swift in Sources */ = {isa = PBXBuildFile; fileRef = FA21C3C21B01078900C1EAA8 /* MiscRouter.swift */; };
		FA277E481B31C941009254A0 /* Cartfile in Resources */ = {isa = PBXBuildFile; fileRef = FA277E471B31C941009254A0 /* Cartfile */; };
		FA277E4A1B31C966009254A0 /* LICENSE in Resources */ = {isa = PBXBuildFile; fileRef = FA277E491B31C966009254A0 /* LICENSE */; };
		FA277E4C1B31CE84009254A0 /* HypeMachineAPI.podspec in Resources */ = {isa = PBXBuildFile; fileRef = FA277E4B1B31CE84009254A0 /* HypeMachineAPI.podspec */; };
		FA4D18ED1B0112C10043A040 /* Tags.json in Resources */ = {isa = PBXBuildFile; fileRef = FA4D18EB1B0112BA0043A040 /* Tags.json */; };
		FA4D18EF1B0112F80043A040 /* TagTests.swift in Sources */ = {isa = PBXBuildFile; fileRef = FA4D18EE1B0112F80043A040 /* TagTests.swift */; };
		FA4D18F11B01132E0043A040 /* Tag.json in Resources */ = {isa = PBXBuildFile; fileRef = FA4D18F01B01132E0043A040 /* Tag.json */; };
		FA4D18F31B0114730043A040 /* TagsRouter.swift in Sources */ = {isa = PBXBuildFile; fileRef = FA4D18F21B0114730043A040 /* TagsRouter.swift */; };
		FA5B33DC1AFF4FF6009F2F95 /* HypeMachineAPI.h in Headers */ = {isa = PBXBuildFile; fileRef = FA5B33DB1AFF4FF6009F2F95 /* HypeMachineAPI.h */; settings = {ATTRIBUTES = (Public, ); }; };
		FA5B33E21AFF4FF6009F2F95 /* HypeMachineAPI.framework in Frameworks */ = {isa = PBXBuildFile; fileRef = FA5B33D61AFF4FF6009F2F95 /* HypeMachineAPI.framework */; };
		FA5B33F51AFF5286009F2F95 /* HypeMachineAPI.swift in Sources */ = {isa = PBXBuildFile; fileRef = FA5B33F41AFF5286009F2F95 /* HypeMachineAPI.swift */; };
		FA5B33F81AFF540F009F2F95 /* Blog.swift in Sources */ = {isa = PBXBuildFile; fileRef = FA5B33F71AFF540F009F2F95 /* Blog.swift */; };
		FA5B33FA1AFF5414009F2F95 /* User.swift in Sources */ = {isa = PBXBuildFile; fileRef = FA5B33F91AFF5414009F2F95 /* User.swift */; };
		FA5B33FC1AFF5419009F2F95 /* Tag.swift in Sources */ = {isa = PBXBuildFile; fileRef = FA5B33FB1AFF5419009F2F95 /* Tag.swift */; };
		FA5B340B1AFF5447009F2F95 /* Track.swift in Sources */ = {isa = PBXBuildFile; fileRef = FA5B340A1AFF5447009F2F95 /* Track.swift */; };
		FA5B340F1AFF54D5009F2F95 /* Request.swift in Sources */ = {isa = PBXBuildFile; fileRef = FA5B340E1AFF54D5009F2F95 /* Request.swift */; };
		FA5B34121B002013009F2F95 /* Router.swift in Sources */ = {isa = PBXBuildFile; fileRef = FA5B34111B002013009F2F95 /* Router.swift */; };
		FA5B34141B002061009F2F95 /* TracksRouter.swift in Sources */ = {isa = PBXBuildFile; fileRef = FA5B34131B002061009F2F95 /* TracksRouter.swift */; };
		FA5B341A1B008DC4009F2F95 /* Track.json in Resources */ = {isa = PBXBuildFile; fileRef = FA5B34181B008BA2009F2F95 /* Track.json */; };
		FA5B341D1B009052009F2F95 /* Tracks.json in Resources */ = {isa = PBXBuildFile; fileRef = FA5B341B1B008F6A009F2F95 /* Tracks.json */; };
		FA5B341F1B00F23B009F2F95 /* BlogsRouter.swift in Sources */ = {isa = PBXBuildFile; fileRef = FA5B341E1B00F23B009F2F95 /* BlogsRouter.swift */; };
		FA5B34211B00F345009F2F95 /* TrackTests.swift in Sources */ = {isa = PBXBuildFile; fileRef = FA5B34201B00F345009F2F95 /* TrackTests.swift */; };
		FA5B34231B00F3AA009F2F95 /* BlogTests.swift in Sources */ = {isa = PBXBuildFile; fileRef = FA5B34221B00F3AA009F2F95 /* BlogTests.swift */; };
		FA5B34271B00F558009F2F95 /* Fixtures.swift in Sources */ = {isa = PBXBuildFile; fileRef = FA5B34251B00F42C009F2F95 /* Fixtures.swift */; };
		FA5B34291B00F699009F2F95 /* Blogs.json in Resources */ = {isa = PBXBuildFile; fileRef = FA5B34281B00F699009F2F95 /* Blogs.json */; };
		FA5B342B1B00F6C8009F2F95 /* Blog.json in Resources */ = {isa = PBXBuildFile; fileRef = FA5B342A1B00F6C8009F2F95 /* Blog.json */; };
		FA5B342E1B00F86D009F2F95 /* ArtistsRouter.swift in Sources */ = {isa = PBXBuildFile; fileRef = FA5B342C1B00F869009F2F95 /* ArtistsRouter.swift */; };
		FA5B34301B00F934009F2F95 /* Artist.swift in Sources */ = {isa = PBXBuildFile; fileRef = FA5B342F1B00F934009F2F95 /* Artist.swift */; };
		FA5B34321B00FAC4009F2F95 /* ArtistTests.swift in Sources */ = {isa = PBXBuildFile; fileRef = FA5B34311B00FAC4009F2F95 /* ArtistTests.swift */; };
		FA5B34341B00FB25009F2F95 /* Artist.json in Resources */ = {isa = PBXBuildFile; fileRef = FA5B34331B00FB25009F2F95 /* Artist.json */; };
		FA5B34361B00FB30009F2F95 /* Artists.json in Resources */ = {isa = PBXBuildFile; fileRef = FA5B34351B00FB30009F2F95 /* Artists.json */; };
		FA5B34381B00FF11009F2F95 /* User.json in Resources */ = {isa = PBXBuildFile; fileRef = FA5B34371B00FF11009F2F95 /* User.json */; };
		FA5B343A1B00FF2B009F2F95 /* Users.json in Resources */ = {isa = PBXBuildFile; fileRef = FA5B34391B00FF2B009F2F95 /* Users.json */; };
		FA5B343C1B00FFAB009F2F95 /* UserTests.swift in Sources */ = {isa = PBXBuildFile; fileRef = FA5B343B1B00FFAB009F2F95 /* UserTests.swift */; };
		FA5B34401B01024C009F2F95 /* MeRouter.swift in Sources */ = {isa = PBXBuildFile; fileRef = FA5B343F1B01024C009F2F95 /* MeRouter.swift */; };
		FA5B34411B010251009F2F95 /* UsersRouter.swift in Sources */ = {isa = PBXBuildFile; fileRef = FA5B343D1B010075009F2F95 /* UsersRouter.swift */; };
		FA75E8231B563C180070FB1D /* String.swift in Sources */ = {isa = PBXBuildFile; fileRef = FA75E8221B563C180070FB1D /* String.swift */; };
		FA849A471BABA776004EACD8 /* Alamofire.framework in Frameworks */ = {isa = PBXBuildFile; fileRef = FA849A461BABA776004EACD8 /* Alamofire.framework */; };
		FA849A481BABC646004EACD8 /* Alamofire.framework in Frameworks */ = {isa = PBXBuildFile; fileRef = FA849A461BABA776004EACD8 /* Alamofire.framework */; };
		FABB1EBF1BABC7680068C03F /* Alamofire.framework in CopyFiles */ = {isa = PBXBuildFile; fileRef = FA849A461BABA776004EACD8 /* Alamofire.framework */; settings = {ATTRIBUTES = (CodeSignOnCopy, RemoveHeadersOnCopy, ); }; };
/* End PBXBuildFile section */

/* Begin PBXContainerItemProxy section */
		FA5B33E31AFF4FF6009F2F95 /* PBXContainerItemProxy */ = {
			isa = PBXContainerItemProxy;
			containerPortal = FA5B33CD1AFF4FF6009F2F95 /* Project object */;
			proxyType = 1;
			remoteGlobalIDString = FA5B33D51AFF4FF6009F2F95;
			remoteInfo = HypeMachineAPI;
		};
/* End PBXContainerItemProxy section */

/* Begin PBXCopyFilesBuildPhase section */
		FA4D19021B012B440043A040 /* CopyFiles */ = {
			isa = PBXCopyFilesBuildPhase;
			buildActionMask = 2147483647;
			dstPath = "";
			dstSubfolderSpec = 10;
			files = (
				FABB1EBF1BABC7680068C03F /* Alamofire.framework in CopyFiles */,
			);
			runOnlyForDeploymentPostprocessing = 0;
		};
/* End PBXCopyFilesBuildPhase section */

/* Begin PBXFileReference section */
		FA107A7E1B03E618006FA015 /* Requests.swift */ = {isa = PBXFileReference; fileEncoding = 4; lastKnownFileType = sourcecode.swift; path = Requests.swift; sourceTree = "<group>"; };
		FA107A801B03E7C8006FA015 /* BlogsRequests.swift */ = {isa = PBXFileReference; fileEncoding = 4; lastKnownFileType = sourcecode.swift; path = BlogsRequests.swift; sourceTree = "<group>"; };
		FA107A8F1B042811006FA015 /* TracksRequests.swift */ = {isa = PBXFileReference; fileEncoding = 4; lastKnownFileType = sourcecode.swift; path = TracksRequests.swift; sourceTree = "<group>"; };
		FA107A911B042938006FA015 /* ArtistsRequests.swift */ = {isa = PBXFileReference; fileEncoding = 4; lastKnownFileType = sourcecode.swift; lineEnding = 0; path = ArtistsRequests.swift; sourceTree = "<group>"; xcLanguageSpecificationIdentifier = xcode.lang.swift; };
		FA107A931B042A5D006FA015 /* TagsRequests.swift */ = {isa = PBXFileReference; fileEncoding = 4; lastKnownFileType = sourcecode.swift; lineEnding = 0; path = TagsRequests.swift; sourceTree = "<group>"; xcLanguageSpecificationIdentifier = xcode.lang.swift; };
		FA107A951B042BAD006FA015 /* UsersRequests.swift */ = {isa = PBXFileReference; fileEncoding = 4; lastKnownFileType = sourcecode.swift; path = UsersRequests.swift; sourceTree = "<group>"; };
		FA107A971B04494A006FA015 /* MeRequests.swift */ = {isa = PBXFileReference; fileEncoding = 4; lastKnownFileType = sourcecode.swift; lineEnding = 0; path = MeRequests.swift; sourceTree = "<group>"; xcLanguageSpecificationIdentifier = xcode.lang.swift; };
		FA107A991B044ED9006FA015 /* MiscRequests.swift */ = {isa = PBXFileReference; fileEncoding = 4; lastKnownFileType = sourcecode.swift; lineEnding = 0; path = MiscRequests.swift; sourceTree = "<group>"; xcLanguageSpecificationIdentifier = xcode.lang.swift; };
		FA107AA21B0459D2006FA015 /* Dictionary.swift */ = {isa = PBXFileReference; fileEncoding = 4; lastKnownFileType = sourcecode.swift; path = Dictionary.swift; sourceTree = "<group>"; };
		FA21C3C21B01078900C1EAA8 /* MiscRouter.swift */ = {isa = PBXFileReference; fileEncoding = 4; lastKnownFileType = sourcecode.swift; path = MiscRouter.swift; sourceTree = "<group>"; };
		FA277E451B31C937009254A0 /* README.md */ = {isa = PBXFileReference; fileEncoding = 4; lastKnownFileType = net.daringfireball.markdown; path = README.md; sourceTree = "<group>"; };
		FA277E471B31C941009254A0 /* Cartfile */ = {isa = PBXFileReference; fileEncoding = 4; lastKnownFileType = text; path = Cartfile; sourceTree = "<group>"; };
		FA277E491B31C966009254A0 /* LICENSE */ = {isa = PBXFileReference; fileEncoding = 4; lastKnownFileType = text; path = LICENSE; sourceTree = "<group>"; };
		FA277E4B1B31CE84009254A0 /* HypeMachineAPI.podspec */ = {isa = PBXFileReference; fileEncoding = 4; lastKnownFileType = text; path = HypeMachineAPI.podspec; sourceTree = "<group>"; };
		FA4D18EB1B0112BA0043A040 /* Tags.json */ = {isa = PBXFileReference; fileEncoding = 4; lastKnownFileType = text.json; path = Tags.json; sourceTree = "<group>"; };
		FA4D18EE1B0112F80043A040 /* TagTests.swift */ = {isa = PBXFileReference; fileEncoding = 4; lastKnownFileType = sourcecode.swift; lineEnding = 0; path = TagTests.swift; sourceTree = "<group>"; xcLanguageSpecificationIdentifier = xcode.lang.swift; };
		FA4D18F01B01132E0043A040 /* Tag.json */ = {isa = PBXFileReference; fileEncoding = 4; lastKnownFileType = text.json; path = Tag.json; sourceTree = "<group>"; };
		FA4D18F21B0114730043A040 /* TagsRouter.swift */ = {isa = PBXFileReference; fileEncoding = 4; lastKnownFileType = sourcecode.swift; path = TagsRouter.swift; sourceTree = "<group>"; };
		FA5B33D61AFF4FF6009F2F95 /* HypeMachineAPI.framework */ = {isa = PBXFileReference; explicitFileType = wrapper.framework; includeInIndex = 0; path = HypeMachineAPI.framework; sourceTree = BUILT_PRODUCTS_DIR; };
		FA5B33DA1AFF4FF6009F2F95 /* Info.plist */ = {isa = PBXFileReference; lastKnownFileType = text.plist.xml; path = Info.plist; sourceTree = "<group>"; };
		FA5B33DB1AFF4FF6009F2F95 /* HypeMachineAPI.h */ = {isa = PBXFileReference; lastKnownFileType = sourcecode.c.h; path = HypeMachineAPI.h; sourceTree = "<group>"; };
		FA5B33E11AFF4FF6009F2F95 /* HypeMachineAPITests.xctest */ = {isa = PBXFileReference; explicitFileType = wrapper.cfbundle; includeInIndex = 0; path = HypeMachineAPITests.xctest; sourceTree = BUILT_PRODUCTS_DIR; };
		FA5B33E71AFF4FF6009F2F95 /* Info.plist */ = {isa = PBXFileReference; lastKnownFileType = text.plist.xml; path = Info.plist; sourceTree = "<group>"; };
		FA5B33F41AFF5286009F2F95 /* HypeMachineAPI.swift */ = {isa = PBXFileReference; fileEncoding = 4; lastKnownFileType = sourcecode.swift; path = HypeMachineAPI.swift; sourceTree = "<group>"; };
		FA5B33F71AFF540F009F2F95 /* Blog.swift */ = {isa = PBXFileReference; fileEncoding = 4; lastKnownFileType = sourcecode.swift; lineEnding = 0; path = Blog.swift; sourceTree = "<group>"; xcLanguageSpecificationIdentifier = xcode.lang.swift; };
		FA5B33F91AFF5414009F2F95 /* User.swift */ = {isa = PBXFileReference; fileEncoding = 4; lastKnownFileType = sourcecode.swift; path = User.swift; sourceTree = "<group>"; };
		FA5B33FB1AFF5419009F2F95 /* Tag.swift */ = {isa = PBXFileReference; fileEncoding = 4; lastKnownFileType = sourcecode.swift; lineEnding = 0; path = Tag.swift; sourceTree = "<group>"; xcLanguageSpecificationIdentifier = xcode.lang.swift; };
		FA5B340A1AFF5447009F2F95 /* Track.swift */ = {isa = PBXFileReference; fileEncoding = 4; lastKnownFileType = sourcecode.swift; lineEnding = 0; path = Track.swift; sourceTree = "<group>"; xcLanguageSpecificationIdentifier = xcode.lang.swift; };
		FA5B340E1AFF54D5009F2F95 /* Request.swift */ = {isa = PBXFileReference; fileEncoding = 4; lastKnownFileType = sourcecode.swift; lineEnding = 0; path = Request.swift; sourceTree = "<group>"; xcLanguageSpecificationIdentifier = xcode.lang.swift; };
		FA5B34111B002013009F2F95 /* Router.swift */ = {isa = PBXFileReference; fileEncoding = 4; lastKnownFileType = sourcecode.swift; path = Router.swift; sourceTree = "<group>"; };
		FA5B34131B002061009F2F95 /* TracksRouter.swift */ = {isa = PBXFileReference; fileEncoding = 4; lastKnownFileType = sourcecode.swift; path = TracksRouter.swift; sourceTree = "<group>"; };
		FA5B34181B008BA2009F2F95 /* Track.json */ = {isa = PBXFileReference; fileEncoding = 4; lastKnownFileType = text.json; path = Track.json; sourceTree = "<group>"; };
		FA5B341B1B008F6A009F2F95 /* Tracks.json */ = {isa = PBXFileReference; fileEncoding = 4; lastKnownFileType = text.json; path = Tracks.json; sourceTree = "<group>"; };
		FA5B341E1B00F23B009F2F95 /* BlogsRouter.swift */ = {isa = PBXFileReference; fileEncoding = 4; lastKnownFileType = sourcecode.swift; path = BlogsRouter.swift; sourceTree = "<group>"; };
		FA5B34201B00F345009F2F95 /* TrackTests.swift */ = {isa = PBXFileReference; fileEncoding = 4; lastKnownFileType = sourcecode.swift; path = TrackTests.swift; sourceTree = "<group>"; };
		FA5B34221B00F3AA009F2F95 /* BlogTests.swift */ = {isa = PBXFileReference; fileEncoding = 4; lastKnownFileType = sourcecode.swift; lineEnding = 0; path = BlogTests.swift; sourceTree = "<group>"; xcLanguageSpecificationIdentifier = xcode.lang.swift; };
		FA5B34251B00F42C009F2F95 /* Fixtures.swift */ = {isa = PBXFileReference; fileEncoding = 4; lastKnownFileType = sourcecode.swift; path = Fixtures.swift; sourceTree = "<group>"; };
		FA5B34281B00F699009F2F95 /* Blogs.json */ = {isa = PBXFileReference; fileEncoding = 4; lastKnownFileType = text.json; path = Blogs.json; sourceTree = "<group>"; };
		FA5B342A1B00F6C8009F2F95 /* Blog.json */ = {isa = PBXFileReference; fileEncoding = 4; lastKnownFileType = text.json; path = Blog.json; sourceTree = "<group>"; };
		FA5B342C1B00F869009F2F95 /* ArtistsRouter.swift */ = {isa = PBXFileReference; fileEncoding = 4; lastKnownFileType = sourcecode.swift; path = ArtistsRouter.swift; sourceTree = "<group>"; };
		FA5B342F1B00F934009F2F95 /* Artist.swift */ = {isa = PBXFileReference; fileEncoding = 4; lastKnownFileType = sourcecode.swift; lineEnding = 0; path = Artist.swift; sourceTree = "<group>"; xcLanguageSpecificationIdentifier = xcode.lang.swift; };
		FA5B34311B00FAC4009F2F95 /* ArtistTests.swift */ = {isa = PBXFileReference; fileEncoding = 4; lastKnownFileType = sourcecode.swift; lineEnding = 0; path = ArtistTests.swift; sourceTree = "<group>"; xcLanguageSpecificationIdentifier = xcode.lang.swift; };
		FA5B34331B00FB25009F2F95 /* Artist.json */ = {isa = PBXFileReference; fileEncoding = 4; lastKnownFileType = text.json; path = Artist.json; sourceTree = "<group>"; };
		FA5B34351B00FB30009F2F95 /* Artists.json */ = {isa = PBXFileReference; fileEncoding = 4; lastKnownFileType = text.json; path = Artists.json; sourceTree = "<group>"; };
		FA5B34371B00FF11009F2F95 /* User.json */ = {isa = PBXFileReference; fileEncoding = 4; lastKnownFileType = text.json; path = User.json; sourceTree = "<group>"; };
		FA5B34391B00FF2B009F2F95 /* Users.json */ = {isa = PBXFileReference; fileEncoding = 4; lastKnownFileType = text.json; path = Users.json; sourceTree = "<group>"; };
		FA5B343B1B00FFAB009F2F95 /* UserTests.swift */ = {isa = PBXFileReference; fileEncoding = 4; lastKnownFileType = sourcecode.swift; path = UserTests.swift; sourceTree = "<group>"; };
		FA5B343D1B010075009F2F95 /* UsersRouter.swift */ = {isa = PBXFileReference; fileEncoding = 4; lastKnownFileType = sourcecode.swift; path = UsersRouter.swift; sourceTree = "<group>"; };
		FA5B343F1B01024C009F2F95 /* MeRouter.swift */ = {isa = PBXFileReference; fileEncoding = 4; lastKnownFileType = sourcecode.swift; path = MeRouter.swift; sourceTree = "<group>"; };
		FA75E8221B563C180070FB1D /* String.swift */ = {isa = PBXFileReference; fileEncoding = 4; lastKnownFileType = sourcecode.swift; path = String.swift; sourceTree = "<group>"; };
		FA849A461BABA776004EACD8 /* Alamofire.framework */ = {isa = PBXFileReference; lastKnownFileType = wrapper.framework; name = Alamofire.framework; path = Carthage/Build/Mac/Alamofire.framework; sourceTree = "<group>"; };
/* End PBXFileReference section */

/* Begin PBXFrameworksBuildPhase section */
		FA5B33D21AFF4FF6009F2F95 /* Frameworks */ = {
			isa = PBXFrameworksBuildPhase;
			buildActionMask = 2147483647;
			files = (
				FA849A471BABA776004EACD8 /* Alamofire.framework in Frameworks */,
			);
			runOnlyForDeploymentPostprocessing = 0;
		};
		FA5B33DE1AFF4FF6009F2F95 /* Frameworks */ = {
			isa = PBXFrameworksBuildPhase;
			buildActionMask = 2147483647;
			files = (
				FA5B33E21AFF4FF6009F2F95 /* HypeMachineAPI.framework in Frameworks */,
				FA849A481BABC646004EACD8 /* Alamofire.framework in Frameworks */,
			);
			runOnlyForDeploymentPostprocessing = 0;
		};
/* End PBXFrameworksBuildPhase section */

/* Begin PBXGroup section */
		FA107A7D1B03E5EA006FA015 /* Requests */ = {
			isa = PBXGroup;
			children = (
				FA107A7E1B03E618006FA015 /* Requests.swift */,
				FA107A801B03E7C8006FA015 /* BlogsRequests.swift */,
				FA107A8F1B042811006FA015 /* TracksRequests.swift */,
				FA107A911B042938006FA015 /* ArtistsRequests.swift */,
				FA107A931B042A5D006FA015 /* TagsRequests.swift */,
				FA107A951B042BAD006FA015 /* UsersRequests.swift */,
				FA107A971B04494A006FA015 /* MeRequests.swift */,
				FA107A991B044ED9006FA015 /* MiscRequests.swift */,
			);
			name = Requests;
			sourceTree = "<group>";
		};
		FA4D18F41B0115830043A040 /* Models */ = {
			isa = PBXGroup;
			children = (
				FA5B34221B00F3AA009F2F95 /* BlogTests.swift */,
				FA5B34201B00F345009F2F95 /* TrackTests.swift */,
				FA5B34311B00FAC4009F2F95 /* ArtistTests.swift */,
				FA4D18EE1B0112F80043A040 /* TagTests.swift */,
				FA5B343B1B00FFAB009F2F95 /* UserTests.swift */,
			);
			name = Models;
			sourceTree = "<group>";
		};
		FA4D18FF1B0129C20043A040 /* Frameworks */ = {
			isa = PBXGroup;
			children = (
				FA849A461BABA776004EACD8 /* Alamofire.framework */,
			);
			name = Frameworks;
			sourceTree = "<group>";
		};
		FA5B33CC1AFF4FF6009F2F95 = {
			isa = PBXGroup;
			children = (
				FA5B33D81AFF4FF6009F2F95 /* Source */,
				FA5B33E51AFF4FF6009F2F95 /* Tests */,
				FA5B33D71AFF4FF6009F2F95 /* Products */,
				FA4D18FF1B0129C20043A040 /* Frameworks */,
				FA277E451B31C937009254A0 /* README.md */,
				FA277E491B31C966009254A0 /* LICENSE */,
				FA277E471B31C941009254A0 /* Cartfile */,
				FA277E4B1B31CE84009254A0 /* HypeMachineAPI.podspec */,
			);
			sourceTree = "<group>";
		};
		FA5B33D71AFF4FF6009F2F95 /* Products */ = {
			isa = PBXGroup;
			children = (
				FA5B33D61AFF4FF6009F2F95 /* HypeMachineAPI.framework */,
				FA5B33E11AFF4FF6009F2F95 /* HypeMachineAPITests.xctest */,
			);
			name = Products;
			sourceTree = "<group>";
		};
		FA5B33D81AFF4FF6009F2F95 /* Source */ = {
			isa = PBXGroup;
			children = (
				FA5B33DB1AFF4FF6009F2F95 /* HypeMachineAPI.h */,
				FA5B33F41AFF5286009F2F95 /* HypeMachineAPI.swift */,
				FA5B33F61AFF53E2009F2F95 /* Models */,
				FA5B34101B001FBD009F2F95 /* Routers */,
				FA107A7D1B03E5EA006FA015 /* Requests */,
				FA5B340C1AFF54B8009F2F95 /* Extensions */,
				FA5B33D91AFF4FF6009F2F95 /* Supporting Files */,
			);
			path = Source;
			sourceTree = "<group>";
		};
		FA5B33D91AFF4FF6009F2F95 /* Supporting Files */ = {
			isa = PBXGroup;
			children = (
				FA5B33DA1AFF4FF6009F2F95 /* Info.plist */,
			);
			name = "Supporting Files";
			sourceTree = "<group>";
		};
		FA5B33E51AFF4FF6009F2F95 /* Tests */ = {
			isa = PBXGroup;
			children = (
				FA4D18F41B0115830043A040 /* Models */,
				FA5B34241B00F404009F2F95 /* Helpers */,
				FA5B34171B008B7E009F2F95 /* Response Fixtures */,
				FA5B33E61AFF4FF6009F2F95 /* Supporting Files */,
			);
			path = Tests;
			sourceTree = "<group>";
		};
		FA5B33E61AFF4FF6009F2F95 /* Supporting Files */ = {
			isa = PBXGroup;
			children = (
				FA5B33E71AFF4FF6009F2F95 /* Info.plist */,
			);
			name = "Supporting Files";
			sourceTree = "<group>";
		};
		FA5B33F61AFF53E2009F2F95 /* Models */ = {
			isa = PBXGroup;
			children = (
				FA5B33F71AFF540F009F2F95 /* Blog.swift */,
				FA5B340A1AFF5447009F2F95 /* Track.swift */,
				FA5B342F1B00F934009F2F95 /* Artist.swift */,
				FA5B33FB1AFF5419009F2F95 /* Tag.swift */,
				FA5B33F91AFF5414009F2F95 /* User.swift */,
			);
			name = Models;
			sourceTree = "<group>";
		};
		FA5B340C1AFF54B8009F2F95 /* Extensions */ = {
			isa = PBXGroup;
			children = (
				FA5B340D1AFF54C0009F2F95 /* Alamofire */,
				FA107AA21B0459D2006FA015 /* Dictionary.swift */,
				FA75E8221B563C180070FB1D /* String.swift */,
			);
			name = Extensions;
			sourceTree = "<group>";
		};
		FA5B340D1AFF54C0009F2F95 /* Alamofire */ = {
			isa = PBXGroup;
			children = (
				FA5B340E1AFF54D5009F2F95 /* Request.swift */,
			);
			name = Alamofire;
			sourceTree = "<group>";
		};
		FA5B34101B001FBD009F2F95 /* Routers */ = {
			isa = PBXGroup;
			children = (
				FA5B34111B002013009F2F95 /* Router.swift */,
				FA5B341E1B00F23B009F2F95 /* BlogsRouter.swift */,
				FA5B34131B002061009F2F95 /* TracksRouter.swift */,
				FA5B342C1B00F869009F2F95 /* ArtistsRouter.swift */,
				FA4D18F21B0114730043A040 /* TagsRouter.swift */,
				FA5B343D1B010075009F2F95 /* UsersRouter.swift */,
				FA5B343F1B01024C009F2F95 /* MeRouter.swift */,
				FA21C3C21B01078900C1EAA8 /* MiscRouter.swift */,
			);
			name = Routers;
			sourceTree = "<group>";
		};
		FA5B34171B008B7E009F2F95 /* Response Fixtures */ = {
			isa = PBXGroup;
			children = (
				FA5B342A1B00F6C8009F2F95 /* Blog.json */,
				FA5B34281B00F699009F2F95 /* Blogs.json */,
				FA5B34181B008BA2009F2F95 /* Track.json */,
				FA5B341B1B008F6A009F2F95 /* Tracks.json */,
				FA5B34331B00FB25009F2F95 /* Artist.json */,
				FA5B34351B00FB30009F2F95 /* Artists.json */,
				FA4D18F01B01132E0043A040 /* Tag.json */,
				FA4D18EB1B0112BA0043A040 /* Tags.json */,
				FA5B34371B00FF11009F2F95 /* User.json */,
				FA5B34391B00FF2B009F2F95 /* Users.json */,
			);
			name = "Response Fixtures";
			sourceTree = "<group>";
		};
		FA5B34241B00F404009F2F95 /* Helpers */ = {
			isa = PBXGroup;
			children = (
				FA5B34251B00F42C009F2F95 /* Fixtures.swift */,
			);
			name = Helpers;
			sourceTree = "<group>";
		};
/* End PBXGroup section */

/* Begin PBXHeadersBuildPhase section */
		FA5B33D31AFF4FF6009F2F95 /* Headers */ = {
			isa = PBXHeadersBuildPhase;
			buildActionMask = 2147483647;
			files = (
				FA5B33DC1AFF4FF6009F2F95 /* HypeMachineAPI.h in Headers */,
			);
			runOnlyForDeploymentPostprocessing = 0;
		};
/* End PBXHeadersBuildPhase section */

/* Begin PBXNativeTarget section */
		FA5B33D51AFF4FF6009F2F95 /* HypeMachineAPI */ = {
			isa = PBXNativeTarget;
			buildConfigurationList = FA5B33EC1AFF4FF6009F2F95 /* Build configuration list for PBXNativeTarget "HypeMachineAPI" */;
			buildPhases = (
				FA5B33D11AFF4FF6009F2F95 /* Sources */,
				FA5B33D21AFF4FF6009F2F95 /* Frameworks */,
				FA5B33D31AFF4FF6009F2F95 /* Headers */,
				FA5B33D41AFF4FF6009F2F95 /* Resources */,
			);
			buildRules = (
			);
			dependencies = (
			);
			name = HypeMachineAPI;
			productName = HypeMachineAPI;
			productReference = FA5B33D61AFF4FF6009F2F95 /* HypeMachineAPI.framework */;
			productType = "com.apple.product-type.framework";
		};
		FA5B33E01AFF4FF6009F2F95 /* HypeMachineAPITests */ = {
			isa = PBXNativeTarget;
			buildConfigurationList = FA5B33EF1AFF4FF6009F2F95 /* Build configuration list for PBXNativeTarget "HypeMachineAPITests" */;
			buildPhases = (
				FA5B33DD1AFF4FF6009F2F95 /* Sources */,
				FA5B33DE1AFF4FF6009F2F95 /* Frameworks */,
				FA5B33DF1AFF4FF6009F2F95 /* Resources */,
				FA4D19021B012B440043A040 /* CopyFiles */,
			);
			buildRules = (
			);
			dependencies = (
				FA5B33E41AFF4FF6009F2F95 /* PBXTargetDependency */,
			);
			name = HypeMachineAPITests;
			productName = HypeMachineAPITests;
			productReference = FA5B33E11AFF4FF6009F2F95 /* HypeMachineAPITests.xctest */;
			productType = "com.apple.product-type.bundle.unit-test";
		};
/* End PBXNativeTarget section */

/* Begin PBXProject section */
		FA5B33CD1AFF4FF6009F2F95 /* Project object */ = {
			isa = PBXProject;
			attributes = {
				LastSwiftMigration = 0700;
				LastSwiftUpdateCheck = 0700;
				LastUpgradeCheck = 0700;
				ORGANIZATIONNAME = Plug;
				TargetAttributes = {
					FA5B33D51AFF4FF6009F2F95 = {
						CreatedOnToolsVersion = 6.3.1;
						DevelopmentTeam = XM22JRGFT9;
					};
					FA5B33E01AFF4FF6009F2F95 = {
						CreatedOnToolsVersion = 6.3.1;
					};
				};
			};
			buildConfigurationList = FA5B33D01AFF4FF6009F2F95 /* Build configuration list for PBXProject "HypeMachineAPI" */;
			compatibilityVersion = "Xcode 3.2";
			developmentRegion = English;
			hasScannedForEncodings = 0;
			knownRegions = (
				en,
			);
			mainGroup = FA5B33CC1AFF4FF6009F2F95;
			productRefGroup = FA5B33D71AFF4FF6009F2F95 /* Products */;
			projectDirPath = "";
			projectRoot = "";
			targets = (
				FA5B33D51AFF4FF6009F2F95 /* HypeMachineAPI */,
				FA5B33E01AFF4FF6009F2F95 /* HypeMachineAPITests */,
			);
		};
/* End PBXProject section */

/* Begin PBXResourcesBuildPhase section */
		FA5B33D41AFF4FF6009F2F95 /* Resources */ = {
			isa = PBXResourcesBuildPhase;
			buildActionMask = 2147483647;
			files = (
				FA277E4C1B31CE84009254A0 /* HypeMachineAPI.podspec in Resources */,
				FA277E4A1B31C966009254A0 /* LICENSE in Resources */,
				FA277E481B31C941009254A0 /* Cartfile in Resources */,
			);
			runOnlyForDeploymentPostprocessing = 0;
		};
		FA5B33DF1AFF4FF6009F2F95 /* Resources */ = {
			isa = PBXResourcesBuildPhase;
			buildActionMask = 2147483647;
			files = (
				FA5B34341B00FB25009F2F95 /* Artist.json in Resources */,
				FA5B341A1B008DC4009F2F95 /* Track.json in Resources */,
				FA5B342B1B00F6C8009F2F95 /* Blog.json in Resources */,
				FA5B34381B00FF11009F2F95 /* User.json in Resources */,
				FA4D18F11B01132E0043A040 /* Tag.json in Resources */,
				FA5B343A1B00FF2B009F2F95 /* Users.json in Resources */,
				FA5B34291B00F699009F2F95 /* Blogs.json in Resources */,
				FA4D18ED1B0112C10043A040 /* Tags.json in Resources */,
				FA5B34361B00FB30009F2F95 /* Artists.json in Resources */,
				FA5B341D1B009052009F2F95 /* Tracks.json in Resources */,
			);
			runOnlyForDeploymentPostprocessing = 0;
		};
/* End PBXResourcesBuildPhase section */

/* Begin PBXSourcesBuildPhase section */
		FA5B33D11AFF4FF6009F2F95 /* Sources */ = {
			isa = PBXSourcesBuildPhase;
			buildActionMask = 2147483647;
			files = (
				FA5B33FA1AFF5414009F2F95 /* User.swift in Sources */,
				FA5B340B1AFF5447009F2F95 /* Track.swift in Sources */,
				FA107AA31B0459D2006FA015 /* Dictionary.swift in Sources */,
				FA75E8231B563C180070FB1D /* String.swift in Sources */,
				FA107A9A1B044ED9006FA015 /* MiscRequests.swift in Sources */,
				FA107A941B042A5D006FA015 /* TagsRequests.swift in Sources */,
				FA107A961B042BAD006FA015 /* UsersRequests.swift in Sources */,
				FA5B34411B010251009F2F95 /* UsersRouter.swift in Sources */,
				FA5B341F1B00F23B009F2F95 /* BlogsRouter.swift in Sources */,
				FA107A7F1B03E618006FA015 /* Requests.swift in Sources */,
				FA5B33F51AFF5286009F2F95 /* HypeMachineAPI.swift in Sources */,
				FA5B342E1B00F86D009F2F95 /* ArtistsRouter.swift in Sources */,
				FA5B33F81AFF540F009F2F95 /* Blog.swift in Sources */,
				FA5B33FC1AFF5419009F2F95 /* Tag.swift in Sources */,
				FA5B340F1AFF54D5009F2F95 /* Request.swift in Sources */,
				FA107A811B03E7C8006FA015 /* BlogsRequests.swift in Sources */,
				FA21C3C31B01078900C1EAA8 /* MiscRouter.swift in Sources */,
				FA5B34401B01024C009F2F95 /* MeRouter.swift in Sources */,
				FA5B34301B00F934009F2F95 /* Artist.swift in Sources */,
				FA107A901B042811006FA015 /* TracksRequests.swift in Sources */,
				FA4D18F31B0114730043A040 /* TagsRouter.swift in Sources */,
				FA107A981B04494A006FA015 /* MeRequests.swift in Sources */,
				FA5B34121B002013009F2F95 /* Router.swift in Sources */,
				FA107A921B042938006FA015 /* ArtistsRequests.swift in Sources */,
				FA5B34141B002061009F2F95 /* TracksRouter.swift in Sources */,
			);
			runOnlyForDeploymentPostprocessing = 0;
		};
		FA5B33DD1AFF4FF6009F2F95 /* Sources */ = {
			isa = PBXSourcesBuildPhase;
			buildActionMask = 2147483647;
			files = (
				FA5B34211B00F345009F2F95 /* TrackTests.swift in Sources */,
				FA5B34231B00F3AA009F2F95 /* BlogTests.swift in Sources */,
				FA4D18EF1B0112F80043A040 /* TagTests.swift in Sources */,
				FA5B343C1B00FFAB009F2F95 /* UserTests.swift in Sources */,
				FA5B34321B00FAC4009F2F95 /* ArtistTests.swift in Sources */,
				FA5B34271B00F558009F2F95 /* Fixtures.swift in Sources */,
			);
			runOnlyForDeploymentPostprocessing = 0;
		};
/* End PBXSourcesBuildPhase section */

/* Begin PBXTargetDependency section */
		FA5B33E41AFF4FF6009F2F95 /* PBXTargetDependency */ = {
			isa = PBXTargetDependency;
			target = FA5B33D51AFF4FF6009F2F95 /* HypeMachineAPI */;
			targetProxy = FA5B33E31AFF4FF6009F2F95 /* PBXContainerItemProxy */;
		};
/* End PBXTargetDependency section */

/* Begin XCBuildConfiguration section */
		FA5B33EA1AFF4FF6009F2F95 /* Debug */ = {
			isa = XCBuildConfiguration;
			buildSettings = {
				ALWAYS_SEARCH_USER_PATHS = NO;
				CLANG_CXX_LANGUAGE_STANDARD = "gnu++0x";
				CLANG_CXX_LIBRARY = "libc++";
				CLANG_ENABLE_MODULES = YES;
				CLANG_ENABLE_OBJC_ARC = YES;
				CLANG_WARN_BOOL_CONVERSION = YES;
				CLANG_WARN_CONSTANT_CONVERSION = YES;
				CLANG_WARN_DIRECT_OBJC_ISA_USAGE = YES_ERROR;
				CLANG_WARN_EMPTY_BODY = YES;
				CLANG_WARN_ENUM_CONVERSION = YES;
				CLANG_WARN_INT_CONVERSION = YES;
				CLANG_WARN_OBJC_ROOT_CLASS = YES_ERROR;
				CLANG_WARN_UNREACHABLE_CODE = YES;
				CLANG_WARN__DUPLICATE_METHOD_MATCH = YES;
				COPY_PHASE_STRIP = NO;
				CURRENT_PROJECT_VERSION = 1;
				DEBUG_INFORMATION_FORMAT = dwarf;
				ENABLE_STRICT_OBJC_MSGSEND = YES;
				ENABLE_TESTABILITY = YES;
				GCC_C_LANGUAGE_STANDARD = gnu99;
				GCC_DYNAMIC_NO_PIC = NO;
				GCC_NO_COMMON_BLOCKS = YES;
				GCC_OPTIMIZATION_LEVEL = 0;
				GCC_PREPROCESSOR_DEFINITIONS = (
					"DEBUG=1",
					"$(inherited)",
				);
				GCC_SYMBOLS_PRIVATE_EXTERN = NO;
				GCC_WARN_64_TO_32_BIT_CONVERSION = YES;
				GCC_WARN_ABOUT_RETURN_TYPE = YES_ERROR;
				GCC_WARN_UNDECLARED_SELECTOR = YES;
				GCC_WARN_UNINITIALIZED_AUTOS = YES_AGGRESSIVE;
				GCC_WARN_UNUSED_FUNCTION = YES;
				GCC_WARN_UNUSED_VARIABLE = YES;
				MACOSX_DEPLOYMENT_TARGET = 10.10;
				MTL_ENABLE_DEBUG_INFO = YES;
				ONLY_ACTIVE_ARCH = YES;
				SDKROOT = macosx;
				SWIFT_OPTIMIZATION_LEVEL = "-Onone";
				VERSIONING_SYSTEM = "apple-generic";
				VERSION_INFO_PREFIX = "";
			};
			name = Debug;
		};
		FA5B33EB1AFF4FF6009F2F95 /* Release */ = {
			isa = XCBuildConfiguration;
			buildSettings = {
				ALWAYS_SEARCH_USER_PATHS = NO;
				CLANG_CXX_LANGUAGE_STANDARD = "gnu++0x";
				CLANG_CXX_LIBRARY = "libc++";
				CLANG_ENABLE_MODULES = YES;
				CLANG_ENABLE_OBJC_ARC = YES;
				CLANG_WARN_BOOL_CONVERSION = YES;
				CLANG_WARN_CONSTANT_CONVERSION = YES;
				CLANG_WARN_DIRECT_OBJC_ISA_USAGE = YES_ERROR;
				CLANG_WARN_EMPTY_BODY = YES;
				CLANG_WARN_ENUM_CONVERSION = YES;
				CLANG_WARN_INT_CONVERSION = YES;
				CLANG_WARN_OBJC_ROOT_CLASS = YES_ERROR;
				CLANG_WARN_UNREACHABLE_CODE = YES;
				CLANG_WARN__DUPLICATE_METHOD_MATCH = YES;
				COPY_PHASE_STRIP = NO;
				CURRENT_PROJECT_VERSION = 1;
				DEBUG_INFORMATION_FORMAT = "dwarf-with-dsym";
				ENABLE_NS_ASSERTIONS = NO;
				ENABLE_STRICT_OBJC_MSGSEND = YES;
				GCC_C_LANGUAGE_STANDARD = gnu99;
				GCC_NO_COMMON_BLOCKS = YES;
				GCC_WARN_64_TO_32_BIT_CONVERSION = YES;
				GCC_WARN_ABOUT_RETURN_TYPE = YES_ERROR;
				GCC_WARN_UNDECLARED_SELECTOR = YES;
				GCC_WARN_UNINITIALIZED_AUTOS = YES_AGGRESSIVE;
				GCC_WARN_UNUSED_FUNCTION = YES;
				GCC_WARN_UNUSED_VARIABLE = YES;
				MACOSX_DEPLOYMENT_TARGET = 10.10;
				MTL_ENABLE_DEBUG_INFO = NO;
				SDKROOT = macosx;
				VERSIONING_SYSTEM = "apple-generic";
				VERSION_INFO_PREFIX = "";
			};
			name = Release;
		};
		FA5B33ED1AFF4FF6009F2F95 /* Debug */ = {
			isa = XCBuildConfiguration;
			buildSettings = {
				APPLICATION_EXTENSION_API_ONLY = YES;
				CLANG_ENABLE_MODULES = YES;
				COMBINE_HIDPI_IMAGES = YES;
				DEFINES_MODULE = YES;
				DYLIB_COMPATIBILITY_VERSION = 1;
				DYLIB_CURRENT_VERSION = 1;
				DYLIB_INSTALL_NAME_BASE = "@rpath";
				EMBEDDED_CONTENT_CONTAINS_SWIFT = NO;
				FRAMEWORK_SEARCH_PATHS = (
					"$(inherited)",
					"$(PROJECT_DIR)/Carthage/Build/Mac",
					"$(PROJECT_DIR)/Carthage/Build/iOS",
				);
				FRAMEWORK_VERSION = A;
				INFOPLIST_FILE = Source/Info.plist;
				INSTALL_PATH = "$(LOCAL_LIBRARY_DIR)/Frameworks";
				LD_RUNPATH_SEARCH_PATHS = "$(inherited) @executable_path/../Frameworks @loader_path/Frameworks";
				PRODUCT_BUNDLE_IDENTIFIER = "com.Plug.$(PRODUCT_NAME:rfc1034identifier)";
				PRODUCT_NAME = "$(TARGET_NAME)";
				SKIP_INSTALL = YES;
				SWIFT_OPTIMIZATION_LEVEL = "-Onone";
			};
			name = Debug;
		};
		FA5B33EE1AFF4FF6009F2F95 /* Release */ = {
			isa = XCBuildConfiguration;
			buildSettings = {
				APPLICATION_EXTENSION_API_ONLY = YES;
				CLANG_ENABLE_MODULES = YES;
				COMBINE_HIDPI_IMAGES = YES;
				DEFINES_MODULE = YES;
				DYLIB_COMPATIBILITY_VERSION = 1;
				DYLIB_CURRENT_VERSION = 1;
				DYLIB_INSTALL_NAME_BASE = "@rpath";
				EMBEDDED_CONTENT_CONTAINS_SWIFT = NO;
				FRAMEWORK_SEARCH_PATHS = (
					"$(inherited)",
					"$(PROJECT_DIR)/Carthage/Build/Mac",
					"$(PROJECT_DIR)/Carthage/Build/iOS",
				);
				FRAMEWORK_VERSION = A;
				INFOPLIST_FILE = Source/Info.plist;
				INSTALL_PATH = "$(LOCAL_LIBRARY_DIR)/Frameworks";
				LD_RUNPATH_SEARCH_PATHS = "$(inherited) @executable_path/../Frameworks @loader_path/Frameworks";
				PRODUCT_BUNDLE_IDENTIFIER = "com.Plug.$(PRODUCT_NAME:rfc1034identifier)";
				PRODUCT_NAME = "$(TARGET_NAME)";
				SKIP_INSTALL = YES;
			};
			name = Release;
		};
		FA5B33F01AFF4FF6009F2F95 /* Debug */ = {
			isa = XCBuildConfiguration;
			buildSettings = {
				COMBINE_HIDPI_IMAGES = YES;
				FRAMEWORK_SEARCH_PATHS = (
					"$(DEVELOPER_FRAMEWORKS_DIR)",
					"$(inherited)",
					"$(PROJECT_DIR)/Carthage/Build/Mac",
				);
				GCC_PREPROCESSOR_DEFINITIONS = (
					"DEBUG=1",
					"$(inherited)",
				);
				INFOPLIST_FILE = Tests/Info.plist;
				LD_RUNPATH_SEARCH_PATHS = "$(inherited) @executable_path/../Frameworks @loader_path/../Frameworks";
				ONLY_ACTIVE_ARCH = YES;
				PRODUCT_BUNDLE_IDENTIFIER = "com.Plug.$(PRODUCT_NAME:rfc1034identifier)";
				PRODUCT_NAME = "$(TARGET_NAME)";
			};
			name = Debug;
		};
		FA5B33F11AFF4FF6009F2F95 /* Release */ = {
			isa = XCBuildConfiguration;
			buildSettings = {
				COMBINE_HIDPI_IMAGES = YES;
				FRAMEWORK_SEARCH_PATHS = (
					"$(DEVELOPER_FRAMEWORKS_DIR)",
					"$(inherited)",
					"$(PROJECT_DIR)/Carthage/Build/Mac",
				);
				INFOPLIST_FILE = Tests/Info.plist;
				LD_RUNPATH_SEARCH_PATHS = "$(inherited) @executable_path/../Frameworks @loader_path/../Frameworks";
				PRODUCT_BUNDLE_IDENTIFIER = "com.Plug.$(PRODUCT_NAME:rfc1034identifier)";
				PRODUCT_NAME = "$(TARGET_NAME)";
			};
			name = Release;
		};
/* End XCBuildConfiguration section */

/* Begin XCConfigurationList section */
		FA5B33D01AFF4FF6009F2F95 /* Build configuration list for PBXProject "HypeMachineAPI" */ = {
			isa = XCConfigurationList;
			buildConfigurations = (
				FA5B33EA1AFF4FF6009F2F95 /* Debug */,
				FA5B33EB1AFF4FF6009F2F95 /* Release */,
			);
			defaultConfigurationIsVisible = 0;
			defaultConfigurationName = Release;
		};
		FA5B33EC1AFF4FF6009F2F95 /* Build configuration list for PBXNativeTarget "HypeMachineAPI" */ = {
			isa = XCConfigurationList;
			buildConfigurations = (
				FA5B33ED1AFF4FF6009F2F95 /* Debug */,
				FA5B33EE1AFF4FF6009F2F95 /* Release */,
			);
			defaultConfigurationIsVisible = 0;
			defaultConfigurationName = Release;
		};
		FA5B33EF1AFF4FF6009F2F95 /* Build configuration list for PBXNativeTarget "HypeMachineAPITests" */ = {
			isa = XCConfigurationList;
			buildConfigurations = (
				FA5B33F01AFF4FF6009F2F95 /* Debug */,
				FA5B33F11AFF4FF6009F2F95 /* Release */,
			);
			defaultConfigurationIsVisible = 0;
			defaultConfigurationName = Release;
		};
/* End XCConfigurationList section */
	};
	rootObject = FA5B33CD1AFF4FF6009F2F95 /* Project object */;
}
