{
  "object": {
    "pins": [
      {
        "package": "Alamofire",
        "repositoryURL": "https://github.com/Alamofire/Alamofire",
        "state": {
          "branch": null,
          "revision": "747c8db8d57b68d5e35275f10c92d55f982adbd4",
          "version": "4.9.1"
        }
      },
      {
        "package": "Sentry",
        "repositoryURL": "https://github.com/getsentry/sentry-cocoa",
        "state": {
          "branch": null,
          "revision": "f7c3de2d9fc09d7a61f7259521d97091fb2f8bda",
          "version": "7.1.3"
        }
      },
      {
        "package": "SnapKit",
        "repositoryURL": "https://github.com/SnapKit/SnapKit",
        "state": {
          "branch": null,
          "revision": "d458564516e5676af9c70b4f4b2a9178294f1bc6",
          "version": "5.0.1"
        }
      }
    ]
  },
  "version": 1
}
